PODS:
  - Alamofire (5.6.2)
  - IQKeyboardManagerSwift (6.5.10)
  - lottie-ios (3.5.0)
  - LZViewPager (1.2.5):
    - SnapKit (~> 5.0.0)
  - SCPageControl (0.4.0)
  - SDWebImage (5.13.4):
    - SDWebImage/Core (= 5.13.4)
  - SDWebImage/Core (5.13.4)
  - SnapKit (5.0.1)
  - SwiftPhoneNumberFormatter (1.5)
  - SwiftyJSON (5.0.1)
  - TabPageViewController (0.2.8)

DEPENDENCIES:
  - Alamofire
  - IQKeyboardManagerSwift
  - lottie-ios (~> 3.0)
  - LZViewPager (~> 1.2.5)
  - SCPageControl
  - SDWebImage
  - SwiftPhoneNumberFormatter
  - SwiftyJSON
  - TabPageViewController

SPEC REPOS:
  trunk:
    - Alamofire
    - IQKeyboardManagerSwift
    - lottie-ios
    - LZViewPager
    - SCPageControl
    - SDWebImage
    - SnapKit
    - SwiftPhoneNumberFormatter
    - SwiftyJSON
    - TabPageViewController

SPEC CHECKSUMS:
  Alamofire: d368e1ff8a298e6dde360e35a3e68e6c610e7204
  IQKeyboardManagerSwift: 52962c76ab33532f15ad9f3ff4e5715eda5335bb
  lottie-ios: c55158d67d0629a260625cc2ded2052b829e3c3e
  LZViewPager: 89ddd98246d54b52bde14c8d91702f946d6f8893
  SCPageControl: 8a8dfbba7d7d8c66487a317cb4c4578a7e4af27a
  SDWebImage: e5cc87bf736e60f49592f307bdf9e157189298a3
  SnapKit: 97b92857e3df3a0c71833cce143274bf6ef8e5eb
  SwiftPhoneNumberFormatter: 0cc91f4daa06dd606a9defb21048a75c36a771a2
  SwiftyJSON: 2f33a42c6fbc52764d96f13368585094bfd8aa5e
  TabPageViewController: 8bd4104909754416b35a98f3b72a5b674ab20dd5

PODFILE CHECKSUM: 3c864fec3dd7967b8fb66d92d519550655ffe8cf

COCOAPODS: 1.11.3
