// !$*UTF8*$!
{
	archiveVersion = 1;
	classes = {
	};
	objectVersion = 55;
	objects = {

/* Begin PBXBuildFile section */
		187537782968060000A1B91B /* PostTVC.swift in Sources */ = {isa = PBXBuildFile; fileRef = 187537762968060000A1B91B /* PostTVC.swift */; };
		187537792968060000A1B91B /* PostTVC.xib in Resources */ = {isa = PBXBuildFile; fileRef = 187537772968060000A1B91B /* PostTVC.xib */; };
		18AF68CF29682A3B00B35B64 /* PostInsideCVC.swift in Sources */ = {isa = PBXBuildFile; fileRef = 18AF68CD29682A3B00B35B64 /* PostInsideCVC.swift */; };
		18AF68D029682A3B00B35B64 /* PostInsideCVC.xib in Resources */ = {isa = PBXBuildFile; fileRef = 18AF68CE29682A3B00B35B64 /* PostInsideCVC.xib */; };
		18DE66A82965A067003324A5 /* AppDelegate.swift in Sources */ = {isa = PBXBuildFile; fileRef = 18DE66A72965A067003324A5 /* AppDelegate.swift */; };
		18DE66B12965A069003324A5 /* Assets.xcassets in Resources */ = {isa = PBXBuildFile; fileRef = 18DE66B02965A069003324A5 /* Assets.xcassets */; };
		18DE66B42965A069003324A5 /* LaunchScreen.storyboard in Resources */ = {isa = PBXBuildFile; fileRef = 18DE66B22965A069003324A5 /* LaunchScreen.storyboard */; };
		18DE66BF2966C521003324A5 /* SideMenuVC.swift in Sources */ = {isa = PBXBuildFile; fileRef = 18DE66BD2966C521003324A5 /* SideMenuVC.swift */; };
		18DE66C02966C521003324A5 /* SideMenuVC.xib in Resources */ = {isa = PBXBuildFile; fileRef = 18DE66BE2966C521003324A5 /* SideMenuVC.xib */; };
		18DE66C32966C54D003324A5 /* PostVC.swift in Sources */ = {isa = PBXBuildFile; fileRef = 18DE66C12966C54D003324A5 /* PostVC.swift */; };
		18DE66C42966C54D003324A5 /* PostVC.xib in Resources */ = {isa = PBXBuildFile; fileRef = 18DE66C22966C54D003324A5 /* PostVC.xib */; };
		18DE66C62966C940003324A5 /* Ex+UIView.swift in Sources */ = {isa = PBXBuildFile; fileRef = 18DE66C52966C940003324A5 /* Ex+UIView.swift */; };
		27197AE629680B5300B53B25 /* KabinetVC.swift in Sources */ = {isa = PBXBuildFile; fileRef = 27197AE429680B5300B53B25 /* KabinetVC.swift */; };
		27197AE729680B5300B53B25 /* KabinetVC.xib in Resources */ = {isa = PBXBuildFile; fileRef = 27197AE529680B5300B53B25 /* KabinetVC.xib */; };
		279BAAB1296825490028B2EC /* RegisterVC.swift in Sources */ = {isa = PBXBuildFile; fileRef = 279BAAAF296825490028B2EC /* RegisterVC.swift */; };
		279BAAB2296825490028B2EC /* RegisterVC.xib in Resources */ = {isa = PBXBuildFile; fileRef = 279BAAB0296825490028B2EC /* RegisterVC.xib */; };
		27B7E3562966FD1B00C3A69E /* OnboardingVC.swift in Sources */ = {isa = PBXBuildFile; fileRef = 27B7E3542966FD1B00C3A69E /* OnboardingVC.swift */; };
		27B7E3572966FD1B00C3A69E /* OnboardingVC.xib in Resources */ = {isa = PBXBuildFile; fileRef = 27B7E3552966FD1B00C3A69E /* OnboardingVC.xib */; };
		27B7E35B2966FEF500C3A69E /* OnboardingCVC.swift in Sources */ = {isa = PBXBuildFile; fileRef = 27B7E3592966FEF500C3A69E /* OnboardingCVC.swift */; };
		27B7E35C2966FEF500C3A69E /* OnboardingCVC.xib in Resources */ = {isa = PBXBuildFile; fileRef = 27B7E35A2966FEF500C3A69E /* OnboardingCVC.xib */; };
		27B808DC2965C0A300E1357C /* Colors.xcassets in Resources */ = {isa = PBXBuildFile; fileRef = 27B808DB2965C0A300E1357C /* Colors.xcassets */; };
		305AA461FD9762D2FB4069B3 /* Pods_Express_Courier.framework in Frameworks */ = {isa = PBXBuildFile; fileRef = 7515E66C971F51E4D1D05754 /* Pods_Express_Courier.framework */; };
/* End PBXBuildFile section */

/* Begin PBXFileReference section */
		187537762968060000A1B91B /* PostTVC.swift */ = {isa = PBXFileReference; lastKnownFileType = sourcecode.swift; path = PostTVC.swift; sourceTree = "<group>"; };
		187537772968060000A1B91B /* PostTVC.xib */ = {isa = PBXFileReference; lastKnownFileType = file.xib; path = PostTVC.xib; sourceTree = "<group>"; };
		18AF68CD29682A3B00B35B64 /* PostInsideCVC.swift */ = {isa = PBXFileReference; lastKnownFileType = sourcecode.swift; path = PostInsideCVC.swift; sourceTree = "<group>"; };
		18AF68CE29682A3B00B35B64 /* PostInsideCVC.xib */ = {isa = PBXFileReference; lastKnownFileType = file.xib; path = PostInsideCVC.xib; sourceTree = "<group>"; };
		18DE66A42965A067003324A5 /* Express Courier.app */ = {isa = PBXFileReference; explicitFileType = wrapper.application; includeInIndex = 0; path = "Express Courier.app"; sourceTree = BUILT_PRODUCTS_DIR; };
		18DE66A72965A067003324A5 /* AppDelegate.swift */ = {isa = PBXFileReference; lastKnownFileType = sourcecode.swift; path = AppDelegate.swift; sourceTree = "<group>"; };
		18DE66B02965A069003324A5 /* Assets.xcassets */ = {isa = PBXFileReference; lastKnownFileType = folder.assetcatalog; path = Assets.xcassets; sourceTree = "<group>"; };
		18DE66B32965A069003324A5 /* Base */ = {isa = PBXFileReference; lastKnownFileType = file.storyboard; name = Base; path = Base.lproj/LaunchScreen.storyboard; sourceTree = "<group>"; };
		18DE66B52965A069003324A5 /* Info.plist */ = {isa = PBXFileReference; lastKnownFileType = text.plist.xml; path = Info.plist; sourceTree = "<group>"; };
		18DE66BD2966C521003324A5 /* SideMenuVC.swift */ = {isa = PBXFileReference; lastKnownFileType = sourcecode.swift; path = SideMenuVC.swift; sourceTree = "<group>"; };
		18DE66BE2966C521003324A5 /* SideMenuVC.xib */ = {isa = PBXFileReference; lastKnownFileType = file.xib; path = SideMenuVC.xib; sourceTree = "<group>"; };
		18DE66C12966C54D003324A5 /* PostVC.swift */ = {isa = PBXFileReference; lastKnownFileType = sourcecode.swift; path = PostVC.swift; sourceTree = "<group>"; };
		18DE66C22966C54D003324A5 /* PostVC.xib */ = {isa = PBXFileReference; lastKnownFileType = file.xib; path = PostVC.xib; sourceTree = "<group>"; };
		18DE66C52966C940003324A5 /* Ex+UIView.swift */ = {isa = PBXFileReference; fileEncoding = 4; lastKnownFileType = sourcecode.swift; path = "Ex+UIView.swift"; sourceTree = "<group>"; };
		27197AE429680B5300B53B25 /* KabinetVC.swift */ = {isa = PBXFileReference; lastKnownFileType = sourcecode.swift; path = KabinetVC.swift; sourceTree = "<group>"; };
		27197AE529680B5300B53B25 /* KabinetVC.xib */ = {isa = PBXFileReference; lastKnownFileType = file.xib; path = KabinetVC.xib; sourceTree = "<group>"; };
		279BAAAF296825490028B2EC /* RegisterVC.swift */ = {isa = PBXFileReference; lastKnownFileType = sourcecode.swift; path = RegisterVC.swift; sourceTree = "<group>"; };
		279BAAB0296825490028B2EC /* RegisterVC.xib */ = {isa = PBXFileReference; lastKnownFileType = file.xib; path = RegisterVC.xib; sourceTree = "<group>"; };
		27B7E3542966FD1B00C3A69E /* OnboardingVC.swift */ = {isa = PBXFileReference; lastKnownFileType = sourcecode.swift; path = OnboardingVC.swift; sourceTree = "<group>"; };
		27B7E3552966FD1B00C3A69E /* OnboardingVC.xib */ = {isa = PBXFileReference; lastKnownFileType = file.xib; path = OnboardingVC.xib; sourceTree = "<group>"; };
		27B7E3592966FEF500C3A69E /* OnboardingCVC.swift */ = {isa = PBXFileReference; lastKnownFileType = sourcecode.swift; path = OnboardingCVC.swift; sourceTree = "<group>"; };
		27B7E35A2966FEF500C3A69E /* OnboardingCVC.xib */ = {isa = PBXFileReference; lastKnownFileType = file.xib; path = OnboardingCVC.xib; sourceTree = "<group>"; };
		27B808DB2965C0A300E1357C /* Colors.xcassets */ = {isa = PBXFileReference; lastKnownFileType = folder.assetcatalog; path = Colors.xcassets; sourceTree = "<group>"; };
		7515E66C971F51E4D1D05754 /* Pods_Express_Courier.framework */ = {isa = PBXFileReference; explicitFileType = wrapper.framework; includeInIndex = 0; path = Pods_Express_Courier.framework; sourceTree = BUILT_PRODUCTS_DIR; };
		AECA3B6FA7DD6CDF1FF69094 /* Pods-Express Courier.release.xcconfig */ = {isa = PBXFileReference; includeInIndex = 1; lastKnownFileType = text.xcconfig; name = "Pods-Express Courier.release.xcconfig"; path = "Target Support Files/Pods-Express Courier/Pods-Express Courier.release.xcconfig"; sourceTree = "<group>"; };
		AFA739C01BEB9A5F6B80A6C5 /* Pods-Express Courier.debug.xcconfig */ = {isa = PBXFileReference; includeInIndex = 1; lastKnownFileType = text.xcconfig; name = "Pods-Express Courier.debug.xcconfig"; path = "Target Support Files/Pods-Express Courier/Pods-Express Courier.debug.xcconfig"; sourceTree = "<group>"; };
/* End PBXFileReference section */

/* Begin PBXFrameworksBuildPhase section */
		18DE66A12965A067003324A5 /* Frameworks */ = {
			isa = PBXFrameworksBuildPhase;
			buildActionMask = 2147483647;
			files = (
				305AA461FD9762D2FB4069B3 /* Pods_Express_Courier.framework in Frameworks */,
			);
			runOnlyForDeploymentPostprocessing = 0;
		};
/* End PBXFrameworksBuildPhase section */

/* Begin PBXGroup section */
		0FE2E41056C2B8BB4CCEF02D /* Pods */ = {
			isa = PBXGroup;
			children = (
				AFA739C01BEB9A5F6B80A6C5 /* Pods-Express Courier.debug.xcconfig */,
				AECA3B6FA7DD6CDF1FF69094 /* Pods-Express Courier.release.xcconfig */,
			);
			path = Pods;
			sourceTree = "<group>";
		};
		18DE669B2965A067003324A5 = {
			isa = PBXGroup;
			children = (
				18DE66A62965A067003324A5 /* Express Courier */,
				18DE66A52965A067003324A5 /* Products */,
				0FE2E41056C2B8BB4CCEF02D /* Pods */,
				6B739F688FC3BEC377E3BA6A /* Frameworks */,
			);
			sourceTree = "<group>";
		};
		18DE66A52965A067003324A5 /* Products */ = {
			isa = PBXGroup;
			children = (
				18DE66A42965A067003324A5 /* Express Courier.app */,
			);
			name = Products;
			sourceTree = "<group>";
		};
		18DE66A62965A067003324A5 /* Express Courier */ = {
			isa = PBXGroup;
			children = (
				279BAAAA29681F8B0028B2EC /* AppDelegate */,
				27B7E3522966FCD700C3A69E /* CVC */,
				27B7E3512966FCD100C3A69E /* TVC */,
				27B7E3502966FCC800C3A69E /* VC */,
				18DE66C52966C940003324A5 /* Ex+UIView.swift */,
				18DE66BD2966C521003324A5 /* SideMenuVC.swift */,
				18DE66BE2966C521003324A5 /* SideMenuVC.xib */,
				18DE66C12966C54D003324A5 /* PostVC.swift */,
				18AF68CD29682A3B00B35B64 /* PostInsideCVC.swift */,
				18AF68CE29682A3B00B35B64 /* PostInsideCVC.xib */,
				187537762968060000A1B91B /* PostTVC.swift */,
				187537772968060000A1B91B /* PostTVC.xib */,
				18DE66C22966C54D003324A5 /* PostVC.xib */,
				18DE66B02965A069003324A5 /* Assets.xcassets */,
				18DE66B22965A069003324A5 /* LaunchScreen.storyboard */,
				18DE66B52965A069003324A5 /* Info.plist */,
				27B808DB2965C0A300E1357C /* Colors.xcassets */,
			);
			path = "Express Courier";
			sourceTree = "<group>";
		};
		27197AE329680B3D00B53B25 /* Authorization */ = {
			isa = PBXGroup;
			children = (
				27197AE429680B5300B53B25 /* KabinetVC.swift */,
				27197AE529680B5300B53B25 /* KabinetVC.xib */,
				279BAAAF296825490028B2EC /* RegisterVC.swift */,
				279BAAB0296825490028B2EC /* RegisterVC.xib */,
			);
			path = Authorization;
			sourceTree = "<group>";
		};
		279BAAAA29681F8B0028B2EC /* AppDelegate */ = {
			isa = PBXGroup;
			children = (
				18DE66A72965A067003324A5 /* AppDelegate.swift */,
			);
			path = AppDelegate;
			sourceTree = "<group>";
		};
		27B7E3502966FCC800C3A69E /* VC */ = {
			isa = PBXGroup;
			children = (
				27197AE329680B3D00B53B25 /* Authorization */,
				27B7E3532966FCE700C3A69E /* Onboarding */,
			);
			path = VC;
			sourceTree = "<group>";
		};
		27B7E3512966FCD100C3A69E /* TVC */ = {
			isa = PBXGroup;
			children = (
			);
			path = TVC;
			sourceTree = "<group>";
		};
		27B7E3522966FCD700C3A69E /* CVC */ = {
			isa = PBXGroup;
			children = (
				27B7E3582966FEDD00C3A69E /* Onboarding */,
			);
			path = CVC;
			sourceTree = "<group>";
		};
		27B7E3532966FCE700C3A69E /* Onboarding */ = {
			isa = PBXGroup;
			children = (
				27B7E3542966FD1B00C3A69E /* OnboardingVC.swift */,
				27B7E3552966FD1B00C3A69E /* OnboardingVC.xib */,
			);
			path = Onboarding;
			sourceTree = "<group>";
		};
		27B7E3582966FEDD00C3A69E /* Onboarding */ = {
			isa = PBXGroup;
			children = (
				27B7E3592966FEF500C3A69E /* OnboardingCVC.swift */,
				27B7E35A2966FEF500C3A69E /* OnboardingCVC.xib */,
			);
			path = Onboarding;
			sourceTree = "<group>";
		};
		6B739F688FC3BEC377E3BA6A /* Frameworks */ = {
			isa = PBXGroup;
			children = (
				7515E66C971F51E4D1D05754 /* Pods_Express_Courier.framework */,
			);
			name = Frameworks;
			sourceTree = "<group>";
		};
/* End PBXGroup section */

/* Begin PBXNativeTarget section */
		18DE66A32965A067003324A5 /* Express Courier */ = {
			isa = PBXNativeTarget;
			buildConfigurationList = 18DE66B82965A069003324A5 /* Build configuration list for PBXNativeTarget "Express Courier" */;
			buildPhases = (
				E684A9B6C76F3B4D18D888D2 /* [CP] Check Pods Manifest.lock */,
				18DE66A02965A067003324A5 /* Sources */,
				18DE66A12965A067003324A5 /* Frameworks */,
				18DE66A22965A067003324A5 /* Resources */,
				FC9756C3989934F0F9AC82E7 /* [CP] Embed Pods Frameworks */,
			);
			buildRules = (
			);
			dependencies = (
			);
			name = "Express Courier";
			productName = "Express Courier";
			productReference = 18DE66A42965A067003324A5 /* Express Courier.app */;
			productType = "com.apple.product-type.application";
		};
/* End PBXNativeTarget section */

/* Begin PBXProject section */
		18DE669C2965A067003324A5 /* Project object */ = {
			isa = PBXProject;
			attributes = {
				BuildIndependentTargetsInParallel = 1;
				LastSwiftUpdateCheck = 1320;
				LastUpgradeCheck = 1320;
				TargetAttributes = {
					18DE66A32965A067003324A5 = {
						CreatedOnToolsVersion = 13.2.1;
					};
				};
			};
			buildConfigurationList = 18DE669F2965A067003324A5 /* Build configuration list for PBXProject "Express Courier" */;
			compatibilityVersion = "Xcode 13.0";
			developmentRegion = en;
			hasScannedForEncodings = 0;
			knownRegions = (
				en,
				Base,
			);
			mainGroup = 18DE669B2965A067003324A5;
			productRefGroup = 18DE66A52965A067003324A5 /* Products */;
			projectDirPath = "";
			projectRoot = "";
			targets = (
				18DE66A32965A067003324A5 /* Express Courier */,
			);
		};
/* End PBXProject section */

/* Begin PBXResourcesBuildPhase section */
		18DE66A22965A067003324A5 /* Resources */ = {
			isa = PBXResourcesBuildPhase;
			buildActionMask = 2147483647;
			files = (
				27B808DC2965C0A300E1357C /* Colors.xcassets in Resources */,
				18DE66B42965A069003324A5 /* LaunchScreen.storyboard in Resources */,
				18DE66C02966C521003324A5 /* SideMenuVC.xib in Resources */,
				279BAAB2296825490028B2EC /* RegisterVC.xib in Resources */,
				27B7E35C2966FEF500C3A69E /* OnboardingCVC.xib in Resources */,
				18DE66B12965A069003324A5 /* Assets.xcassets in Resources */,
				27197AE729680B5300B53B25 /* KabinetVC.xib in Resources */,
				18DE66C42966C54D003324A5 /* PostVC.xib in Resources */,
				27B7E3572966FD1B00C3A69E /* OnboardingVC.xib in Resources */,
			);
			runOnlyForDeploymentPostprocessing = 0;
		};
/* End PBXResourcesBuildPhase section */

/* Begin PBXShellScriptBuildPhase section */
		E684A9B6C76F3B4D18D888D2 /* [CP] Check Pods Manifest.lock */ = {
			isa = PBXShellScriptBuildPhase;
			buildActionMask = 2147483647;
			files = (
			);
			inputFileListPaths = (
			);
			inputPaths = (
				"${PODS_PODFILE_DIR_PATH}/Podfile.lock",
				"${PODS_ROOT}/Manifest.lock",
			);
			name = "[CP] Check Pods Manifest.lock";
			outputFileListPaths = (
			);
			outputPaths = (
				"$(DERIVED_FILE_DIR)/Pods-Express Courier-checkManifestLockResult.txt",
			);
			runOnlyForDeploymentPostprocessing = 0;
			shellPath = /bin/sh;
			shellScript = "diff \"${PODS_PODFILE_DIR_PATH}/Podfile.lock\" \"${PODS_ROOT}/Manifest.lock\" > /dev/null\nif [ $? != 0 ] ; then\n    # print error to STDERR\n    echo \"error: The sandbox is not in sync with the Podfile.lock. Run 'pod install' or update your CocoaPods installation.\" >&2\n    exit 1\nfi\n# This output is used by Xcode 'outputs' to avoid re-running this script phase.\necho \"SUCCESS\" > \"${SCRIPT_OUTPUT_FILE_0}\"\n";
			showEnvVarsInLog = 0;
		};
		FC9756C3989934F0F9AC82E7 /* [CP] Embed Pods Frameworks */ = {
			isa = PBXShellScriptBuildPhase;
			buildActionMask = 2147483647;
			files = (
			);
			inputFileListPaths = (
				"${PODS_ROOT}/Target Support Files/Pods-Express Courier/Pods-Express Courier-frameworks-${CONFIGURATION}-input-files.xcfilelist",
			);
			name = "[CP] Embed Pods Frameworks";
			outputFileListPaths = (
				"${PODS_ROOT}/Target Support Files/Pods-Express Courier/Pods-Express Courier-frameworks-${CONFIGURATION}-output-files.xcfilelist",
			);
			runOnlyForDeploymentPostprocessing = 0;
			shellPath = /bin/sh;
			shellScript = "\"${PODS_ROOT}/Target Support Files/Pods-Express Courier/Pods-Express Courier-frameworks.sh\"\n";
			showEnvVarsInLog = 0;
		};
/* End PBXShellScriptBuildPhase section */

/* Begin PBXSourcesBuildPhase section */
		18DE66A02965A067003324A5 /* Sources */ = {
			isa = PBXSourcesBuildPhase;
			buildActionMask = 2147483647;
			files = (
				18AF68CF29682A3B00B35B64 /* PostInsideCVC.swift in Sources */,
				18DE66C32966C54D003324A5 /* PostVC.swift in Sources */,
				279BAAB1296825490028B2EC /* RegisterVC.swift in Sources */,
				27B7E35B2966FEF500C3A69E /* OnboardingCVC.swift in Sources */,
				18DE66BF2966C521003324A5 /* SideMenuVC.swift in Sources */,
				27B7E3562966FD1B00C3A69E /* OnboardingVC.swift in Sources */,
				18DE66A82965A067003324A5 /* AppDelegate.swift in Sources */,
				187537782968060000A1B91B /* PostTVC.swift in Sources */,
				18DE66C62966C940003324A5 /* Ex+UIView.swift in Sources */,
				27197AE629680B5300B53B25 /* KabinetVC.swift in Sources */,
			);
			runOnlyForDeploymentPostprocessing = 0;
		};
/* End PBXSourcesBuildPhase section */

/* Begin PBXVariantGroup section */
		18DE66B22965A069003324A5 /* LaunchScreen.storyboard */ = {
			isa = PBXVariantGroup;
			children = (
				18DE66B32965A069003324A5 /* Base */,
			);
			name = LaunchScreen.storyboard;
			sourceTree = "<group>";
		};
/* End PBXVariantGroup section */

/* Begin XCBuildConfiguration section */
		18DE66B62965A069003324A5 /* Debug */ = {
			isa = XCBuildConfiguration;
			buildSettings = {
				ALWAYS_SEARCH_USER_PATHS = NO;
				CLANG_ANALYZER_NONNULL = YES;
				CLANG_ANALYZER_NUMBER_OBJECT_CONVERSION = YES_AGGRESSIVE;
				CLANG_CXX_LANGUAGE_STANDARD = "gnu++17";
				CLANG_CXX_LIBRARY = "libc++";
				CLANG_ENABLE_MODULES = YES;
				CLANG_ENABLE_OBJC_ARC = YES;
				CLANG_ENABLE_OBJC_WEAK = YES;
				CLANG_WARN_BLOCK_CAPTURE_AUTORELEASING = YES;
				CLANG_WARN_BOOL_CONVERSION = YES;
				CLANG_WARN_COMMA = YES;
				CLANG_WARN_CONSTANT_CONVERSION = YES;
				CLANG_WARN_DEPRECATED_OBJC_IMPLEMENTATIONS = YES;
				CLANG_WARN_DIRECT_OBJC_ISA_USAGE = YES_ERROR;
				CLANG_WARN_DOCUMENTATION_COMMENTS = YES;
				CLANG_WARN_EMPTY_BODY = YES;
				CLANG_WARN_ENUM_CONVERSION = YES;
				CLANG_WARN_INFINITE_RECURSION = YES;
				CLANG_WARN_INT_CONVERSION = YES;
				CLANG_WARN_NON_LITERAL_NULL_CONVERSION = YES;
				CLANG_WARN_OBJC_IMPLICIT_RETAIN_SELF = YES;
				CLANG_WARN_OBJC_LITERAL_CONVERSION = YES;
				CLANG_WARN_OBJC_ROOT_CLASS = YES_ERROR;
				CLANG_WARN_QUOTED_INCLUDE_IN_FRAMEWORK_HEADER = YES;
				CLANG_WARN_RANGE_LOOP_ANALYSIS = YES;
				CLANG_WARN_STRICT_PROTOTYPES = YES;
				CLANG_WARN_SUSPICIOUS_MOVE = YES;
				CLANG_WARN_UNGUARDED_AVAILABILITY = YES_AGGRESSIVE;
				CLANG_WARN_UNREACHABLE_CODE = YES;
				CLANG_WARN__DUPLICATE_METHOD_MATCH = YES;
				COPY_PHASE_STRIP = NO;
				DEBUG_INFORMATION_FORMAT = dwarf;
				ENABLE_STRICT_OBJC_MSGSEND = YES;
				ENABLE_TESTABILITY = YES;
				GCC_C_LANGUAGE_STANDARD = gnu11;
				GCC_DYNAMIC_NO_PIC = NO;
				GCC_NO_COMMON_BLOCKS = YES;
				GCC_OPTIMIZATION_LEVEL = 0;
				GCC_PREPROCESSOR_DEFINITIONS = (
					"DEBUG=1",
					"$(inherited)",
				);
				GCC_WARN_64_TO_32_BIT_CONVERSION = YES;
				GCC_WARN_ABOUT_RETURN_TYPE = YES_ERROR;
				GCC_WARN_UNDECLARED_SELECTOR = YES;
				GCC_WARN_UNINITIALIZED_AUTOS = YES_AGGRESSIVE;
				GCC_WARN_UNUSED_FUNCTION = YES;
				GCC_WARN_UNUSED_VARIABLE = YES;
				IPHONEOS_DEPLOYMENT_TARGET = 15.2;
				MTL_ENABLE_DEBUG_INFO = INCLUDE_SOURCE;
				MTL_FAST_MATH = YES;
				ONLY_ACTIVE_ARCH = YES;
				SDKROOT = iphoneos;
				SWIFT_ACTIVE_COMPILATION_CONDITIONS = DEBUG;
				SWIFT_OPTIMIZATION_LEVEL = "-Onone";
			};
			name = Debug;
		};
		18DE66B72965A069003324A5 /* Release */ = {
			isa = XCBuildConfiguration;
			buildSettings = {
				ALWAYS_SEARCH_USER_PATHS = NO;
				CLANG_ANALYZER_NONNULL = YES;
				CLANG_ANALYZER_NUMBER_OBJECT_CONVERSION = YES_AGGRESSIVE;
				CLANG_CXX_LANGUAGE_STANDARD = "gnu++17";
				CLANG_CXX_LIBRARY = "libc++";
				CLANG_ENABLE_MODULES = YES;
				CLANG_ENABLE_OBJC_ARC = YES;
				CLANG_ENABLE_OBJC_WEAK = YES;
				CLANG_WARN_BLOCK_CAPTURE_AUTORELEASING = YES;
				CLANG_WARN_BOOL_CONVERSION = YES;
				CLANG_WARN_COMMA = YES;
				CLANG_WARN_CONSTANT_CONVERSION = YES;
				CLANG_WARN_DEPRECATED_OBJC_IMPLEMENTATIONS = YES;
				CLANG_WARN_DIRECT_OBJC_ISA_USAGE = YES_ERROR;
				CLANG_WARN_DOCUMENTATION_COMMENTS = YES;
				CLANG_WARN_EMPTY_BODY = YES;
				CLANG_WARN_ENUM_CONVERSION = YES;
				CLANG_WARN_INFINITE_RECURSION = YES;
				CLANG_WARN_INT_CONVERSION = YES;
				CLANG_WARN_NON_LITERAL_NULL_CONVERSION = YES;
				CLANG_WARN_OBJC_IMPLICIT_RETAIN_SELF = YES;
				CLANG_WARN_OBJC_LITERAL_CONVERSION = YES;
				CLANG_WARN_OBJC_ROOT_CLASS = YES_ERROR;
				CLANG_WARN_QUOTED_INCLUDE_IN_FRAMEWORK_HEADER = YES;
				CLANG_WARN_RANGE_LOOP_ANALYSIS = YES;
				CLANG_WARN_STRICT_PROTOTYPES = YES;
				CLANG_WARN_SUSPICIOUS_MOVE = YES;
				CLANG_WARN_UNGUARDED_AVAILABILITY = YES_AGGRESSIVE;
				CLANG_WARN_UNREACHABLE_CODE = YES;
				CLANG_WARN__DUPLICATE_METHOD_MATCH = YES;
				COPY_PHASE_STRIP = NO;
				DEBUG_INFORMATION_FORMAT = "dwarf-with-dsym";
				ENABLE_NS_ASSERTIONS = NO;
				ENABLE_STRICT_OBJC_MSGSEND = YES;
				GCC_C_LANGUAGE_STANDARD = gnu11;
				GCC_NO_COMMON_BLOCKS = YES;
				GCC_WARN_64_TO_32_BIT_CONVERSION = YES;
				GCC_WARN_ABOUT_RETURN_TYPE = YES_ERROR;
				GCC_WARN_UNDECLARED_SELECTOR = YES;
				GCC_WARN_UNINITIALIZED_AUTOS = YES_AGGRESSIVE;
				GCC_WARN_UNUSED_FUNCTION = YES;
				GCC_WARN_UNUSED_VARIABLE = YES;
				IPHONEOS_DEPLOYMENT_TARGET = 15.2;
				MTL_ENABLE_DEBUG_INFO = NO;
				MTL_FAST_MATH = YES;
				SDKROOT = iphoneos;
				SWIFT_COMPILATION_MODE = wholemodule;
				SWIFT_OPTIMIZATION_LEVEL = "-O";
				VALIDATE_PRODUCT = YES;
			};
			name = Release;
		};
		18DE66B92965A069003324A5 /* Debug */ = {
			isa = XCBuildConfiguration;
			baseConfigurationReference = AFA739C01BEB9A5F6B80A6C5 /* Pods-Express Courier.debug.xcconfig */;
			buildSettings = {
				ASSETCATALOG_COMPILER_APPICON_NAME = AppIcon;
				ASSETCATALOG_COMPILER_GLOBAL_ACCENT_COLOR_NAME = AccentColor;
				CODE_SIGN_STYLE = Automatic;
				CURRENT_PROJECT_VERSION = 1;
				DEVELOPMENT_TEAM = YM5H6L638F;
				GENERATE_INFOPLIST_FILE = YES;
				INFOPLIST_FILE = "Express Courier/Info.plist";
				INFOPLIST_KEY_UIApplicationSupportsIndirectInputEvents = YES;
				INFOPLIST_KEY_UILaunchStoryboardName = LaunchScreen;
				INFOPLIST_KEY_UISupportedInterfaceOrientations_iPad = "UIInterfaceOrientationPortrait UIInterfaceOrientationPortraitUpsideDown UIInterfaceOrientationLandscapeLeft UIInterfaceOrientationLandscapeRight";
				INFOPLIST_KEY_UISupportedInterfaceOrientations_iPhone = "UIInterfaceOrientationPortrait UIInterfaceOrientationLandscapeLeft UIInterfaceOrientationLandscapeRight";
				IPHONEOS_DEPLOYMENT_TARGET = 13.0;
				LD_RUNPATH_SEARCH_PATHS = (
					"$(inherited)",
					"@executable_path/Frameworks",
				);
				MARKETING_VERSION = 1.0.0;
				PRODUCT_BUNDLE_IDENTIFIER = "Nurillo.Express-Courier";
				PRODUCT_NAME = "$(TARGET_NAME)";
				SWIFT_EMIT_LOC_STRINGS = YES;
				SWIFT_VERSION = 5.0;
				TARGETED_DEVICE_FAMILY = 1;
			};
			name = Debug;
		};
		18DE66BA2965A069003324A5 /* Release */ = {
			isa = XCBuildConfiguration;
			baseConfigurationReference = AECA3B6FA7DD6CDF1FF69094 /* Pods-Express Courier.release.xcconfig */;
			buildSettings = {
				ASSETCATALOG_COMPILER_APPICON_NAME = AppIcon;
				ASSETCATALOG_COMPILER_GLOBAL_ACCENT_COLOR_NAME = AccentColor;
				CODE_SIGN_STYLE = Automatic;
				CURRENT_PROJECT_VERSION = 1;
				DEVELOPMENT_TEAM = YM5H6L638F;
				GENERATE_INFOPLIST_FILE = YES;
				INFOPLIST_FILE = "Express Courier/Info.plist";
				INFOPLIST_KEY_UIApplicationSupportsIndirectInputEvents = YES;
				INFOPLIST_KEY_UILaunchStoryboardName = LaunchScreen;
				INFOPLIST_KEY_UISupportedInterfaceOrientations_iPad = "UIInterfaceOrientationPortrait UIInterfaceOrientationPortraitUpsideDown UIInterfaceOrientationLandscapeLeft UIInterfaceOrientationLandscapeRight";
				INFOPLIST_KEY_UISupportedInterfaceOrientations_iPhone = "UIInterfaceOrientationPortrait UIInterfaceOrientationLandscapeLeft UIInterfaceOrientationLandscapeRight";
				IPHONEOS_DEPLOYMENT_TARGET = 13.0;
				LD_RUNPATH_SEARCH_PATHS = (
					"$(inherited)",
					"@executable_path/Frameworks",
				);
				MARKETING_VERSION = 1.0.0;
				PRODUCT_BUNDLE_IDENTIFIER = "Nurillo.Express-Courier";
				PRODUCT_NAME = "$(TARGET_NAME)";
				SWIFT_EMIT_LOC_STRINGS = YES;
				SWIFT_VERSION = 5.0;
				TARGETED_DEVICE_FAMILY = 1;
			};
			name = Release;
		};
/* End XCBuildConfiguration section */

/* Begin XCConfigurationList section */
		18DE669F2965A067003324A5 /* Build configuration list for PBXProject "Express Courier" */ = {
			isa = XCConfigurationList;
			buildConfigurations = (
				18DE66B62965A069003324A5 /* Debug */,
				18DE66B72965A069003324A5 /* Release */,
			);
			defaultConfigurationIsVisible = 0;
			defaultConfigurationName = Release;
		};
		18DE66B82965A069003324A5 /* Build configuration list for PBXNativeTarget "Express Courier" */ = {
			isa = XCConfigurationList;
			buildConfigurations = (
				18DE66B92965A069003324A5 /* Debug */,
				18DE66BA2965A069003324A5 /* Release */,
			);
			defaultConfigurationIsVisible = 0;
			defaultConfigurationName = Release;
		};
/* End XCConfigurationList section */
	};
	rootObject = 18DE669C2965A067003324A5 /* Project object */;
}
