// !$*UTF8*$!
{
	archiveVersion = 1;
	classes = {
	};
	objectVersion = 55;
	objects = {

/* Begin PBXBuildFile section */
		18AF68D9296836DE00B35B64 /* HeaderCVC.xib in Resources */ = {isa = PBXBuildFile; fileRef = 18AF68D7296836DE00B35B64 /* HeaderCVC.xib */; };
		18AF68DA296836DE00B35B64 /* HeaderCVC.swift in Sources */ = {isa = PBXBuildFile; fileRef = 18AF68D8296836DE00B35B64 /* HeaderCVC.swift */; };
		18AF68DC29683DD700B35B64 /* Ex+String.swift in Sources */ = {isa = PBXBuildFile; fileRef = 18AF68DB29683DD700B35B64 /* Ex+String.swift */; };
		18AF68E029684E2D00B35B64 /* PostCVC.swift in Sources */ = {isa = PBXBuildFile; fileRef = 18AF68DE29684E2D00B35B64 /* PostCVC.swift */; };
		18AF68E129684E2D00B35B64 /* PostCVC.xib in Resources */ = {isa = PBXBuildFile; fileRef = 18AF68DF29684E2D00B35B64 /* PostCVC.xib */; };
		18AF68E4296858F000B35B64 /* PostInsideTVC.swift in Sources */ = {isa = PBXBuildFile; fileRef = 18AF68E2296858F000B35B64 /* PostInsideTVC.swift */; };
		18AF68E5296858F000B35B64 /* PostInsideTVC.xib in Resources */ = {isa = PBXBuildFile; fileRef = 18AF68E3296858F000B35B64 /* PostInsideTVC.xib */; };
		18AF68F029698E5500B35B64 /* PostAgreemantVC.swift in Sources */ = {isa = PBXBuildFile; fileRef = 18AF68EE29698E5400B35B64 /* PostAgreemantVC.swift */; };
		18AF68F129698E5500B35B64 /* PostAgreemantVC.xib in Resources */ = {isa = PBXBuildFile; fileRef = 18AF68EF29698E5400B35B64 /* PostAgreemantVC.xib */; };
		18AF68F42969B15A00B35B64 /* ArrivedPostVC.swift in Sources */ = {isa = PBXBuildFile; fileRef = 18AF68F22969B15900B35B64 /* ArrivedPostVC.swift */; };
		18AF68F52969B15A00B35B64 /* ArrivedPostVC.xib in Resources */ = {isa = PBXBuildFile; fileRef = 18AF68F32969B15900B35B64 /* ArrivedPostVC.xib */; };
		18DA32C8296BFCC00066FF9C /* PayAccountVC.swift in Sources */ = {isa = PBXBuildFile; fileRef = 18DA32BB296BFCBF0066FF9C /* PayAccountVC.swift */; };
		18DA32C9296BFCC00066FF9C /* PinkodVC.swift in Sources */ = {isa = PBXBuildFile; fileRef = 18DA32BC296BFCC00066FF9C /* PinkodVC.swift */; };
		18DA32CA296BFCC00066FF9C /* SettingsVC.swift in Sources */ = {isa = PBXBuildFile; fileRef = 18DA32BD296BFCC00066FF9C /* SettingsVC.swift */; };
		18DA32CB296BFCC00066FF9C /* NotificationVC.swift in Sources */ = {isa = PBXBuildFile; fileRef = 18DA32BE296BFCC00066FF9C /* NotificationVC.swift */; };
		18DA32CC296BFCC00066FF9C /* MyKabinetVC.xib in Resources */ = {isa = PBXBuildFile; fileRef = 18DA32BF296BFCC00066FF9C /* MyKabinetVC.xib */; };
		18DA32CD296BFCC00066FF9C /* PaymentHistoryVC.swift in Sources */ = {isa = PBXBuildFile; fileRef = 18DA32C0296BFCC00066FF9C /* PaymentHistoryVC.swift */; };
		18DA32CE296BFCC00066FF9C /* PayAccountVC.xib in Resources */ = {isa = PBXBuildFile; fileRef = 18DA32C1296BFCC00066FF9C /* PayAccountVC.xib */; };
		18DA32CF296BFCC00066FF9C /* PaymentHistoryVC.xib in Resources */ = {isa = PBXBuildFile; fileRef = 18DA32C2296BFCC00066FF9C /* PaymentHistoryVC.xib */; };
		18DA32D0296BFCC00066FF9C /* SettingsVC.xib in Resources */ = {isa = PBXBuildFile; fileRef = 18DA32C3296BFCC00066FF9C /* SettingsVC.xib */; };
		18DA32D1296BFCC00066FF9C /* PinkodVC.xib in Resources */ = {isa = PBXBuildFile; fileRef = 18DA32C4296BFCC00066FF9C /* PinkodVC.xib */; };
		18DA32D2296BFCC10066FF9C /* SetupPinKodVC.xib in Resources */ = {isa = PBXBuildFile; fileRef = 18DA32C5296BFCC00066FF9C /* SetupPinKodVC.xib */; };
		18DA32D3296BFCC10066FF9C /* SetupPinKodVC.swift in Sources */ = {isa = PBXBuildFile; fileRef = 18DA32C6296BFCC00066FF9C /* SetupPinKodVC.swift */; };
		18DA32D4296BFCC10066FF9C /* MyKabinetVC.swift in Sources */ = {isa = PBXBuildFile; fileRef = 18DA32C7296BFCC00066FF9C /* MyKabinetVC.swift */; };
		18DA32DD296BFCE10066FF9C /* NotificationTVC.swift in Sources */ = {isa = PBXBuildFile; fileRef = 18DA32D5296BFCE00066FF9C /* NotificationTVC.swift */; };
		18DA32DE296BFCE10066FF9C /* MyCategoryTVC.xib in Resources */ = {isa = PBXBuildFile; fileRef = 18DA32D6296BFCE10066FF9C /* MyCategoryTVC.xib */; };
		18DA32DF296BFCE10066FF9C /* PaymentTVC.xib in Resources */ = {isa = PBXBuildFile; fileRef = 18DA32D7296BFCE10066FF9C /* PaymentTVC.xib */; };
		18DA32E0296BFCE10066FF9C /* MyInfoTVC.swift in Sources */ = {isa = PBXBuildFile; fileRef = 18DA32D8296BFCE10066FF9C /* MyInfoTVC.swift */; };
		18DA32E1296BFCE10066FF9C /* MyInfoTVC.xib in Resources */ = {isa = PBXBuildFile; fileRef = 18DA32D9296BFCE10066FF9C /* MyInfoTVC.xib */; };
		18DA32E2296BFCE10066FF9C /* PaymentTVC.swift in Sources */ = {isa = PBXBuildFile; fileRef = 18DA32DA296BFCE10066FF9C /* PaymentTVC.swift */; };
		18DA32E3296BFCE10066FF9C /* MyCategoryTVC.swift in Sources */ = {isa = PBXBuildFile; fileRef = 18DA32DB296BFCE10066FF9C /* MyCategoryTVC.swift */; };
		18DA32E4296BFCE10066FF9C /* NotificationTVC.xib in Resources */ = {isa = PBXBuildFile; fileRef = 18DA32DC296BFCE10066FF9C /* NotificationTVC.xib */; };
		18DA32E7296C0D430066FF9C /* MainTabBarController.swift in Sources */ = {isa = PBXBuildFile; fileRef = 18DA32E6296C0D430066FF9C /* MainTabBarController.swift */; };
		18DA32EB296C1F060066FF9C /* Alert.swift in Sources */ = {isa = PBXBuildFile; fileRef = 18DA32E9296C1F050066FF9C /* Alert.swift */; };
		18DA32EC296C1F060066FF9C /* Vibration.swift in Sources */ = {isa = PBXBuildFile; fileRef = 18DA32EA296C1F050066FF9C /* Vibration.swift */; };
		18DE66A82965A067003324A5 /* AppDelegate.swift in Sources */ = {isa = PBXBuildFile; fileRef = 18DE66A72965A067003324A5 /* AppDelegate.swift */; };
		18DE66B12965A069003324A5 /* Assets.xcassets in Resources */ = {isa = PBXBuildFile; fileRef = 18DE66B02965A069003324A5 /* Assets.xcassets */; };
		18DE66B42965A069003324A5 /* LaunchScreen.storyboard in Resources */ = {isa = PBXBuildFile; fileRef = 18DE66B22965A069003324A5 /* LaunchScreen.storyboard */; };
		18DE66C32966C54D003324A5 /* PostVC.swift in Sources */ = {isa = PBXBuildFile; fileRef = 18DE66C12966C54D003324A5 /* PostVC.swift */; };
		18DE66C42966C54D003324A5 /* PostVC.xib in Resources */ = {isa = PBXBuildFile; fileRef = 18DE66C22966C54D003324A5 /* PostVC.xib */; };
		18DE66C62966C940003324A5 /* Ex+UIView.swift in Sources */ = {isa = PBXBuildFile; fileRef = 18DE66C52966C940003324A5 /* Ex+UIView.swift */; };
		270273D0296C0B6900687A2A /* NotificationViewController.swift in Sources */ = {isa = PBXBuildFile; fileRef = 270273CE296C0B6900687A2A /* NotificationViewController.swift */; };
		270273D1296C0B6900687A2A /* NotificationViewController.xib in Resources */ = {isa = PBXBuildFile; fileRef = 270273CF296C0B6900687A2A /* NotificationViewController.xib */; };
		270273D4296C2FAB00687A2A /* KuryerVC.swift in Sources */ = {isa = PBXBuildFile; fileRef = 270273D2296C2FAB00687A2A /* KuryerVC.swift */; };
		270273D5296C2FAB00687A2A /* KuryerVC.xib in Resources */ = {isa = PBXBuildFile; fileRef = 270273D3296C2FAB00687A2A /* KuryerVC.xib */; };
		27197AE629680B5300B53B25 /* KabinetVC.swift in Sources */ = {isa = PBXBuildFile; fileRef = 27197AE429680B5300B53B25 /* KabinetVC.swift */; };
		27197AE729680B5300B53B25 /* KabinetVC.xib in Resources */ = {isa = PBXBuildFile; fileRef = 27197AE529680B5300B53B25 /* KabinetVC.xib */; };
		27347F12297028A000D871EC /* TaxiNewsModalVC.swift in Sources */ = {isa = PBXBuildFile; fileRef = 27347F10297028A000D871EC /* TaxiNewsModalVC.swift */; };
		27347F13297028A000D871EC /* TaxiNewsModalVC.xib in Resources */ = {isa = PBXBuildFile; fileRef = 27347F11297028A000D871EC /* TaxiNewsModalVC.xib */; };
		27347F16297038E400D871EC /* TaxiOldUserModalVC.swift in Sources */ = {isa = PBXBuildFile; fileRef = 27347F14297038E400D871EC /* TaxiOldUserModalVC.swift */; };
		27347F17297038E400D871EC /* TaxiOldUserModalVC.xib in Resources */ = {isa = PBXBuildFile; fileRef = 27347F15297038E400D871EC /* TaxiOldUserModalVC.xib */; };
		27347F1F2970525B00D871EC /* TeamVC.swift in Sources */ = {isa = PBXBuildFile; fileRef = 27347F1D2970525B00D871EC /* TeamVC.swift */; };
		27347F202970525B00D871EC /* TeamVC.xib in Resources */ = {isa = PBXBuildFile; fileRef = 27347F1E2970525B00D871EC /* TeamVC.xib */; };
		2777854C296EBA7100FC0141 /* KuryerModalVC.swift in Sources */ = {isa = PBXBuildFile; fileRef = 2777854A296EBA7100FC0141 /* KuryerModalVC.swift */; };
		2777854D296EBA7100FC0141 /* KuryerModalVC.xib in Resources */ = {isa = PBXBuildFile; fileRef = 2777854B296EBA7100FC0141 /* KuryerModalVC.xib */; };
		27778551296EC56000FC0141 /* TaxiVC.swift in Sources */ = {isa = PBXBuildFile; fileRef = 2777854F296EC56000FC0141 /* TaxiVC.swift */; };
		27778552296EC56000FC0141 /* TaxiVC.xib in Resources */ = {isa = PBXBuildFile; fileRef = 27778550296EC56000FC0141 /* TaxiVC.xib */; };
		27778556296ECBC200FC0141 /* TaxiFilterTVC.swift in Sources */ = {isa = PBXBuildFile; fileRef = 27778554296ECBC200FC0141 /* TaxiFilterTVC.swift */; };
		27778557296ECBC200FC0141 /* TaxiFilterTVC.xib in Resources */ = {isa = PBXBuildFile; fileRef = 27778555296ECBC200FC0141 /* TaxiFilterTVC.xib */; };
		2777855B296ED85000FC0141 /* TaxiHeaderCVC.swift in Sources */ = {isa = PBXBuildFile; fileRef = 27778559296ED85000FC0141 /* TaxiHeaderCVC.swift */; };
		2777855C296ED85000FC0141 /* TaxiHeaderCVC.xib in Resources */ = {isa = PBXBuildFile; fileRef = 2777855A296ED85000FC0141 /* TaxiHeaderCVC.xib */; };
		27778563296EEF3C00FC0141 /* TaxiTVC.swift in Sources */ = {isa = PBXBuildFile; fileRef = 27778561296EEF3C00FC0141 /* TaxiTVC.swift */; };
		27778564296EEF3C00FC0141 /* TaxiTVC.xib in Resources */ = {isa = PBXBuildFile; fileRef = 27778562296EEF3C00FC0141 /* TaxiTVC.xib */; };
		279BAAB1296825490028B2EC /* RegisterVC.swift in Sources */ = {isa = PBXBuildFile; fileRef = 279BAAAF296825490028B2EC /* RegisterVC.swift */; };
		279BAAB2296825490028B2EC /* RegisterVC.xib in Resources */ = {isa = PBXBuildFile; fileRef = 279BAAB0296825490028B2EC /* RegisterVC.xib */; };
		27A2670F297148D700294BE7 /* AddTeamVC.swift in Sources */ = {isa = PBXBuildFile; fileRef = 27A2670D297148D700294BE7 /* AddTeamVC.swift */; };
		27A26710297148D700294BE7 /* AddTeamVC.xib in Resources */ = {isa = PBXBuildFile; fileRef = 27A2670E297148D700294BE7 /* AddTeamVC.xib */; };
		27A267132971571B00294BE7 /* DeleteTeamVC.swift in Sources */ = {isa = PBXBuildFile; fileRef = 27A267112971571B00294BE7 /* DeleteTeamVC.swift */; };
		27A267142971571B00294BE7 /* DeleteTeamVC.xib in Resources */ = {isa = PBXBuildFile; fileRef = 27A267122971571B00294BE7 /* DeleteTeamVC.xib */; };
		27B7E3562966FD1B00C3A69E /* OnboardingVC.swift in Sources */ = {isa = PBXBuildFile; fileRef = 27B7E3542966FD1B00C3A69E /* OnboardingVC.swift */; };
		27B7E3572966FD1B00C3A69E /* OnboardingVC.xib in Resources */ = {isa = PBXBuildFile; fileRef = 27B7E3552966FD1B00C3A69E /* OnboardingVC.xib */; };
		27B7E35B2966FEF500C3A69E /* OnboardingCVC.swift in Sources */ = {isa = PBXBuildFile; fileRef = 27B7E3592966FEF500C3A69E /* OnboardingCVC.swift */; };
		27B7E35C2966FEF500C3A69E /* OnboardingCVC.xib in Resources */ = {isa = PBXBuildFile; fileRef = 27B7E35A2966FEF500C3A69E /* OnboardingCVC.xib */; };
		27B808DC2965C0A300E1357C /* Colors.xcassets in Resources */ = {isa = PBXBuildFile; fileRef = 27B808DB2965C0A300E1357C /* Colors.xcassets */; };
		27DE0ADC297057BC00900AAD /* TeamCVC.swift in Sources */ = {isa = PBXBuildFile; fileRef = 27DE0ADA297057BC00900AAD /* TeamCVC.swift */; };
		27DE0ADD297057BC00900AAD /* TeamCVC.xib in Resources */ = {isa = PBXBuildFile; fileRef = 27DE0ADB297057BC00900AAD /* TeamCVC.xib */; };
		305AA461FD9762D2FB4069B3 /* Pods_Express_Courier.framework in Frameworks */ = {isa = PBXBuildFile; fileRef = 7515E66C971F51E4D1D05754 /* Pods_Express_Courier.framework */; };
/* End PBXBuildFile section */

/* Begin PBXFileReference section */
		18AF68D7296836DE00B35B64 /* HeaderCVC.xib */ = {isa = PBXFileReference; fileEncoding = 4; lastKnownFileType = file.xib; path = HeaderCVC.xib; sourceTree = "<group>"; };
		18AF68D8296836DE00B35B64 /* HeaderCVC.swift */ = {isa = PBXFileReference; fileEncoding = 4; lastKnownFileType = sourcecode.swift; path = HeaderCVC.swift; sourceTree = "<group>"; };
		18AF68DB29683DD700B35B64 /* Ex+String.swift */ = {isa = PBXFileReference; lastKnownFileType = sourcecode.swift; path = "Ex+String.swift"; sourceTree = "<group>"; };
		18AF68DE29684E2D00B35B64 /* PostCVC.swift */ = {isa = PBXFileReference; lastKnownFileType = sourcecode.swift; path = PostCVC.swift; sourceTree = "<group>"; };
		18AF68DF29684E2D00B35B64 /* PostCVC.xib */ = {isa = PBXFileReference; lastKnownFileType = file.xib; path = PostCVC.xib; sourceTree = "<group>"; };
		18AF68E2296858F000B35B64 /* PostInsideTVC.swift */ = {isa = PBXFileReference; lastKnownFileType = sourcecode.swift; name = PostInsideTVC.swift; path = "Express Courier/CVC/PostCVC/PostInsideTVC.swift"; sourceTree = SOURCE_ROOT; };
		18AF68E3296858F000B35B64 /* PostInsideTVC.xib */ = {isa = PBXFileReference; lastKnownFileType = file.xib; name = PostInsideTVC.xib; path = "Express Courier/CVC/PostCVC/PostInsideTVC.xib"; sourceTree = SOURCE_ROOT; };
		18AF68EE29698E5400B35B64 /* PostAgreemantVC.swift */ = {isa = PBXFileReference; lastKnownFileType = sourcecode.swift; path = PostAgreemantVC.swift; sourceTree = "<group>"; };
		18AF68EF29698E5400B35B64 /* PostAgreemantVC.xib */ = {isa = PBXFileReference; lastKnownFileType = file.xib; path = PostAgreemantVC.xib; sourceTree = "<group>"; };
		18AF68F22969B15900B35B64 /* ArrivedPostVC.swift */ = {isa = PBXFileReference; lastKnownFileType = sourcecode.swift; path = ArrivedPostVC.swift; sourceTree = "<group>"; };
		18AF68F32969B15900B35B64 /* ArrivedPostVC.xib */ = {isa = PBXFileReference; lastKnownFileType = file.xib; path = ArrivedPostVC.xib; sourceTree = "<group>"; };
		18DA32BB296BFCBF0066FF9C /* PayAccountVC.swift */ = {isa = PBXFileReference; fileEncoding = 4; lastKnownFileType = sourcecode.swift; path = PayAccountVC.swift; sourceTree = "<group>"; };
		18DA32BC296BFCC00066FF9C /* PinkodVC.swift */ = {isa = PBXFileReference; fileEncoding = 4; lastKnownFileType = sourcecode.swift; path = PinkodVC.swift; sourceTree = "<group>"; };
		18DA32BD296BFCC00066FF9C /* SettingsVC.swift */ = {isa = PBXFileReference; fileEncoding = 4; lastKnownFileType = sourcecode.swift; path = SettingsVC.swift; sourceTree = "<group>"; };
		18DA32BE296BFCC00066FF9C /* NotificationVC.swift */ = {isa = PBXFileReference; fileEncoding = 4; lastKnownFileType = sourcecode.swift; path = NotificationVC.swift; sourceTree = "<group>"; };
		18DA32BF296BFCC00066FF9C /* MyKabinetVC.xib */ = {isa = PBXFileReference; fileEncoding = 4; lastKnownFileType = file.xib; path = MyKabinetVC.xib; sourceTree = "<group>"; };
		18DA32C0296BFCC00066FF9C /* PaymentHistoryVC.swift */ = {isa = PBXFileReference; fileEncoding = 4; lastKnownFileType = sourcecode.swift; path = PaymentHistoryVC.swift; sourceTree = "<group>"; };
		18DA32C1296BFCC00066FF9C /* PayAccountVC.xib */ = {isa = PBXFileReference; fileEncoding = 4; lastKnownFileType = file.xib; path = PayAccountVC.xib; sourceTree = "<group>"; };
		18DA32C2296BFCC00066FF9C /* PaymentHistoryVC.xib */ = {isa = PBXFileReference; fileEncoding = 4; lastKnownFileType = file.xib; path = PaymentHistoryVC.xib; sourceTree = "<group>"; };
		18DA32C3296BFCC00066FF9C /* SettingsVC.xib */ = {isa = PBXFileReference; fileEncoding = 4; lastKnownFileType = file.xib; path = SettingsVC.xib; sourceTree = "<group>"; };
		18DA32C4296BFCC00066FF9C /* PinkodVC.xib */ = {isa = PBXFileReference; fileEncoding = 4; lastKnownFileType = file.xib; path = PinkodVC.xib; sourceTree = "<group>"; };
		18DA32C5296BFCC00066FF9C /* SetupPinKodVC.xib */ = {isa = PBXFileReference; fileEncoding = 4; lastKnownFileType = file.xib; path = SetupPinKodVC.xib; sourceTree = "<group>"; };
		18DA32C6296BFCC00066FF9C /* SetupPinKodVC.swift */ = {isa = PBXFileReference; fileEncoding = 4; lastKnownFileType = sourcecode.swift; path = SetupPinKodVC.swift; sourceTree = "<group>"; };
		18DA32C7296BFCC00066FF9C /* MyKabinetVC.swift */ = {isa = PBXFileReference; fileEncoding = 4; lastKnownFileType = sourcecode.swift; path = MyKabinetVC.swift; sourceTree = "<group>"; };
		18DA32D5296BFCE00066FF9C /* NotificationTVC.swift */ = {isa = PBXFileReference; fileEncoding = 4; lastKnownFileType = sourcecode.swift; path = NotificationTVC.swift; sourceTree = "<group>"; };
		18DA32D6296BFCE10066FF9C /* MyCategoryTVC.xib */ = {isa = PBXFileReference; fileEncoding = 4; lastKnownFileType = file.xib; path = MyCategoryTVC.xib; sourceTree = "<group>"; };
		18DA32D7296BFCE10066FF9C /* PaymentTVC.xib */ = {isa = PBXFileReference; fileEncoding = 4; lastKnownFileType = file.xib; path = PaymentTVC.xib; sourceTree = "<group>"; };
		18DA32D8296BFCE10066FF9C /* MyInfoTVC.swift */ = {isa = PBXFileReference; fileEncoding = 4; lastKnownFileType = sourcecode.swift; path = MyInfoTVC.swift; sourceTree = "<group>"; };
		18DA32D9296BFCE10066FF9C /* MyInfoTVC.xib */ = {isa = PBXFileReference; fileEncoding = 4; lastKnownFileType = file.xib; path = MyInfoTVC.xib; sourceTree = "<group>"; };
		18DA32DA296BFCE10066FF9C /* PaymentTVC.swift */ = {isa = PBXFileReference; fileEncoding = 4; lastKnownFileType = sourcecode.swift; path = PaymentTVC.swift; sourceTree = "<group>"; };
		18DA32DB296BFCE10066FF9C /* MyCategoryTVC.swift */ = {isa = PBXFileReference; fileEncoding = 4; lastKnownFileType = sourcecode.swift; path = MyCategoryTVC.swift; sourceTree = "<group>"; };
		18DA32DC296BFCE10066FF9C /* NotificationTVC.xib */ = {isa = PBXFileReference; fileEncoding = 4; lastKnownFileType = file.xib; path = NotificationTVC.xib; sourceTree = "<group>"; };
		18DA32E6296C0D430066FF9C /* MainTabBarController.swift */ = {isa = PBXFileReference; fileEncoding = 4; lastKnownFileType = sourcecode.swift; path = MainTabBarController.swift; sourceTree = "<group>"; };
		18DA32E9296C1F050066FF9C /* Alert.swift */ = {isa = PBXFileReference; fileEncoding = 4; lastKnownFileType = sourcecode.swift; path = Alert.swift; sourceTree = "<group>"; };
		18DA32EA296C1F050066FF9C /* Vibration.swift */ = {isa = PBXFileReference; fileEncoding = 4; lastKnownFileType = sourcecode.swift; path = Vibration.swift; sourceTree = "<group>"; };
		18DE66A42965A067003324A5 /* Express Courier.app */ = {isa = PBXFileReference; explicitFileType = wrapper.application; includeInIndex = 0; path = "Express Courier.app"; sourceTree = BUILT_PRODUCTS_DIR; };
		18DE66A72965A067003324A5 /* AppDelegate.swift */ = {isa = PBXFileReference; lastKnownFileType = sourcecode.swift; path = AppDelegate.swift; sourceTree = "<group>"; };
		18DE66B02965A069003324A5 /* Assets.xcassets */ = {isa = PBXFileReference; lastKnownFileType = folder.assetcatalog; path = Assets.xcassets; sourceTree = "<group>"; };
		18DE66B32965A069003324A5 /* Base */ = {isa = PBXFileReference; lastKnownFileType = file.storyboard; name = Base; path = Base.lproj/LaunchScreen.storyboard; sourceTree = "<group>"; };
		18DE66B52965A069003324A5 /* Info.plist */ = {isa = PBXFileReference; lastKnownFileType = text.plist.xml; path = Info.plist; sourceTree = "<group>"; };
		18DE66C12966C54D003324A5 /* PostVC.swift */ = {isa = PBXFileReference; lastKnownFileType = sourcecode.swift; path = PostVC.swift; sourceTree = "<group>"; };
		18DE66C22966C54D003324A5 /* PostVC.xib */ = {isa = PBXFileReference; lastKnownFileType = file.xib; path = PostVC.xib; sourceTree = "<group>"; };
		18DE66C52966C940003324A5 /* Ex+UIView.swift */ = {isa = PBXFileReference; fileEncoding = 4; lastKnownFileType = sourcecode.swift; path = "Ex+UIView.swift"; sourceTree = "<group>"; };
		270273CE296C0B6900687A2A /* NotificationViewController.swift */ = {isa = PBXFileReference; lastKnownFileType = sourcecode.swift; path = NotificationViewController.swift; sourceTree = "<group>"; };
		270273CF296C0B6900687A2A /* NotificationViewController.xib */ = {isa = PBXFileReference; lastKnownFileType = file.xib; path = NotificationViewController.xib; sourceTree = "<group>"; };
		270273D2296C2FAB00687A2A /* KuryerVC.swift */ = {isa = PBXFileReference; lastKnownFileType = sourcecode.swift; path = KuryerVC.swift; sourceTree = "<group>"; };
		270273D3296C2FAB00687A2A /* KuryerVC.xib */ = {isa = PBXFileReference; lastKnownFileType = file.xib; path = KuryerVC.xib; sourceTree = "<group>"; };
		27197AE429680B5300B53B25 /* KabinetVC.swift */ = {isa = PBXFileReference; lastKnownFileType = sourcecode.swift; path = KabinetVC.swift; sourceTree = "<group>"; };
		27197AE529680B5300B53B25 /* KabinetVC.xib */ = {isa = PBXFileReference; lastKnownFileType = file.xib; path = KabinetVC.xib; sourceTree = "<group>"; };
		27347F10297028A000D871EC /* TaxiNewsModalVC.swift */ = {isa = PBXFileReference; lastKnownFileType = sourcecode.swift; path = TaxiNewsModalVC.swift; sourceTree = "<group>"; };
		27347F11297028A000D871EC /* TaxiNewsModalVC.xib */ = {isa = PBXFileReference; lastKnownFileType = file.xib; path = TaxiNewsModalVC.xib; sourceTree = "<group>"; };
		27347F14297038E400D871EC /* TaxiOldUserModalVC.swift */ = {isa = PBXFileReference; lastKnownFileType = sourcecode.swift; path = TaxiOldUserModalVC.swift; sourceTree = "<group>"; };
		27347F15297038E400D871EC /* TaxiOldUserModalVC.xib */ = {isa = PBXFileReference; lastKnownFileType = file.xib; path = TaxiOldUserModalVC.xib; sourceTree = "<group>"; };
		27347F1D2970525B00D871EC /* TeamVC.swift */ = {isa = PBXFileReference; lastKnownFileType = sourcecode.swift; path = TeamVC.swift; sourceTree = "<group>"; };
		27347F1E2970525B00D871EC /* TeamVC.xib */ = {isa = PBXFileReference; lastKnownFileType = file.xib; path = TeamVC.xib; sourceTree = "<group>"; };
		2777854A296EBA7100FC0141 /* KuryerModalVC.swift */ = {isa = PBXFileReference; lastKnownFileType = sourcecode.swift; path = KuryerModalVC.swift; sourceTree = "<group>"; };
		2777854B296EBA7100FC0141 /* KuryerModalVC.xib */ = {isa = PBXFileReference; lastKnownFileType = file.xib; path = KuryerModalVC.xib; sourceTree = "<group>"; };
		2777854F296EC56000FC0141 /* TaxiVC.swift */ = {isa = PBXFileReference; lastKnownFileType = sourcecode.swift; path = TaxiVC.swift; sourceTree = "<group>"; };
		27778550296EC56000FC0141 /* TaxiVC.xib */ = {isa = PBXFileReference; lastKnownFileType = file.xib; path = TaxiVC.xib; sourceTree = "<group>"; };
		27778554296ECBC200FC0141 /* TaxiFilterTVC.swift */ = {isa = PBXFileReference; lastKnownFileType = sourcecode.swift; path = TaxiFilterTVC.swift; sourceTree = "<group>"; };
		27778555296ECBC200FC0141 /* TaxiFilterTVC.xib */ = {isa = PBXFileReference; lastKnownFileType = file.xib; path = TaxiFilterTVC.xib; sourceTree = "<group>"; };
		27778559296ED85000FC0141 /* TaxiHeaderCVC.swift */ = {isa = PBXFileReference; lastKnownFileType = sourcecode.swift; path = TaxiHeaderCVC.swift; sourceTree = "<group>"; };
		2777855A296ED85000FC0141 /* TaxiHeaderCVC.xib */ = {isa = PBXFileReference; lastKnownFileType = file.xib; path = TaxiHeaderCVC.xib; sourceTree = "<group>"; };
		27778561296EEF3C00FC0141 /* TaxiTVC.swift */ = {isa = PBXFileReference; lastKnownFileType = sourcecode.swift; path = TaxiTVC.swift; sourceTree = "<group>"; };
		27778562296EEF3C00FC0141 /* TaxiTVC.xib */ = {isa = PBXFileReference; lastKnownFileType = file.xib; path = TaxiTVC.xib; sourceTree = "<group>"; };
		279BAAAF296825490028B2EC /* RegisterVC.swift */ = {isa = PBXFileReference; lastKnownFileType = sourcecode.swift; path = RegisterVC.swift; sourceTree = "<group>"; };
		279BAAB0296825490028B2EC /* RegisterVC.xib */ = {isa = PBXFileReference; lastKnownFileType = file.xib; path = RegisterVC.xib; sourceTree = "<group>"; };
		27A2670D297148D700294BE7 /* AddTeamVC.swift */ = {isa = PBXFileReference; lastKnownFileType = sourcecode.swift; path = AddTeamVC.swift; sourceTree = "<group>"; };
		27A2670E297148D700294BE7 /* AddTeamVC.xib */ = {isa = PBXFileReference; lastKnownFileType = file.xib; path = AddTeamVC.xib; sourceTree = "<group>"; };
		27A267112971571B00294BE7 /* DeleteTeamVC.swift */ = {isa = PBXFileReference; lastKnownFileType = sourcecode.swift; path = DeleteTeamVC.swift; sourceTree = "<group>"; };
		27A267122971571B00294BE7 /* DeleteTeamVC.xib */ = {isa = PBXFileReference; lastKnownFileType = file.xib; path = DeleteTeamVC.xib; sourceTree = "<group>"; };
		27B7E3542966FD1B00C3A69E /* OnboardingVC.swift */ = {isa = PBXFileReference; lastKnownFileType = sourcecode.swift; path = OnboardingVC.swift; sourceTree = "<group>"; };
		27B7E3552966FD1B00C3A69E /* OnboardingVC.xib */ = {isa = PBXFileReference; lastKnownFileType = file.xib; path = OnboardingVC.xib; sourceTree = "<group>"; };
		27B7E3592966FEF500C3A69E /* OnboardingCVC.swift */ = {isa = PBXFileReference; lastKnownFileType = sourcecode.swift; path = OnboardingCVC.swift; sourceTree = "<group>"; };
		27B7E35A2966FEF500C3A69E /* OnboardingCVC.xib */ = {isa = PBXFileReference; lastKnownFileType = file.xib; path = OnboardingCVC.xib; sourceTree = "<group>"; };
		27B808DB2965C0A300E1357C /* Colors.xcassets */ = {isa = PBXFileReference; lastKnownFileType = folder.assetcatalog; path = Colors.xcassets; sourceTree = "<group>"; };
		27DE0ADA297057BC00900AAD /* TeamCVC.swift */ = {isa = PBXFileReference; lastKnownFileType = sourcecode.swift; path = TeamCVC.swift; sourceTree = "<group>"; };
		27DE0ADB297057BC00900AAD /* TeamCVC.xib */ = {isa = PBXFileReference; lastKnownFileType = file.xib; path = TeamCVC.xib; sourceTree = "<group>"; };
		7515E66C971F51E4D1D05754 /* Pods_Express_Courier.framework */ = {isa = PBXFileReference; explicitFileType = wrapper.framework; includeInIndex = 0; path = Pods_Express_Courier.framework; sourceTree = BUILT_PRODUCTS_DIR; };
		AECA3B6FA7DD6CDF1FF69094 /* Pods-Express Courier.release.xcconfig */ = {isa = PBXFileReference; includeInIndex = 1; lastKnownFileType = text.xcconfig; name = "Pods-Express Courier.release.xcconfig"; path = "Target Support Files/Pods-Express Courier/Pods-Express Courier.release.xcconfig"; sourceTree = "<group>"; };
		AFA739C01BEB9A5F6B80A6C5 /* Pods-Express Courier.debug.xcconfig */ = {isa = PBXFileReference; includeInIndex = 1; lastKnownFileType = text.xcconfig; name = "Pods-Express Courier.debug.xcconfig"; path = "Target Support Files/Pods-Express Courier/Pods-Express Courier.debug.xcconfig"; sourceTree = "<group>"; };
/* End PBXFileReference section */

/* Begin PBXFrameworksBuildPhase section */
		18DE66A12965A067003324A5 /* Frameworks */ = {
			isa = PBXFrameworksBuildPhase;
			buildActionMask = 2147483647;
			files = (
				305AA461FD9762D2FB4069B3 /* Pods_Express_Courier.framework in Frameworks */,
			);
			runOnlyForDeploymentPostprocessing = 0;
		};
/* End PBXFrameworksBuildPhase section */

/* Begin PBXGroup section */
		0FE2E41056C2B8BB4CCEF02D /* Pods */ = {
			isa = PBXGroup;
			children = (
				AFA739C01BEB9A5F6B80A6C5 /* Pods-Express Courier.debug.xcconfig */,
				AECA3B6FA7DD6CDF1FF69094 /* Pods-Express Courier.release.xcconfig */,
			);
			path = Pods;
			sourceTree = "<group>";
		};
		18AF68D2296833C000B35B64 /* PostTVC */ = {
			isa = PBXGroup;
			children = (
				18AF68E2296858F000B35B64 /* PostInsideTVC.swift */,
				18AF68E3296858F000B35B64 /* PostInsideTVC.xib */,
			);
			path = PostTVC;
			sourceTree = "<group>";
		};
		18AF68D3296833D400B35B64 /* PostCVC */ = {
			isa = PBXGroup;
			children = (
				18AF68D8296836DE00B35B64 /* HeaderCVC.swift */,
				18AF68DE29684E2D00B35B64 /* PostCVC.swift */,
				18AF68DF29684E2D00B35B64 /* PostCVC.xib */,
				18AF68D7296836DE00B35B64 /* HeaderCVC.xib */,
			);
			path = PostCVC;
			sourceTree = "<group>";
		};
		18AF68D4296833E700B35B64 /* PostVC */ = {
			isa = PBXGroup;
			children = (
				18DA32E6296C0D430066FF9C /* MainTabBarController.swift */,
				18AF68EE29698E5400B35B64 /* PostAgreemantVC.swift */,
				18AF68EF29698E5400B35B64 /* PostAgreemantVC.xib */,
				18DE66C12966C54D003324A5 /* PostVC.swift */,
				18DE66C22966C54D003324A5 /* PostVC.xib */,
				18AF68F22969B15900B35B64 /* ArrivedPostVC.swift */,
				18AF68F32969B15900B35B64 /* ArrivedPostVC.xib */,
			);
			path = PostVC;
			sourceTree = "<group>";
		};
		18AF68D52968347000B35B64 /* Extensions */ = {
			isa = PBXGroup;
			children = (
				18DE66C52966C940003324A5 /* Ex+UIView.swift */,
				18AF68DB29683DD700B35B64 /* Ex+String.swift */,
			);
			path = Extensions;
			sourceTree = "<group>";
		};
		18AF68DD296844D500B35B64 /* TVC */ = {
			isa = PBXGroup;
			children = (
				27778553296ECB9800FC0141 /* Taxi */,
				27864518296847FA000FD251 /* MyKabinet */,
				18AF68D2296833C000B35B64 /* PostTVC */,
			);
			path = TVC;
			sourceTree = "<group>";
		};
		18DA32E8296C1EF20066FF9C /* Alert */ = {
			isa = PBXGroup;
			children = (
				18DA32E9296C1F050066FF9C /* Alert.swift */,
				18DA32EA296C1F050066FF9C /* Vibration.swift */,
			);
			path = Alert;
			sourceTree = "<group>";
		};
		18DE669B2965A067003324A5 = {
			isa = PBXGroup;
			children = (
				18DE66A62965A067003324A5 /* Express Courier */,
				18DE66A52965A067003324A5 /* Products */,
				0FE2E41056C2B8BB4CCEF02D /* Pods */,
				6B739F688FC3BEC377E3BA6A /* Frameworks */,
			);
			sourceTree = "<group>";
		};
		18DE66A52965A067003324A5 /* Products */ = {
			isa = PBXGroup;
			children = (
				18DE66A42965A067003324A5 /* Express Courier.app */,
			);
			name = Products;
			sourceTree = "<group>";
		};
		18DE66A62965A067003324A5 /* Express Courier */ = {
			isa = PBXGroup;
			children = (
				18DA32E8296C1EF20066FF9C /* Alert */,
				279BAAAA29681F8B0028B2EC /* AppDelegate */,
				18AF68D52968347000B35B64 /* Extensions */,
				27B7E3522966FCD700C3A69E /* CVC */,
				18AF68DD296844D500B35B64 /* TVC */,
				27B7E3502966FCC800C3A69E /* VC */,
				18DE66B02965A069003324A5 /* Assets.xcassets */,
				18DE66B22965A069003324A5 /* LaunchScreen.storyboard */,
				18DE66B52965A069003324A5 /* Info.plist */,
				27B808DB2965C0A300E1357C /* Colors.xcassets */,
			);
			path = "Express Courier";
			sourceTree = "<group>";
		};
		27197AE329680B3D00B53B25 /* Authorization */ = {
			isa = PBXGroup;
			children = (
				27197AE429680B5300B53B25 /* KabinetVC.swift */,
				27197AE529680B5300B53B25 /* KabinetVC.xib */,
				279BAAAF296825490028B2EC /* RegisterVC.swift */,
				279BAAB0296825490028B2EC /* RegisterVC.xib */,
			);
			path = Authorization;
			sourceTree = "<group>";
		};
		27347F1C2970523500D871EC /* Team */ = {
			isa = PBXGroup;
			children = (
				27347F1D2970525B00D871EC /* TeamVC.swift */,
				27347F1E2970525B00D871EC /* TeamVC.xib */,
				27A2670D297148D700294BE7 /* AddTeamVC.swift */,
				27A2670E297148D700294BE7 /* AddTeamVC.xib */,
				27A267112971571B00294BE7 /* DeleteTeamVC.swift */,
				27A267122971571B00294BE7 /* DeleteTeamVC.xib */,
			);
			path = Team;
			sourceTree = "<group>";
		};
		2777854E296EC52900FC0141 /* Taxi */ = {
			isa = PBXGroup;
			children = (
				2777854F296EC56000FC0141 /* TaxiVC.swift */,
				27778550296EC56000FC0141 /* TaxiVC.xib */,
				27347F10297028A000D871EC /* TaxiNewsModalVC.swift */,
				27347F11297028A000D871EC /* TaxiNewsModalVC.xib */,
				27347F14297038E400D871EC /* TaxiOldUserModalVC.swift */,
				27347F15297038E400D871EC /* TaxiOldUserModalVC.xib */,
			);
			path = Taxi;
			sourceTree = "<group>";
		};
		27778553296ECB9800FC0141 /* Taxi */ = {
			isa = PBXGroup;
			children = (
				27778554296ECBC200FC0141 /* TaxiFilterTVC.swift */,
				27778555296ECBC200FC0141 /* TaxiFilterTVC.xib */,
				27778561296EEF3C00FC0141 /* TaxiTVC.swift */,
				27778562296EEF3C00FC0141 /* TaxiTVC.xib */,
			);
			path = Taxi;
			sourceTree = "<group>";
		};
		27778558296ED82700FC0141 /* Taxi */ = {
			isa = PBXGroup;
			children = (
				27778559296ED85000FC0141 /* TaxiHeaderCVC.swift */,
				2777855A296ED85000FC0141 /* TaxiHeaderCVC.xib */,
			);
			path = Taxi;
			sourceTree = "<group>";
		};
		2786450F29684624000FD251 /* MyKabinet */ = {
			isa = PBXGroup;
			children = (
				18DA32C7296BFCC00066FF9C /* MyKabinetVC.swift */,
				2777854A296EBA7100FC0141 /* KuryerModalVC.swift */,
				2777854B296EBA7100FC0141 /* KuryerModalVC.xib */,
				18DA32BF296BFCC00066FF9C /* MyKabinetVC.xib */,
				18DA32BE296BFCC00066FF9C /* NotificationVC.swift */,
				18DA32BB296BFCBF0066FF9C /* PayAccountVC.swift */,
				18DA32C1296BFCC00066FF9C /* PayAccountVC.xib */,
				18DA32C0296BFCC00066FF9C /* PaymentHistoryVC.swift */,
				18DA32C2296BFCC00066FF9C /* PaymentHistoryVC.xib */,
				18DA32BC296BFCC00066FF9C /* PinkodVC.swift */,
				18DA32C4296BFCC00066FF9C /* PinkodVC.xib */,
				18DA32BD296BFCC00066FF9C /* SettingsVC.swift */,
				18DA32C3296BFCC00066FF9C /* SettingsVC.xib */,
				18DA32C6296BFCC00066FF9C /* SetupPinKodVC.swift */,
				18DA32C5296BFCC00066FF9C /* SetupPinKodVC.xib */,
				270273CE296C0B6900687A2A /* NotificationViewController.swift */,
				270273CF296C0B6900687A2A /* NotificationViewController.xib */,
				270273D2296C2FAB00687A2A /* KuryerVC.swift */,
				270273D3296C2FAB00687A2A /* KuryerVC.xib */,
			);
			path = MyKabinet;
			sourceTree = "<group>";
		};
		27864518296847FA000FD251 /* MyKabinet */ = {
			isa = PBXGroup;
			children = (
				18DA32DB296BFCE10066FF9C /* MyCategoryTVC.swift */,
				18DA32D6296BFCE10066FF9C /* MyCategoryTVC.xib */,
				18DA32D8296BFCE10066FF9C /* MyInfoTVC.swift */,
				18DA32D9296BFCE10066FF9C /* MyInfoTVC.xib */,
				18DA32D5296BFCE00066FF9C /* NotificationTVC.swift */,
				18DA32DC296BFCE10066FF9C /* NotificationTVC.xib */,
				18DA32DA296BFCE10066FF9C /* PaymentTVC.swift */,
				18DA32D7296BFCE10066FF9C /* PaymentTVC.xib */,
			);
			path = MyKabinet;
			sourceTree = "<group>";
		};
		279BAAAA29681F8B0028B2EC /* AppDelegate */ = {
			isa = PBXGroup;
			children = (
				18DE66A72965A067003324A5 /* AppDelegate.swift */,
			);
			path = AppDelegate;
			sourceTree = "<group>";
		};
		27B7E3502966FCC800C3A69E /* VC */ = {
			isa = PBXGroup;
			children = (
				27347F1C2970523500D871EC /* Team */,
				2777854E296EC52900FC0141 /* Taxi */,
				2786450F29684624000FD251 /* MyKabinet */,
				18AF68D4296833E700B35B64 /* PostVC */,
				27197AE329680B3D00B53B25 /* Authorization */,
				27B7E3532966FCE700C3A69E /* Onboarding */,
			);
			path = VC;
			sourceTree = "<group>";
		};
		27B7E3522966FCD700C3A69E /* CVC */ = {
			isa = PBXGroup;
			children = (
				27DE0AD9297057A200900AAD /* Team */,
				27778558296ED82700FC0141 /* Taxi */,
				18AF68D3296833D400B35B64 /* PostCVC */,
				27B7E3582966FEDD00C3A69E /* Onboarding */,
			);
			path = CVC;
			sourceTree = "<group>";
		};
		27B7E3532966FCE700C3A69E /* Onboarding */ = {
			isa = PBXGroup;
			children = (
				27B7E3542966FD1B00C3A69E /* OnboardingVC.swift */,
				27B7E3552966FD1B00C3A69E /* OnboardingVC.xib */,
			);
			path = Onboarding;
			sourceTree = "<group>";
		};
		27B7E3582966FEDD00C3A69E /* Onboarding */ = {
			isa = PBXGroup;
			children = (
				27B7E3592966FEF500C3A69E /* OnboardingCVC.swift */,
				27B7E35A2966FEF500C3A69E /* OnboardingCVC.xib */,
			);
			path = Onboarding;
			sourceTree = "<group>";
		};
		27DE0AD9297057A200900AAD /* Team */ = {
			isa = PBXGroup;
			children = (
				27DE0ADA297057BC00900AAD /* TeamCVC.swift */,
				27DE0ADB297057BC00900AAD /* TeamCVC.xib */,
			);
			path = Team;
			sourceTree = "<group>";
		};
		6B739F688FC3BEC377E3BA6A /* Frameworks */ = {
			isa = PBXGroup;
			children = (
				7515E66C971F51E4D1D05754 /* Pods_Express_Courier.framework */,
			);
			name = Frameworks;
			sourceTree = "<group>";
		};
/* End PBXGroup section */

/* Begin PBXNativeTarget section */
		18DE66A32965A067003324A5 /* Express Courier */ = {
			isa = PBXNativeTarget;
			buildConfigurationList = 18DE66B82965A069003324A5 /* Build configuration list for PBXNativeTarget "Express Courier" */;
			buildPhases = (
				E684A9B6C76F3B4D18D888D2 /* [CP] Check Pods Manifest.lock */,
				18DE66A02965A067003324A5 /* Sources */,
				18DE66A12965A067003324A5 /* Frameworks */,
				18DE66A22965A067003324A5 /* Resources */,
				FC9756C3989934F0F9AC82E7 /* [CP] Embed Pods Frameworks */,
			);
			buildRules = (
			);
			dependencies = (
			);
			name = "Express Courier";
			productName = "Express Courier";
			productReference = 18DE66A42965A067003324A5 /* Express Courier.app */;
			productType = "com.apple.product-type.application";
		};
/* End PBXNativeTarget section */

/* Begin PBXProject section */
		18DE669C2965A067003324A5 /* Project object */ = {
			isa = PBXProject;
			attributes = {
				BuildIndependentTargetsInParallel = 1;
				LastSwiftUpdateCheck = 1320;
				LastUpgradeCheck = 1320;
				TargetAttributes = {
					18DE66A32965A067003324A5 = {
						CreatedOnToolsVersion = 13.2.1;
					};
				};
			};
			buildConfigurationList = 18DE669F2965A067003324A5 /* Build configuration list for PBXProject "Express Courier" */;
			compatibilityVersion = "Xcode 13.0";
			developmentRegion = en;
			hasScannedForEncodings = 0;
			knownRegions = (
				en,
				Base,
			);
			mainGroup = 18DE669B2965A067003324A5;
			productRefGroup = 18DE66A52965A067003324A5 /* Products */;
			projectDirPath = "";
			projectRoot = "";
			targets = (
				18DE66A32965A067003324A5 /* Express Courier */,
			);
		};
/* End PBXProject section */

/* Begin PBXResourcesBuildPhase section */
		18DE66A22965A067003324A5 /* Resources */ = {
			isa = PBXResourcesBuildPhase;
			buildActionMask = 2147483647;
			files = (
				18DA32E4296BFCE10066FF9C /* NotificationTVC.xib in Resources */,
				27347F17297038E400D871EC /* TaxiOldUserModalVC.xib in Resources */,
				27B808DC2965C0A300E1357C /* Colors.xcassets in Resources */,
				18DA32CE296BFCC00066FF9C /* PayAccountVC.xib in Resources */,
				2777855C296ED85000FC0141 /* TaxiHeaderCVC.xib in Resources */,
				18AF68E5296858F000B35B64 /* PostInsideTVC.xib in Resources */,
				18DE66B42965A069003324A5 /* LaunchScreen.storyboard in Resources */,
				18AF68D9296836DE00B35B64 /* HeaderCVC.xib in Resources */,
				18DA32E1296BFCE10066FF9C /* MyInfoTVC.xib in Resources */,
				18DA32DF296BFCE10066FF9C /* PaymentTVC.xib in Resources */,
				279BAAB2296825490028B2EC /* RegisterVC.xib in Resources */,
				27B7E35C2966FEF500C3A69E /* OnboardingCVC.xib in Resources */,
				18AF68E129684E2D00B35B64 /* PostCVC.xib in Resources */,
				18DA32CC296BFCC00066FF9C /* MyKabinetVC.xib in Resources */,
				18DE66B12965A069003324A5 /* Assets.xcassets in Resources */,
				27DE0ADD297057BC00900AAD /* TeamCVC.xib in Resources */,
				270273D5296C2FAB00687A2A /* KuryerVC.xib in Resources */,
				18DA32DE296BFCE10066FF9C /* MyCategoryTVC.xib in Resources */,
				27197AE729680B5300B53B25 /* KabinetVC.xib in Resources */,
				18AF68F129698E5500B35B64 /* PostAgreemantVC.xib in Resources */,
				27A267142971571B00294BE7 /* DeleteTeamVC.xib in Resources */,
				27A26710297148D700294BE7 /* AddTeamVC.xib in Resources */,
				27347F13297028A000D871EC /* TaxiNewsModalVC.xib in Resources */,
				18DA32D2296BFCC10066FF9C /* SetupPinKodVC.xib in Resources */,
				27347F202970525B00D871EC /* TeamVC.xib in Resources */,
				27778564296EEF3C00FC0141 /* TaxiTVC.xib in Resources */,
				18DE66C42966C54D003324A5 /* PostVC.xib in Resources */,
				27778557296ECBC200FC0141 /* TaxiFilterTVC.xib in Resources */,
				18DA32D1296BFCC00066FF9C /* PinkodVC.xib in Resources */,
				2777854D296EBA7100FC0141 /* KuryerModalVC.xib in Resources */,
				270273D1296C0B6900687A2A /* NotificationViewController.xib in Resources */,
				18DA32CF296BFCC00066FF9C /* PaymentHistoryVC.xib in Resources */,
				18DA32D0296BFCC00066FF9C /* SettingsVC.xib in Resources */,
				18AF68F52969B15A00B35B64 /* ArrivedPostVC.xib in Resources */,
				27778552296EC56000FC0141 /* TaxiVC.xib in Resources */,
				27B7E3572966FD1B00C3A69E /* OnboardingVC.xib in Resources */,
			);
			runOnlyForDeploymentPostprocessing = 0;
		};
/* End PBXResourcesBuildPhase section */

/* Begin PBXShellScriptBuildPhase section */
		E684A9B6C76F3B4D18D888D2 /* [CP] Check Pods Manifest.lock */ = {
			isa = PBXShellScriptBuildPhase;
			buildActionMask = 2147483647;
			files = (
			);
			inputFileListPaths = (
			);
			inputPaths = (
				"${PODS_PODFILE_DIR_PATH}/Podfile.lock",
				"${PODS_ROOT}/Manifest.lock",
			);
			name = "[CP] Check Pods Manifest.lock";
			outputFileListPaths = (
			);
			outputPaths = (
				"$(DERIVED_FILE_DIR)/Pods-Express Courier-checkManifestLockResult.txt",
			);
			runOnlyForDeploymentPostprocessing = 0;
			shellPath = /bin/sh;
			shellScript = "diff \"${PODS_PODFILE_DIR_PATH}/Podfile.lock\" \"${PODS_ROOT}/Manifest.lock\" > /dev/null\nif [ $? != 0 ] ; then\n    # print error to STDERR\n    echo \"error: The sandbox is not in sync with the Podfile.lock. Run 'pod install' or update your CocoaPods installation.\" >&2\n    exit 1\nfi\n# This output is used by Xcode 'outputs' to avoid re-running this script phase.\necho \"SUCCESS\" > \"${SCRIPT_OUTPUT_FILE_0}\"\n";
			showEnvVarsInLog = 0;
		};
		FC9756C3989934F0F9AC82E7 /* [CP] Embed Pods Frameworks */ = {
			isa = PBXShellScriptBuildPhase;
			buildActionMask = 2147483647;
			files = (
			);
			inputFileListPaths = (
				"${PODS_ROOT}/Target Support Files/Pods-Express Courier/Pods-Express Courier-frameworks-${CONFIGURATION}-input-files.xcfilelist",
			);
			name = "[CP] Embed Pods Frameworks";
			outputFileListPaths = (
				"${PODS_ROOT}/Target Support Files/Pods-Express Courier/Pods-Express Courier-frameworks-${CONFIGURATION}-output-files.xcfilelist",
			);
			runOnlyForDeploymentPostprocessing = 0;
			shellPath = /bin/sh;
			shellScript = "\"${PODS_ROOT}/Target Support Files/Pods-Express Courier/Pods-Express Courier-frameworks.sh\"\n";
			showEnvVarsInLog = 0;
		};
/* End PBXShellScriptBuildPhase section */

/* Begin PBXSourcesBuildPhase section */
		18DE66A02965A067003324A5 /* Sources */ = {
			isa = PBXSourcesBuildPhase;
			buildActionMask = 2147483647;
			files = (
				2777855B296ED85000FC0141 /* TaxiHeaderCVC.swift in Sources */,
				18DA32EC296C1F060066FF9C /* Vibration.swift in Sources */,
				18DA32E0296BFCE10066FF9C /* MyInfoTVC.swift in Sources */,
				18DA32DD296BFCE10066FF9C /* NotificationTVC.swift in Sources */,
				18DA32CA296BFCC00066FF9C /* SettingsVC.swift in Sources */,
				18DA32CB296BFCC00066FF9C /* NotificationVC.swift in Sources */,
				18AF68DC29683DD700B35B64 /* Ex+String.swift in Sources */,
				18DE66C32966C54D003324A5 /* PostVC.swift in Sources */,
				18DA32E2296BFCE10066FF9C /* PaymentTVC.swift in Sources */,
				279BAAB1296825490028B2EC /* RegisterVC.swift in Sources */,
				18DA32D3296BFCC10066FF9C /* SetupPinKodVC.swift in Sources */,
				27DE0ADC297057BC00900AAD /* TeamCVC.swift in Sources */,
				18DA32EB296C1F060066FF9C /* Alert.swift in Sources */,
				27B7E35B2966FEF500C3A69E /* OnboardingCVC.swift in Sources */,
				27347F1F2970525B00D871EC /* TeamVC.swift in Sources */,
				27347F16297038E400D871EC /* TaxiOldUserModalVC.swift in Sources */,
				27A267132971571B00294BE7 /* DeleteTeamVC.swift in Sources */,
				18DA32CD296BFCC00066FF9C /* PaymentHistoryVC.swift in Sources */,
				18DA32D4296BFCC10066FF9C /* MyKabinetVC.swift in Sources */,
				27347F12297028A000D871EC /* TaxiNewsModalVC.swift in Sources */,
				18DA32C8296BFCC00066FF9C /* PayAccountVC.swift in Sources */,
				270273D4296C2FAB00687A2A /* KuryerVC.swift in Sources */,
				18AF68F029698E5500B35B64 /* PostAgreemantVC.swift in Sources */,
				18DA32C9296BFCC00066FF9C /* PinkodVC.swift in Sources */,
				18AF68E4296858F000B35B64 /* PostInsideTVC.swift in Sources */,
				27B7E3562966FD1B00C3A69E /* OnboardingVC.swift in Sources */,
				18AF68F42969B15A00B35B64 /* ArrivedPostVC.swift in Sources */,
				27778551296EC56000FC0141 /* TaxiVC.swift in Sources */,
				18DE66A82965A067003324A5 /* AppDelegate.swift in Sources */,
				27778556296ECBC200FC0141 /* TaxiFilterTVC.swift in Sources */,
				18DA32E7296C0D430066FF9C /* MainTabBarController.swift in Sources */,
				18DE66C62966C940003324A5 /* Ex+UIView.swift in Sources */,
				18AF68DA296836DE00B35B64 /* HeaderCVC.swift in Sources */,
				270273D0296C0B6900687A2A /* NotificationViewController.swift in Sources */,
				27778563296EEF3C00FC0141 /* TaxiTVC.swift in Sources */,
				18AF68E029684E2D00B35B64 /* PostCVC.swift in Sources */,
				18DA32E3296BFCE10066FF9C /* MyCategoryTVC.swift in Sources */,
				2777854C296EBA7100FC0141 /* KuryerModalVC.swift in Sources */,
				27197AE629680B5300B53B25 /* KabinetVC.swift in Sources */,
				27A2670F297148D700294BE7 /* AddTeamVC.swift in Sources */,
			);
			runOnlyForDeploymentPostprocessing = 0;
		};
/* End PBXSourcesBuildPhase section */

/* Begin PBXVariantGroup section */
		18DE66B22965A069003324A5 /* LaunchScreen.storyboard */ = {
			isa = PBXVariantGroup;
			children = (
				18DE66B32965A069003324A5 /* Base */,
			);
			name = LaunchScreen.storyboard;
			sourceTree = "<group>";
		};
/* End PBXVariantGroup section */

/* Begin XCBuildConfiguration section */
		18DE66B62965A069003324A5 /* Debug */ = {
			isa = XCBuildConfiguration;
			buildSettings = {
				ALWAYS_SEARCH_USER_PATHS = NO;
				CLANG_ANALYZER_NONNULL = YES;
				CLANG_ANALYZER_NUMBER_OBJECT_CONVERSION = YES_AGGRESSIVE;
				CLANG_CXX_LANGUAGE_STANDARD = "gnu++17";
				CLANG_CXX_LIBRARY = "libc++";
				CLANG_ENABLE_MODULES = YES;
				CLANG_ENABLE_OBJC_ARC = YES;
				CLANG_ENABLE_OBJC_WEAK = YES;
				CLANG_WARN_BLOCK_CAPTURE_AUTORELEASING = YES;
				CLANG_WARN_BOOL_CONVERSION = YES;
				CLANG_WARN_COMMA = YES;
				CLANG_WARN_CONSTANT_CONVERSION = YES;
				CLANG_WARN_DEPRECATED_OBJC_IMPLEMENTATIONS = YES;
				CLANG_WARN_DIRECT_OBJC_ISA_USAGE = YES_ERROR;
				CLANG_WARN_DOCUMENTATION_COMMENTS = YES;
				CLANG_WARN_EMPTY_BODY = YES;
				CLANG_WARN_ENUM_CONVERSION = YES;
				CLANG_WARN_INFINITE_RECURSION = YES;
				CLANG_WARN_INT_CONVERSION = YES;
				CLANG_WARN_NON_LITERAL_NULL_CONVERSION = YES;
				CLANG_WARN_OBJC_IMPLICIT_RETAIN_SELF = YES;
				CLANG_WARN_OBJC_LITERAL_CONVERSION = YES;
				CLANG_WARN_OBJC_ROOT_CLASS = YES_ERROR;
				CLANG_WARN_QUOTED_INCLUDE_IN_FRAMEWORK_HEADER = YES;
				CLANG_WARN_RANGE_LOOP_ANALYSIS = YES;
				CLANG_WARN_STRICT_PROTOTYPES = YES;
				CLANG_WARN_SUSPICIOUS_MOVE = YES;
				CLANG_WARN_UNGUARDED_AVAILABILITY = YES_AGGRESSIVE;
				CLANG_WARN_UNREACHABLE_CODE = YES;
				CLANG_WARN__DUPLICATE_METHOD_MATCH = YES;
				COPY_PHASE_STRIP = NO;
				DEBUG_INFORMATION_FORMAT = dwarf;
				ENABLE_STRICT_OBJC_MSGSEND = YES;
				ENABLE_TESTABILITY = YES;
				GCC_C_LANGUAGE_STANDARD = gnu11;
				GCC_DYNAMIC_NO_PIC = NO;
				GCC_NO_COMMON_BLOCKS = YES;
				GCC_OPTIMIZATION_LEVEL = 0;
				GCC_PREPROCESSOR_DEFINITIONS = (
					"DEBUG=1",
					"$(inherited)",
				);
				GCC_WARN_64_TO_32_BIT_CONVERSION = YES;
				GCC_WARN_ABOUT_RETURN_TYPE = YES_ERROR;
				GCC_WARN_UNDECLARED_SELECTOR = YES;
				GCC_WARN_UNINITIALIZED_AUTOS = YES_AGGRESSIVE;
				GCC_WARN_UNUSED_FUNCTION = YES;
				GCC_WARN_UNUSED_VARIABLE = YES;
				IPHONEOS_DEPLOYMENT_TARGET = 15.2;
				MTL_ENABLE_DEBUG_INFO = INCLUDE_SOURCE;
				MTL_FAST_MATH = YES;
				ONLY_ACTIVE_ARCH = YES;
				SDKROOT = iphoneos;
				SWIFT_ACTIVE_COMPILATION_CONDITIONS = DEBUG;
				SWIFT_OPTIMIZATION_LEVEL = "-Onone";
			};
			name = Debug;
		};
		18DE66B72965A069003324A5 /* Release */ = {
			isa = XCBuildConfiguration;
			buildSettings = {
				ALWAYS_SEARCH_USER_PATHS = NO;
				CLANG_ANALYZER_NONNULL = YES;
				CLANG_ANALYZER_NUMBER_OBJECT_CONVERSION = YES_AGGRESSIVE;
				CLANG_CXX_LANGUAGE_STANDARD = "gnu++17";
				CLANG_CXX_LIBRARY = "libc++";
				CLANG_ENABLE_MODULES = YES;
				CLANG_ENABLE_OBJC_ARC = YES;
				CLANG_ENABLE_OBJC_WEAK = YES;
				CLANG_WARN_BLOCK_CAPTURE_AUTORELEASING = YES;
				CLANG_WARN_BOOL_CONVERSION = YES;
				CLANG_WARN_COMMA = YES;
				CLANG_WARN_CONSTANT_CONVERSION = YES;
				CLANG_WARN_DEPRECATED_OBJC_IMPLEMENTATIONS = YES;
				CLANG_WARN_DIRECT_OBJC_ISA_USAGE = YES_ERROR;
				CLANG_WARN_DOCUMENTATION_COMMENTS = YES;
				CLANG_WARN_EMPTY_BODY = YES;
				CLANG_WARN_ENUM_CONVERSION = YES;
				CLANG_WARN_INFINITE_RECURSION = YES;
				CLANG_WARN_INT_CONVERSION = YES;
				CLANG_WARN_NON_LITERAL_NULL_CONVERSION = YES;
				CLANG_WARN_OBJC_IMPLICIT_RETAIN_SELF = YES;
				CLANG_WARN_OBJC_LITERAL_CONVERSION = YES;
				CLANG_WARN_OBJC_ROOT_CLASS = YES_ERROR;
				CLANG_WARN_QUOTED_INCLUDE_IN_FRAMEWORK_HEADER = YES;
				CLANG_WARN_RANGE_LOOP_ANALYSIS = YES;
				CLANG_WARN_STRICT_PROTOTYPES = YES;
				CLANG_WARN_SUSPICIOUS_MOVE = YES;
				CLANG_WARN_UNGUARDED_AVAILABILITY = YES_AGGRESSIVE;
				CLANG_WARN_UNREACHABLE_CODE = YES;
				CLANG_WARN__DUPLICATE_METHOD_MATCH = YES;
				COPY_PHASE_STRIP = NO;
				DEBUG_INFORMATION_FORMAT = "dwarf-with-dsym";
				ENABLE_NS_ASSERTIONS = NO;
				ENABLE_STRICT_OBJC_MSGSEND = YES;
				GCC_C_LANGUAGE_STANDARD = gnu11;
				GCC_NO_COMMON_BLOCKS = YES;
				GCC_WARN_64_TO_32_BIT_CONVERSION = YES;
				GCC_WARN_ABOUT_RETURN_TYPE = YES_ERROR;
				GCC_WARN_UNDECLARED_SELECTOR = YES;
				GCC_WARN_UNINITIALIZED_AUTOS = YES_AGGRESSIVE;
				GCC_WARN_UNUSED_FUNCTION = YES;
				GCC_WARN_UNUSED_VARIABLE = YES;
				IPHONEOS_DEPLOYMENT_TARGET = 15.2;
				MTL_ENABLE_DEBUG_INFO = NO;
				MTL_FAST_MATH = YES;
				SDKROOT = iphoneos;
				SWIFT_COMPILATION_MODE = wholemodule;
				SWIFT_OPTIMIZATION_LEVEL = "-O";
				VALIDATE_PRODUCT = YES;
			};
			name = Release;
		};
		18DE66B92965A069003324A5 /* Debug */ = {
			isa = XCBuildConfiguration;
			baseConfigurationReference = AFA739C01BEB9A5F6B80A6C5 /* Pods-Express Courier.debug.xcconfig */;
			buildSettings = {
				ASSETCATALOG_COMPILER_APPICON_NAME = AppIcon;
				ASSETCATALOG_COMPILER_GLOBAL_ACCENT_COLOR_NAME = AccentColor;
				CODE_SIGN_STYLE = Automatic;
				CURRENT_PROJECT_VERSION = 1;
				DEVELOPMENT_TEAM = P4Q44BG5PV;
				GENERATE_INFOPLIST_FILE = YES;
				INFOPLIST_FILE = "Express Courier/Info.plist";
				INFOPLIST_KEY_UIApplicationSupportsIndirectInputEvents = YES;
				INFOPLIST_KEY_UILaunchStoryboardName = LaunchScreen;
				INFOPLIST_KEY_UISupportedInterfaceOrientations_iPad = "UIInterfaceOrientationPortrait UIInterfaceOrientationPortraitUpsideDown UIInterfaceOrientationLandscapeLeft UIInterfaceOrientationLandscapeRight";
				INFOPLIST_KEY_UISupportedInterfaceOrientations_iPhone = "UIInterfaceOrientationPortrait UIInterfaceOrientationLandscapeLeft UIInterfaceOrientationLandscapeRight";
				IPHONEOS_DEPLOYMENT_TARGET = 13.0;
				LD_RUNPATH_SEARCH_PATHS = (
					"$(inherited)",
					"@executable_path/Frameworks",
				);
				MARKETING_VERSION = 1.0.0;
				PRODUCT_BUNDLE_IDENTIFIER = "Nurillo.Express-Courier";
				PRODUCT_NAME = "$(TARGET_NAME)";
				SWIFT_EMIT_LOC_STRINGS = YES;
				SWIFT_VERSION = 5.0;
				TARGETED_DEVICE_FAMILY = 1;
			};
			name = Debug;
		};
		18DE66BA2965A069003324A5 /* Release */ = {
			isa = XCBuildConfiguration;
			baseConfigurationReference = AECA3B6FA7DD6CDF1FF69094 /* Pods-Express Courier.release.xcconfig */;
			buildSettings = {
				ASSETCATALOG_COMPILER_APPICON_NAME = AppIcon;
				ASSETCATALOG_COMPILER_GLOBAL_ACCENT_COLOR_NAME = AccentColor;
				CODE_SIGN_STYLE = Automatic;
				CURRENT_PROJECT_VERSION = 1;
				DEVELOPMENT_TEAM = P4Q44BG5PV;
				GENERATE_INFOPLIST_FILE = YES;
				INFOPLIST_FILE = "Express Courier/Info.plist";
				INFOPLIST_KEY_UIApplicationSupportsIndirectInputEvents = YES;
				INFOPLIST_KEY_UILaunchStoryboardName = LaunchScreen;
				INFOPLIST_KEY_UISupportedInterfaceOrientations_iPad = "UIInterfaceOrientationPortrait UIInterfaceOrientationPortraitUpsideDown UIInterfaceOrientationLandscapeLeft UIInterfaceOrientationLandscapeRight";
				INFOPLIST_KEY_UISupportedInterfaceOrientations_iPhone = "UIInterfaceOrientationPortrait UIInterfaceOrientationLandscapeLeft UIInterfaceOrientationLandscapeRight";
				IPHONEOS_DEPLOYMENT_TARGET = 13.0;
				LD_RUNPATH_SEARCH_PATHS = (
					"$(inherited)",
					"@executable_path/Frameworks",
				);
				MARKETING_VERSION = 1.0.0;
				PRODUCT_BUNDLE_IDENTIFIER = "Nurillo.Express-Courier";
				PRODUCT_NAME = "$(TARGET_NAME)";
				SWIFT_EMIT_LOC_STRINGS = YES;
				SWIFT_VERSION = 5.0;
				TARGETED_DEVICE_FAMILY = 1;
			};
			name = Release;
		};
/* End XCBuildConfiguration section */

/* Begin XCConfigurationList section */
		18DE669F2965A067003324A5 /* Build configuration list for PBXProject "Express Courier" */ = {
			isa = XCConfigurationList;
			buildConfigurations = (
				18DE66B62965A069003324A5 /* Debug */,
				18DE66B72965A069003324A5 /* Release */,
			);
			defaultConfigurationIsVisible = 0;
			defaultConfigurationName = Release;
		};
		18DE66B82965A069003324A5 /* Build configuration list for PBXNativeTarget "Express Courier" */ = {
			isa = XCConfigurationList;
			buildConfigurations = (
				18DE66B92965A069003324A5 /* Debug */,
				18DE66BA2965A069003324A5 /* Release */,
			);
			defaultConfigurationIsVisible = 0;
			defaultConfigurationName = Release;
		};
/* End XCConfigurationList section */
	};
	rootObject = 18DE669C2965A067003324A5 /* Project object */;
}
