// !$*UTF8*$!
{
	archiveVersion = 1;
	classes = {
	};
	objectVersion = 55;
	objects = {

/* Begin PBXBuildFile section */
		1858EFC829757FED005A3492 /* ReportVC.swift in Sources */ = {isa = PBXBuildFile; fileRef = 1858EFC629757FED005A3492 /* ReportVC.swift */; };
		1858EFC929757FED005A3492 /* ReportVC.xib in Resources */ = {isa = PBXBuildFile; fileRef = 1858EFC729757FED005A3492 /* ReportVC.xib */; };
		1858EFCC29758059005A3492 /* ReportTVC.swift in Sources */ = {isa = PBXBuildFile; fileRef = 1858EFCA29758059005A3492 /* ReportTVC.swift */; };
		1858EFCD29758059005A3492 /* ReportTVC.xib in Resources */ = {isa = PBXBuildFile; fileRef = 1858EFCB29758059005A3492 /* ReportTVC.xib */; };
		1858EFD029758B34005A3492 /* SortVC.swift in Sources */ = {isa = PBXBuildFile; fileRef = 1858EFCE29758B34005A3492 /* SortVC.swift */; };
		1858EFD129758B34005A3492 /* SortVC.xib in Resources */ = {isa = PBXBuildFile; fileRef = 1858EFCF29758B34005A3492 /* SortVC.xib */; };
		1858EFD429758C9B005A3492 /* SortTVC.swift in Sources */ = {isa = PBXBuildFile; fileRef = 1858EFD229758C9B005A3492 /* SortTVC.swift */; };
		1858EFD529758C9B005A3492 /* SortTVC.xib in Resources */ = {isa = PBXBuildFile; fileRef = 1858EFD329758C9B005A3492 /* SortTVC.xib */; };
		1858EFD929759124005A3492 /* ItemCVC.swift in Sources */ = {isa = PBXBuildFile; fileRef = 1858EFD729759124005A3492 /* ItemCVC.swift */; };
		1858EFDA29759124005A3492 /* ItemCVC.xib in Resources */ = {isa = PBXBuildFile; fileRef = 1858EFD829759124005A3492 /* ItemCVC.xib */; };
		1858EFDE2976926D005A3492 /* SkretchableHeaderView.swift in Sources */ = {isa = PBXBuildFile; fileRef = 1858EFDD2976926D005A3492 /* SkretchableHeaderView.swift */; };
		1858EFE12976AD63005A3492 /* DistributionVC.swift in Sources */ = {isa = PBXBuildFile; fileRef = 1858EFDF2976AD62005A3492 /* DistributionVC.swift */; };
		1858EFE22976AD63005A3492 /* DistributionVC.xib in Resources */ = {isa = PBXBuildFile; fileRef = 1858EFE02976AD62005A3492 /* DistributionVC.xib */; };
		1858EFE52976ADC5005A3492 /* DisttributionTVC.swift in Sources */ = {isa = PBXBuildFile; fileRef = 1858EFE32976ADC5005A3492 /* DisttributionTVC.swift */; };
		1858EFE62976ADC5005A3492 /* DisttributionTVC.xib in Resources */ = {isa = PBXBuildFile; fileRef = 1858EFE42976ADC5005A3492 /* DisttributionTVC.xib */; };
		1858EFEA2976BF6C005A3492 /* PostRequest.swift in Sources */ = {isa = PBXBuildFile; fileRef = 1858EFE92976BF6C005A3492 /* PostRequest.swift */; };
		1858EFEC2976C009005A3492 /* PostResponse.swift in Sources */ = {isa = PBXBuildFile; fileRef = 1858EFEB2976C009005A3492 /* PostResponse.swift */; };
		1858EFEE2976C1ED005A3492 /* PostService.swift in Sources */ = {isa = PBXBuildFile; fileRef = 1858EFED2976C1ED005A3492 /* PostService.swift */; };
		1858EFF02976C207005A3492 /* PostRouter.swift in Sources */ = {isa = PBXBuildFile; fileRef = 1858EFEF2976C207005A3492 /* PostRouter.swift */; };
		188F45D32972B1730029FCEC /* Loader.swift in Sources */ = {isa = PBXBuildFile; fileRef = 188F45D22972B1730029FCEC /* Loader.swift */; };
		188F45D62972B19C0029FCEC /* loading.json in Resources */ = {isa = PBXBuildFile; fileRef = 188F45D52972B19C0029FCEC /* loading.json */; };
		188F45D82972B3E10029FCEC /* loader.json in Resources */ = {isa = PBXBuildFile; fileRef = 188F45D72972B3E00029FCEC /* loader.json */; };
		188F45DC2972B96D0029FCEC /* BranchListTVC.swift in Sources */ = {isa = PBXBuildFile; fileRef = 188F45DA2972B96D0029FCEC /* BranchListTVC.swift */; };
		188F45DD2972B96D0029FCEC /* BranchListTVC.xib in Resources */ = {isa = PBXBuildFile; fileRef = 188F45DB2972B96D0029FCEC /* BranchListTVC.xib */; };
		188F45DF2972BCB50029FCEC /* Ex+Int.swift in Sources */ = {isa = PBXBuildFile; fileRef = 188F45DE2972BCB50029FCEC /* Ex+Int.swift */; };
		188F45E22972C8770029FCEC /* ListBranchVC.swift in Sources */ = {isa = PBXBuildFile; fileRef = 188F45E02972C8770029FCEC /* ListBranchVC.swift */; };
		188F45E32972C8770029FCEC /* ListBranchVC.xib in Resources */ = {isa = PBXBuildFile; fileRef = 188F45E12972C8770029FCEC /* ListBranchVC.xib */; };
		188F45EB2972D1550029FCEC /* RegionsVC.xib in Resources */ = {isa = PBXBuildFile; fileRef = 188F45E92972D1550029FCEC /* RegionsVC.xib */; };
		188F45EC2972D1550029FCEC /* RegionsVC.swift in Sources */ = {isa = PBXBuildFile; fileRef = 188F45EA2972D1550029FCEC /* RegionsVC.swift */; };
		188F45F02972D1C50029FCEC /* RegionTVC.xib in Resources */ = {isa = PBXBuildFile; fileRef = 188F45EE2972D1C50029FCEC /* RegionTVC.xib */; };
		188F45F12972D1C50029FCEC /* RegionTVC.swift in Sources */ = {isa = PBXBuildFile; fileRef = 188F45EF2972D1C50029FCEC /* RegionTVC.swift */; };
		18AF68D9296836DE00B35B64 /* HeaderCVC.xib in Resources */ = {isa = PBXBuildFile; fileRef = 18AF68D7296836DE00B35B64 /* HeaderCVC.xib */; };
		18AF68DA296836DE00B35B64 /* HeaderCVC.swift in Sources */ = {isa = PBXBuildFile; fileRef = 18AF68D8296836DE00B35B64 /* HeaderCVC.swift */; };
		18AF68DC29683DD700B35B64 /* Ex+String.swift in Sources */ = {isa = PBXBuildFile; fileRef = 18AF68DB29683DD700B35B64 /* Ex+String.swift */; };
		18AF68E029684E2D00B35B64 /* PostCVC.swift in Sources */ = {isa = PBXBuildFile; fileRef = 18AF68DE29684E2D00B35B64 /* PostCVC.swift */; };
		18AF68E129684E2D00B35B64 /* PostCVC.xib in Resources */ = {isa = PBXBuildFile; fileRef = 18AF68DF29684E2D00B35B64 /* PostCVC.xib */; };
		18DA32C8296BFCC00066FF9C /* PayAccountVC.swift in Sources */ = {isa = PBXBuildFile; fileRef = 18DA32BB296BFCBF0066FF9C /* PayAccountVC.swift */; };
		18DA32C9296BFCC00066FF9C /* PinkodVC.swift in Sources */ = {isa = PBXBuildFile; fileRef = 18DA32BC296BFCC00066FF9C /* PinkodVC.swift */; };
		18DA32CA296BFCC00066FF9C /* SettingsVC.swift in Sources */ = {isa = PBXBuildFile; fileRef = 18DA32BD296BFCC00066FF9C /* SettingsVC.swift */; };
		18DA32CC296BFCC00066FF9C /* MyKabinetVC.xib in Resources */ = {isa = PBXBuildFile; fileRef = 18DA32BF296BFCC00066FF9C /* MyKabinetVC.xib */; };
		18DA32CD296BFCC00066FF9C /* PaymentHistoryVC.swift in Sources */ = {isa = PBXBuildFile; fileRef = 18DA32C0296BFCC00066FF9C /* PaymentHistoryVC.swift */; };
		18DA32CE296BFCC00066FF9C /* PayAccountVC.xib in Resources */ = {isa = PBXBuildFile; fileRef = 18DA32C1296BFCC00066FF9C /* PayAccountVC.xib */; };
		18DA32CF296BFCC00066FF9C /* PaymentHistoryVC.xib in Resources */ = {isa = PBXBuildFile; fileRef = 18DA32C2296BFCC00066FF9C /* PaymentHistoryVC.xib */; };
		18DA32D0296BFCC00066FF9C /* SettingsVC.xib in Resources */ = {isa = PBXBuildFile; fileRef = 18DA32C3296BFCC00066FF9C /* SettingsVC.xib */; };
		18DA32D1296BFCC00066FF9C /* PinkodVC.xib in Resources */ = {isa = PBXBuildFile; fileRef = 18DA32C4296BFCC00066FF9C /* PinkodVC.xib */; };
		18DA32D2296BFCC10066FF9C /* SetupPinKodVC.xib in Resources */ = {isa = PBXBuildFile; fileRef = 18DA32C5296BFCC00066FF9C /* SetupPinKodVC.xib */; };
		18DA32D3296BFCC10066FF9C /* SetupPinKodVC.swift in Sources */ = {isa = PBXBuildFile; fileRef = 18DA32C6296BFCC00066FF9C /* SetupPinKodVC.swift */; };
		18DA32D4296BFCC10066FF9C /* MyKabinetVC.swift in Sources */ = {isa = PBXBuildFile; fileRef = 18DA32C7296BFCC00066FF9C /* MyKabinetVC.swift */; };
		18DA32DD296BFCE10066FF9C /* NotificationTVC.swift in Sources */ = {isa = PBXBuildFile; fileRef = 18DA32D5296BFCE00066FF9C /* NotificationTVC.swift */; };
		18DA32DE296BFCE10066FF9C /* MyCategoryTVC.xib in Resources */ = {isa = PBXBuildFile; fileRef = 18DA32D6296BFCE10066FF9C /* MyCategoryTVC.xib */; };
		18DA32DF296BFCE10066FF9C /* PaymentTVC.xib in Resources */ = {isa = PBXBuildFile; fileRef = 18DA32D7296BFCE10066FF9C /* PaymentTVC.xib */; };
		18DA32E0296BFCE10066FF9C /* MyInfoTVC.swift in Sources */ = {isa = PBXBuildFile; fileRef = 18DA32D8296BFCE10066FF9C /* MyInfoTVC.swift */; };
		18DA32E1296BFCE10066FF9C /* MyInfoTVC.xib in Resources */ = {isa = PBXBuildFile; fileRef = 18DA32D9296BFCE10066FF9C /* MyInfoTVC.xib */; };
		18DA32E2296BFCE10066FF9C /* PaymentTVC.swift in Sources */ = {isa = PBXBuildFile; fileRef = 18DA32DA296BFCE10066FF9C /* PaymentTVC.swift */; };
		18DA32E3296BFCE10066FF9C /* MyCategoryTVC.swift in Sources */ = {isa = PBXBuildFile; fileRef = 18DA32DB296BFCE10066FF9C /* MyCategoryTVC.swift */; };
		18DA32E4296BFCE10066FF9C /* NotificationTVC.xib in Resources */ = {isa = PBXBuildFile; fileRef = 18DA32DC296BFCE10066FF9C /* NotificationTVC.xib */; };
		18DA32E7296C0D430066FF9C /* MainTabBarController.swift in Sources */ = {isa = PBXBuildFile; fileRef = 18DA32E6296C0D430066FF9C /* MainTabBarController.swift */; };
		18DA32EB296C1F060066FF9C /* Alert.swift in Sources */ = {isa = PBXBuildFile; fileRef = 18DA32E9296C1F050066FF9C /* Alert.swift */; };
		18DA32EC296C1F060066FF9C /* Vibration.swift in Sources */ = {isa = PBXBuildFile; fileRef = 18DA32EA296C1F050066FF9C /* Vibration.swift */; };
		18DE66A82965A067003324A5 /* AppDelegate.swift in Sources */ = {isa = PBXBuildFile; fileRef = 18DE66A72965A067003324A5 /* AppDelegate.swift */; };
		18DE66B12965A069003324A5 /* Assets.xcassets in Resources */ = {isa = PBXBuildFile; fileRef = 18DE66B02965A069003324A5 /* Assets.xcassets */; };
		18DE66B42965A069003324A5 /* LaunchScreen.storyboard in Resources */ = {isa = PBXBuildFile; fileRef = 18DE66B22965A069003324A5 /* LaunchScreen.storyboard */; };
		18DE66C62966C940003324A5 /* Ex+UIView.swift in Sources */ = {isa = PBXBuildFile; fileRef = 18DE66C52966C940003324A5 /* Ex+UIView.swift */; };
		270273D0296C0B6900687A2A /* NotificationViewController.swift in Sources */ = {isa = PBXBuildFile; fileRef = 270273CE296C0B6900687A2A /* NotificationViewController.swift */; };
		270273D1296C0B6900687A2A /* NotificationViewController.xib in Resources */ = {isa = PBXBuildFile; fileRef = 270273CF296C0B6900687A2A /* NotificationViewController.xib */; };
		2718BF70297183B700DC0A8A /* ChatVC.swift in Sources */ = {isa = PBXBuildFile; fileRef = 2718BF64297183B700DC0A8A /* ChatVC.swift */; };
		2718BF71297183B700DC0A8A /* EnterTimerVC.swift in Sources */ = {isa = PBXBuildFile; fileRef = 2718BF65297183B700DC0A8A /* EnterTimerVC.swift */; };
		2718BF72297183B700DC0A8A /* FinishOrderVC.xib in Resources */ = {isa = PBXBuildFile; fileRef = 2718BF66297183B700DC0A8A /* FinishOrderVC.xib */; };
		2718BF73297183B700DC0A8A /* EnterTimerVC.xib in Resources */ = {isa = PBXBuildFile; fileRef = 2718BF67297183B700DC0A8A /* EnterTimerVC.xib */; };
		2718BF74297183B700DC0A8A /* PostVC.xib in Resources */ = {isa = PBXBuildFile; fileRef = 2718BF68297183B700DC0A8A /* PostVC.xib */; };
		2718BF75297183B700DC0A8A /* ArrivedPostVC.swift in Sources */ = {isa = PBXBuildFile; fileRef = 2718BF69297183B700DC0A8A /* ArrivedPostVC.swift */; };
		2718BF76297183B700DC0A8A /* FinishOrderVC.swift in Sources */ = {isa = PBXBuildFile; fileRef = 2718BF6A297183B700DC0A8A /* FinishOrderVC.swift */; };
		2718BF77297183B700DC0A8A /* PostAgreemantVC.swift in Sources */ = {isa = PBXBuildFile; fileRef = 2718BF6B297183B700DC0A8A /* PostAgreemantVC.swift */; };
		2718BF78297183B700DC0A8A /* PostAgreemantVC.xib in Resources */ = {isa = PBXBuildFile; fileRef = 2718BF6C297183B700DC0A8A /* PostAgreemantVC.xib */; };
		2718BF79297183B700DC0A8A /* ArrivedPostVC.xib in Resources */ = {isa = PBXBuildFile; fileRef = 2718BF6D297183B700DC0A8A /* ArrivedPostVC.xib */; };
		2718BF7A297183B700DC0A8A /* ChatVC.xib in Resources */ = {isa = PBXBuildFile; fileRef = 2718BF6E297183B700DC0A8A /* ChatVC.xib */; };
		2718BF7B297183B700DC0A8A /* PostVC.swift in Sources */ = {isa = PBXBuildFile; fileRef = 2718BF6F297183B700DC0A8A /* PostVC.swift */; };
		2718BF82297183D100DC0A8A /* PostInsideTVC.swift in Sources */ = {isa = PBXBuildFile; fileRef = 2718BF7C297183D000DC0A8A /* PostInsideTVC.swift */; };
		2718BF83297183D100DC0A8A /* ArrivedItemTVC.xib in Resources */ = {isa = PBXBuildFile; fileRef = 2718BF7D297183D000DC0A8A /* ArrivedItemTVC.xib */; };
		2718BF84297183D100DC0A8A /* ChatTVC.xib in Resources */ = {isa = PBXBuildFile; fileRef = 2718BF7E297183D000DC0A8A /* ChatTVC.xib */; };
		2718BF85297183D100DC0A8A /* ArrivedItemTVC.swift in Sources */ = {isa = PBXBuildFile; fileRef = 2718BF7F297183D000DC0A8A /* ArrivedItemTVC.swift */; };
		2718BF86297183D100DC0A8A /* ChatTVC.swift in Sources */ = {isa = PBXBuildFile; fileRef = 2718BF80297183D000DC0A8A /* ChatTVC.swift */; };
		2718BF87297183D100DC0A8A /* PostInsideTVC.xib in Resources */ = {isa = PBXBuildFile; fileRef = 2718BF81297183D100DC0A8A /* PostInsideTVC.xib */; };
		2718BF8B297185C900DC0A8A /* Cache.swift in Sources */ = {isa = PBXBuildFile; fileRef = 2718BF89297185C900DC0A8A /* Cache.swift */; };
		2718BF8C297185C900DC0A8A /* Keys.swift in Sources */ = {isa = PBXBuildFile; fileRef = 2718BF8A297185C900DC0A8A /* Keys.swift */; };
		2718BFC5297186C700DC0A8A /* AnalysisResponseMonitor.swift in Sources */ = {isa = PBXBuildFile; fileRef = 2718BF9B297186C700DC0A8A /* AnalysisResponseMonitor.swift */; };
		2718BFCC297186C700DC0A8A /* AuthResponse.swift in Sources */ = {isa = PBXBuildFile; fileRef = 2718BFA3297186C700DC0A8A /* AuthResponse.swift */; };
		2718BFCD297186C700DC0A8A /* NetworkDecoder.swift in Sources */ = {isa = PBXBuildFile; fileRef = 2718BFA5297186C700DC0A8A /* NetworkDecoder.swift */; };
		2718BFCE297186C700DC0A8A /* Header.swift in Sources */ = {isa = PBXBuildFile; fileRef = 2718BFA6297186C700DC0A8A /* Header.swift */; };
		2718BFCF297186C700DC0A8A /* NetworkExtensions.swift in Sources */ = {isa = PBXBuildFile; fileRef = 2718BFA7297186C700DC0A8A /* NetworkExtensions.swift */; };
		2718BFD0297186C700DC0A8A /* NetworkLogger.swift in Sources */ = {isa = PBXBuildFile; fileRef = 2718BFA8297186C700DC0A8A /* NetworkLogger.swift */; };
		2718BFD1297186C700DC0A8A /* NetworkError.swift in Sources */ = {isa = PBXBuildFile; fileRef = 2718BFA9297186C700DC0A8A /* NetworkError.swift */; };
		2718BFD2297186C700DC0A8A /* AuthRequest.swift in Sources */ = {isa = PBXBuildFile; fileRef = 2718BFAB297186C700DC0A8A /* AuthRequest.swift */; };
		2718BFD8297186C700DC0A8A /* NetworkFlowDelegate.swift in Sources */ = {isa = PBXBuildFile; fileRef = 2718BFB2297186C700DC0A8A /* NetworkFlowDelegate.swift */; };
		2718BFD9297186C700DC0A8A /* BaseURLRequestConvertible.swift in Sources */ = {isa = PBXBuildFile; fileRef = 2718BFB3297186C700DC0A8A /* BaseURLRequestConvertible.swift */; };
		2718BFDA297186C700DC0A8A /* BaseService.swift in Sources */ = {isa = PBXBuildFile; fileRef = 2718BFB4297186C700DC0A8A /* BaseService.swift */; };
		2718BFDB297186C700DC0A8A /* Domain.swift in Sources */ = {isa = PBXBuildFile; fileRef = 2718BFB5297186C700DC0A8A /* Domain.swift */; };
		2718BFE0297186C700DC0A8A /* AuthService.swift in Sources */ = {isa = PBXBuildFile; fileRef = 2718BFBB297186C700DC0A8A /* AuthService.swift */; };
		27197AE629680B5300B53B25 /* KabinetVC.swift in Sources */ = {isa = PBXBuildFile; fileRef = 27197AE429680B5300B53B25 /* KabinetVC.swift */; };
		27197AE729680B5300B53B25 /* KabinetVC.xib in Resources */ = {isa = PBXBuildFile; fileRef = 27197AE529680B5300B53B25 /* KabinetVC.xib */; };
		27347F12297028A000D871EC /* TaxiNewsModalVC.swift in Sources */ = {isa = PBXBuildFile; fileRef = 27347F10297028A000D871EC /* TaxiNewsModalVC.swift */; };
		27347F13297028A000D871EC /* TaxiNewsModalVC.xib in Resources */ = {isa = PBXBuildFile; fileRef = 27347F11297028A000D871EC /* TaxiNewsModalVC.xib */; };
		27347F16297038E400D871EC /* TaxiOldUserModalVC.swift in Sources */ = {isa = PBXBuildFile; fileRef = 27347F14297038E400D871EC /* TaxiOldUserModalVC.swift */; };
		27347F17297038E400D871EC /* TaxiOldUserModalVC.xib in Resources */ = {isa = PBXBuildFile; fileRef = 27347F15297038E400D871EC /* TaxiOldUserModalVC.xib */; };
		27347F1F2970525B00D871EC /* TeamVC.swift in Sources */ = {isa = PBXBuildFile; fileRef = 27347F1D2970525B00D871EC /* TeamVC.swift */; };
		27347F202970525B00D871EC /* TeamVC.xib in Resources */ = {isa = PBXBuildFile; fileRef = 27347F1E2970525B00D871EC /* TeamVC.xib */; };
		2755F9E4297692100021BCB2 /* KuryerVC.swift in Sources */ = {isa = PBXBuildFile; fileRef = 2755F9E3297692100021BCB2 /* KuryerVC.swift */; };
		27692924297568AF009BF0A5 /* NewsVC.swift in Sources */ = {isa = PBXBuildFile; fileRef = 27692923297568AF009BF0A5 /* NewsVC.swift */; };
		27692926297568B8009BF0A5 /* NewsVC.xib in Resources */ = {isa = PBXBuildFile; fileRef = 27692925297568B8009BF0A5 /* NewsVC.xib */; };
		27692928297568DA009BF0A5 /* NewTVC.swift in Sources */ = {isa = PBXBuildFile; fileRef = 27692927297568DA009BF0A5 /* NewTVC.swift */; };
		2769292A297568DF009BF0A5 /* NewTVC.xib in Resources */ = {isa = PBXBuildFile; fileRef = 27692929297568DF009BF0A5 /* NewTVC.xib */; };
		2769292C297568FA009BF0A5 /* AboutNewVC.swift in Sources */ = {isa = PBXBuildFile; fileRef = 2769292B297568FA009BF0A5 /* AboutNewVC.swift */; };
		2769292E297568FE009BF0A5 /* AboutNewVC.xib in Resources */ = {isa = PBXBuildFile; fileRef = 2769292D297568FE009BF0A5 /* AboutNewVC.xib */; };
		2769293129756C52009BF0A5 /* AboutAppVC.swift in Sources */ = {isa = PBXBuildFile; fileRef = 2769292F29756C52009BF0A5 /* AboutAppVC.swift */; };
		2769293229756C52009BF0A5 /* AboutAppVC.xib in Resources */ = {isa = PBXBuildFile; fileRef = 2769293029756C52009BF0A5 /* AboutAppVC.xib */; };
		277388CF2977DD4500054CC4 /* TeamRequest.swift in Sources */ = {isa = PBXBuildFile; fileRef = 277388CE2977DD4500054CC4 /* TeamRequest.swift */; };
		277388D12977DD9D00054CC4 /* TeamResponse.swift in Sources */ = {isa = PBXBuildFile; fileRef = 277388D02977DD9D00054CC4 /* TeamResponse.swift */; };
		277388D32977DEA400054CC4 /* TeamRouter.swift in Sources */ = {isa = PBXBuildFile; fileRef = 277388D22977DEA400054CC4 /* TeamRouter.swift */; };
		277388D52977DFA200054CC4 /* TeamService.swift in Sources */ = {isa = PBXBuildFile; fileRef = 277388D42977DFA200054CC4 /* TeamService.swift */; };
		277388D8297805D500054CC4 /* OtpPhoneNumberVC.swift in Sources */ = {isa = PBXBuildFile; fileRef = 277388D6297805D500054CC4 /* OtpPhoneNumberVC.swift */; };
		277388D9297805D500054CC4 /* OtpPhoneNumberVC.xib in Resources */ = {isa = PBXBuildFile; fileRef = 277388D7297805D500054CC4 /* OtpPhoneNumberVC.xib */; };
		277388E32978106A00054CC4 /* OtpVC.swift in Sources */ = {isa = PBXBuildFile; fileRef = 277388E12978106A00054CC4 /* OtpVC.swift */; };
		277388E42978106A00054CC4 /* OtpVC.xib in Resources */ = {isa = PBXBuildFile; fileRef = 277388E22978106A00054CC4 /* OtpVC.xib */; };
		277388E72978109100054CC4 /* OTPFieldView.swift in Sources */ = {isa = PBXBuildFile; fileRef = 277388E52978109100054CC4 /* OTPFieldView.swift */; };
		277388E82978109100054CC4 /* OTPTextField.swift in Sources */ = {isa = PBXBuildFile; fileRef = 277388E62978109100054CC4 /* OTPTextField.swift */; };
		277388EB29782A3E00054CC4 /* ResetPasswordVC.swift in Sources */ = {isa = PBXBuildFile; fileRef = 277388E929782A3E00054CC4 /* ResetPasswordVC.swift */; };
		277388EC29782A3E00054CC4 /* ResetPasswordVC.xib in Resources */ = {isa = PBXBuildFile; fileRef = 277388EA29782A3E00054CC4 /* ResetPasswordVC.xib */; };
		277388EE297834D100054CC4 /* KuryerVC.xib in Resources */ = {isa = PBXBuildFile; fileRef = 277388ED297834D100054CC4 /* KuryerVC.xib */; };
		2776B0FD2971748A00544B1E /* ListVC.swift in Sources */ = {isa = PBXBuildFile; fileRef = 2776B0FB2971748A00544B1E /* ListVC.swift */; };
		2776B0FE2971748A00544B1E /* ListVC.xib in Resources */ = {isa = PBXBuildFile; fileRef = 2776B0FC2971748A00544B1E /* ListVC.xib */; };
		2777854C296EBA7100FC0141 /* KuryerModalVC.swift in Sources */ = {isa = PBXBuildFile; fileRef = 2777854A296EBA7100FC0141 /* KuryerModalVC.swift */; };
		2777854D296EBA7100FC0141 /* KuryerModalVC.xib in Resources */ = {isa = PBXBuildFile; fileRef = 2777854B296EBA7100FC0141 /* KuryerModalVC.xib */; };
		27778551296EC56000FC0141 /* TaxiVC.swift in Sources */ = {isa = PBXBuildFile; fileRef = 2777854F296EC56000FC0141 /* TaxiVC.swift */; };
		27778552296EC56000FC0141 /* TaxiVC.xib in Resources */ = {isa = PBXBuildFile; fileRef = 27778550296EC56000FC0141 /* TaxiVC.xib */; };
		27778556296ECBC200FC0141 /* TaxiFilterTVC.swift in Sources */ = {isa = PBXBuildFile; fileRef = 27778554296ECBC200FC0141 /* TaxiFilterTVC.swift */; };
		27778557296ECBC200FC0141 /* TaxiFilterTVC.xib in Resources */ = {isa = PBXBuildFile; fileRef = 27778555296ECBC200FC0141 /* TaxiFilterTVC.xib */; };
		2777855B296ED85000FC0141 /* TaxiHeaderCVC.swift in Sources */ = {isa = PBXBuildFile; fileRef = 27778559296ED85000FC0141 /* TaxiHeaderCVC.swift */; };
		2777855C296ED85000FC0141 /* TaxiHeaderCVC.xib in Resources */ = {isa = PBXBuildFile; fileRef = 2777855A296ED85000FC0141 /* TaxiHeaderCVC.xib */; };
		27778563296EEF3C00FC0141 /* TaxiTVC.swift in Sources */ = {isa = PBXBuildFile; fileRef = 27778561296EEF3C00FC0141 /* TaxiTVC.swift */; };
		27778564296EEF3C00FC0141 /* TaxiTVC.xib in Resources */ = {isa = PBXBuildFile; fileRef = 27778562296EEF3C00FC0141 /* TaxiTVC.xib */; };
		279BAAB1296825490028B2EC /* RegisterVC.swift in Sources */ = {isa = PBXBuildFile; fileRef = 279BAAAF296825490028B2EC /* RegisterVC.swift */; };
		279BAAB2296825490028B2EC /* RegisterVC.xib in Resources */ = {isa = PBXBuildFile; fileRef = 279BAAB0296825490028B2EC /* RegisterVC.xib */; };
		27A2670F297148D700294BE7 /* AddTeamVC.swift in Sources */ = {isa = PBXBuildFile; fileRef = 27A2670D297148D700294BE7 /* AddTeamVC.swift */; };
		27A26710297148D700294BE7 /* AddTeamVC.xib in Resources */ = {isa = PBXBuildFile; fileRef = 27A2670E297148D700294BE7 /* AddTeamVC.xib */; };
		27A267132971571B00294BE7 /* DeleteTeamVC.swift in Sources */ = {isa = PBXBuildFile; fileRef = 27A267112971571B00294BE7 /* DeleteTeamVC.swift */; };
		27A267142971571B00294BE7 /* DeleteTeamVC.xib in Resources */ = {isa = PBXBuildFile; fileRef = 27A267122971571B00294BE7 /* DeleteTeamVC.xib */; };
		27B7E3562966FD1B00C3A69E /* OnboardingVC.swift in Sources */ = {isa = PBXBuildFile; fileRef = 27B7E3542966FD1B00C3A69E /* OnboardingVC.swift */; };
		27B7E3572966FD1B00C3A69E /* OnboardingVC.xib in Resources */ = {isa = PBXBuildFile; fileRef = 27B7E3552966FD1B00C3A69E /* OnboardingVC.xib */; };
		27B7E35B2966FEF500C3A69E /* OnboardingCVC.swift in Sources */ = {isa = PBXBuildFile; fileRef = 27B7E3592966FEF500C3A69E /* OnboardingCVC.swift */; };
		27B7E35C2966FEF500C3A69E /* OnboardingCVC.xib in Resources */ = {isa = PBXBuildFile; fileRef = 27B7E35A2966FEF500C3A69E /* OnboardingCVC.xib */; };
		27B808DC2965C0A300E1357C /* Colors.xcassets in Resources */ = {isa = PBXBuildFile; fileRef = 27B808DB2965C0A300E1357C /* Colors.xcassets */; };
		27CD00532971896B0088449B /* AuthRouter.swift in Sources */ = {isa = PBXBuildFile; fileRef = 27CD00522971896B0088449B /* AuthRouter.swift */; };
		27CD00552971A2A20088449B /* UserResponse.swift in Sources */ = {isa = PBXBuildFile; fileRef = 27CD00542971A2A20088449B /* UserResponse.swift */; };
		27CD00572971A3C40088449B /* UserRouter.swift in Sources */ = {isa = PBXBuildFile; fileRef = 27CD00562971A3C40088449B /* UserRouter.swift */; };
		27CD00592971A4E50088449B /* UserService.swift in Sources */ = {isa = PBXBuildFile; fileRef = 27CD00582971A4E50088449B /* UserService.swift */; };
		27CD005B2971ADBC0088449B /* UserRequest.swift in Sources */ = {isa = PBXBuildFile; fileRef = 27CD005A2971ADBC0088449B /* UserRequest.swift */; };
		27D9E0A9297577C7002F57A2 /* TaxiResponse.swift in Sources */ = {isa = PBXBuildFile; fileRef = 27D9E0A8297577C7002F57A2 /* TaxiResponse.swift */; };
		27D9E0AB29757F43002F57A2 /* TaxiRouter.swift in Sources */ = {isa = PBXBuildFile; fileRef = 27D9E0AA29757F43002F57A2 /* TaxiRouter.swift */; };
		27D9E0AD29757FC0002F57A2 /* TaxiRequest.swift in Sources */ = {isa = PBXBuildFile; fileRef = 27D9E0AC29757FC0002F57A2 /* TaxiRequest.swift */; };
		27D9E0AF29758030002F57A2 /* TaxiService.swift in Sources */ = {isa = PBXBuildFile; fileRef = 27D9E0AE29758030002F57A2 /* TaxiService.swift */; };
		27DE0ADC297057BC00900AAD /* TeamCVC.swift in Sources */ = {isa = PBXBuildFile; fileRef = 27DE0ADA297057BC00900AAD /* TeamCVC.swift */; };
		27DE0ADD297057BC00900AAD /* TeamCVC.xib in Resources */ = {isa = PBXBuildFile; fileRef = 27DE0ADB297057BC00900AAD /* TeamCVC.xib */; };
		305AA461FD9762D2FB4069B3 /* Pods_Express_Courier.framework in Frameworks */ = {isa = PBXBuildFile; fileRef = 7515E66C971F51E4D1D05754 /* Pods_Express_Courier.framework */; };
/* End PBXBuildFile section */

/* Begin PBXFileReference section */
		1858EFC629757FED005A3492 /* ReportVC.swift */ = {isa = PBXFileReference; lastKnownFileType = sourcecode.swift; path = ReportVC.swift; sourceTree = "<group>"; };
		1858EFC729757FED005A3492 /* ReportVC.xib */ = {isa = PBXFileReference; lastKnownFileType = file.xib; path = ReportVC.xib; sourceTree = "<group>"; };
		1858EFCA29758059005A3492 /* ReportTVC.swift */ = {isa = PBXFileReference; lastKnownFileType = sourcecode.swift; path = ReportTVC.swift; sourceTree = "<group>"; };
		1858EFCB29758059005A3492 /* ReportTVC.xib */ = {isa = PBXFileReference; lastKnownFileType = file.xib; path = ReportTVC.xib; sourceTree = "<group>"; };
		1858EFCE29758B34005A3492 /* SortVC.swift */ = {isa = PBXFileReference; lastKnownFileType = sourcecode.swift; path = SortVC.swift; sourceTree = "<group>"; };
		1858EFCF29758B34005A3492 /* SortVC.xib */ = {isa = PBXFileReference; lastKnownFileType = file.xib; path = SortVC.xib; sourceTree = "<group>"; };
		1858EFD229758C9B005A3492 /* SortTVC.swift */ = {isa = PBXFileReference; lastKnownFileType = sourcecode.swift; path = SortTVC.swift; sourceTree = "<group>"; };
		1858EFD329758C9B005A3492 /* SortTVC.xib */ = {isa = PBXFileReference; lastKnownFileType = file.xib; path = SortTVC.xib; sourceTree = "<group>"; };
		1858EFD729759124005A3492 /* ItemCVC.swift */ = {isa = PBXFileReference; lastKnownFileType = sourcecode.swift; path = ItemCVC.swift; sourceTree = "<group>"; };
		1858EFD829759124005A3492 /* ItemCVC.xib */ = {isa = PBXFileReference; lastKnownFileType = file.xib; path = ItemCVC.xib; sourceTree = "<group>"; };
		1858EFDD2976926D005A3492 /* SkretchableHeaderView.swift */ = {isa = PBXFileReference; lastKnownFileType = sourcecode.swift; path = SkretchableHeaderView.swift; sourceTree = "<group>"; };
		1858EFDF2976AD62005A3492 /* DistributionVC.swift */ = {isa = PBXFileReference; lastKnownFileType = sourcecode.swift; path = DistributionVC.swift; sourceTree = "<group>"; };
		1858EFE02976AD62005A3492 /* DistributionVC.xib */ = {isa = PBXFileReference; lastKnownFileType = file.xib; path = DistributionVC.xib; sourceTree = "<group>"; };
		1858EFE32976ADC5005A3492 /* DisttributionTVC.swift */ = {isa = PBXFileReference; lastKnownFileType = sourcecode.swift; path = DisttributionTVC.swift; sourceTree = "<group>"; };
		1858EFE42976ADC5005A3492 /* DisttributionTVC.xib */ = {isa = PBXFileReference; lastKnownFileType = file.xib; path = DisttributionTVC.xib; sourceTree = "<group>"; };
		1858EFE92976BF6C005A3492 /* PostRequest.swift */ = {isa = PBXFileReference; lastKnownFileType = sourcecode.swift; path = PostRequest.swift; sourceTree = "<group>"; };
		1858EFEB2976C009005A3492 /* PostResponse.swift */ = {isa = PBXFileReference; lastKnownFileType = sourcecode.swift; path = PostResponse.swift; sourceTree = "<group>"; };
		1858EFED2976C1ED005A3492 /* PostService.swift */ = {isa = PBXFileReference; lastKnownFileType = sourcecode.swift; path = PostService.swift; sourceTree = "<group>"; };
		1858EFEF2976C207005A3492 /* PostRouter.swift */ = {isa = PBXFileReference; lastKnownFileType = sourcecode.swift; path = PostRouter.swift; sourceTree = "<group>"; };
		188F45D22972B1730029FCEC /* Loader.swift */ = {isa = PBXFileReference; fileEncoding = 4; lastKnownFileType = sourcecode.swift; path = Loader.swift; sourceTree = "<group>"; };
		188F45D52972B19C0029FCEC /* loading.json */ = {isa = PBXFileReference; fileEncoding = 4; lastKnownFileType = text.json; path = loading.json; sourceTree = "<group>"; };
		188F45D72972B3E00029FCEC /* loader.json */ = {isa = PBXFileReference; fileEncoding = 4; lastKnownFileType = text.json; path = loader.json; sourceTree = "<group>"; };
		188F45DA2972B96D0029FCEC /* BranchListTVC.swift */ = {isa = PBXFileReference; lastKnownFileType = sourcecode.swift; path = BranchListTVC.swift; sourceTree = "<group>"; };
		188F45DB2972B96D0029FCEC /* BranchListTVC.xib */ = {isa = PBXFileReference; lastKnownFileType = file.xib; path = BranchListTVC.xib; sourceTree = "<group>"; };
		188F45DE2972BCB50029FCEC /* Ex+Int.swift */ = {isa = PBXFileReference; fileEncoding = 4; lastKnownFileType = sourcecode.swift; path = "Ex+Int.swift"; sourceTree = "<group>"; };
		188F45E02972C8770029FCEC /* ListBranchVC.swift */ = {isa = PBXFileReference; lastKnownFileType = sourcecode.swift; path = ListBranchVC.swift; sourceTree = "<group>"; };
		188F45E12972C8770029FCEC /* ListBranchVC.xib */ = {isa = PBXFileReference; lastKnownFileType = file.xib; path = ListBranchVC.xib; sourceTree = "<group>"; };
		188F45E92972D1550029FCEC /* RegionsVC.xib */ = {isa = PBXFileReference; fileEncoding = 4; lastKnownFileType = file.xib; path = RegionsVC.xib; sourceTree = "<group>"; };
		188F45EA2972D1550029FCEC /* RegionsVC.swift */ = {isa = PBXFileReference; fileEncoding = 4; lastKnownFileType = sourcecode.swift; path = RegionsVC.swift; sourceTree = "<group>"; };
		188F45EE2972D1C50029FCEC /* RegionTVC.xib */ = {isa = PBXFileReference; fileEncoding = 4; lastKnownFileType = file.xib; path = RegionTVC.xib; sourceTree = "<group>"; };
		188F45EF2972D1C50029FCEC /* RegionTVC.swift */ = {isa = PBXFileReference; fileEncoding = 4; lastKnownFileType = sourcecode.swift; path = RegionTVC.swift; sourceTree = "<group>"; };
		18AF68D7296836DE00B35B64 /* HeaderCVC.xib */ = {isa = PBXFileReference; fileEncoding = 4; lastKnownFileType = file.xib; path = HeaderCVC.xib; sourceTree = "<group>"; };
		18AF68D8296836DE00B35B64 /* HeaderCVC.swift */ = {isa = PBXFileReference; fileEncoding = 4; lastKnownFileType = sourcecode.swift; path = HeaderCVC.swift; sourceTree = "<group>"; };
		18AF68DB29683DD700B35B64 /* Ex+String.swift */ = {isa = PBXFileReference; lastKnownFileType = sourcecode.swift; path = "Ex+String.swift"; sourceTree = "<group>"; };
		18AF68DE29684E2D00B35B64 /* PostCVC.swift */ = {isa = PBXFileReference; lastKnownFileType = sourcecode.swift; path = PostCVC.swift; sourceTree = "<group>"; };
		18AF68DF29684E2D00B35B64 /* PostCVC.xib */ = {isa = PBXFileReference; lastKnownFileType = file.xib; path = PostCVC.xib; sourceTree = "<group>"; };
		18DA32BB296BFCBF0066FF9C /* PayAccountVC.swift */ = {isa = PBXFileReference; fileEncoding = 4; lastKnownFileType = sourcecode.swift; path = PayAccountVC.swift; sourceTree = "<group>"; };
		18DA32BC296BFCC00066FF9C /* PinkodVC.swift */ = {isa = PBXFileReference; fileEncoding = 4; lastKnownFileType = sourcecode.swift; path = PinkodVC.swift; sourceTree = "<group>"; };
		18DA32BD296BFCC00066FF9C /* SettingsVC.swift */ = {isa = PBXFileReference; fileEncoding = 4; lastKnownFileType = sourcecode.swift; path = SettingsVC.swift; sourceTree = "<group>"; };
		18DA32BF296BFCC00066FF9C /* MyKabinetVC.xib */ = {isa = PBXFileReference; fileEncoding = 4; lastKnownFileType = file.xib; path = MyKabinetVC.xib; sourceTree = "<group>"; };
		18DA32C0296BFCC00066FF9C /* PaymentHistoryVC.swift */ = {isa = PBXFileReference; fileEncoding = 4; lastKnownFileType = sourcecode.swift; path = PaymentHistoryVC.swift; sourceTree = "<group>"; };
		18DA32C1296BFCC00066FF9C /* PayAccountVC.xib */ = {isa = PBXFileReference; fileEncoding = 4; lastKnownFileType = file.xib; path = PayAccountVC.xib; sourceTree = "<group>"; };
		18DA32C2296BFCC00066FF9C /* PaymentHistoryVC.xib */ = {isa = PBXFileReference; fileEncoding = 4; lastKnownFileType = file.xib; path = PaymentHistoryVC.xib; sourceTree = "<group>"; };
		18DA32C3296BFCC00066FF9C /* SettingsVC.xib */ = {isa = PBXFileReference; fileEncoding = 4; lastKnownFileType = file.xib; path = SettingsVC.xib; sourceTree = "<group>"; };
		18DA32C4296BFCC00066FF9C /* PinkodVC.xib */ = {isa = PBXFileReference; fileEncoding = 4; lastKnownFileType = file.xib; path = PinkodVC.xib; sourceTree = "<group>"; };
		18DA32C5296BFCC00066FF9C /* SetupPinKodVC.xib */ = {isa = PBXFileReference; fileEncoding = 4; lastKnownFileType = file.xib; path = SetupPinKodVC.xib; sourceTree = "<group>"; };
		18DA32C6296BFCC00066FF9C /* SetupPinKodVC.swift */ = {isa = PBXFileReference; fileEncoding = 4; lastKnownFileType = sourcecode.swift; path = SetupPinKodVC.swift; sourceTree = "<group>"; };
		18DA32C7296BFCC00066FF9C /* MyKabinetVC.swift */ = {isa = PBXFileReference; fileEncoding = 4; lastKnownFileType = sourcecode.swift; path = MyKabinetVC.swift; sourceTree = "<group>"; };
		18DA32D5296BFCE00066FF9C /* NotificationTVC.swift */ = {isa = PBXFileReference; fileEncoding = 4; lastKnownFileType = sourcecode.swift; path = NotificationTVC.swift; sourceTree = "<group>"; };
		18DA32D6296BFCE10066FF9C /* MyCategoryTVC.xib */ = {isa = PBXFileReference; fileEncoding = 4; lastKnownFileType = file.xib; path = MyCategoryTVC.xib; sourceTree = "<group>"; };
		18DA32D7296BFCE10066FF9C /* PaymentTVC.xib */ = {isa = PBXFileReference; fileEncoding = 4; lastKnownFileType = file.xib; path = PaymentTVC.xib; sourceTree = "<group>"; };
		18DA32D8296BFCE10066FF9C /* MyInfoTVC.swift */ = {isa = PBXFileReference; fileEncoding = 4; lastKnownFileType = sourcecode.swift; path = MyInfoTVC.swift; sourceTree = "<group>"; };
		18DA32D9296BFCE10066FF9C /* MyInfoTVC.xib */ = {isa = PBXFileReference; fileEncoding = 4; lastKnownFileType = file.xib; path = MyInfoTVC.xib; sourceTree = "<group>"; };
		18DA32DA296BFCE10066FF9C /* PaymentTVC.swift */ = {isa = PBXFileReference; fileEncoding = 4; lastKnownFileType = sourcecode.swift; path = PaymentTVC.swift; sourceTree = "<group>"; };
		18DA32DB296BFCE10066FF9C /* MyCategoryTVC.swift */ = {isa = PBXFileReference; fileEncoding = 4; lastKnownFileType = sourcecode.swift; path = MyCategoryTVC.swift; sourceTree = "<group>"; };
		18DA32DC296BFCE10066FF9C /* NotificationTVC.xib */ = {isa = PBXFileReference; fileEncoding = 4; lastKnownFileType = file.xib; path = NotificationTVC.xib; sourceTree = "<group>"; };
		18DA32E6296C0D430066FF9C /* MainTabBarController.swift */ = {isa = PBXFileReference; fileEncoding = 4; lastKnownFileType = sourcecode.swift; path = MainTabBarController.swift; sourceTree = "<group>"; };
		18DA32E9296C1F050066FF9C /* Alert.swift */ = {isa = PBXFileReference; fileEncoding = 4; lastKnownFileType = sourcecode.swift; path = Alert.swift; sourceTree = "<group>"; };
		18DA32EA296C1F050066FF9C /* Vibration.swift */ = {isa = PBXFileReference; fileEncoding = 4; lastKnownFileType = sourcecode.swift; path = Vibration.swift; sourceTree = "<group>"; };
		18DE66A42965A067003324A5 /* Express Courier.app */ = {isa = PBXFileReference; explicitFileType = wrapper.application; includeInIndex = 0; path = "Express Courier.app"; sourceTree = BUILT_PRODUCTS_DIR; };
		18DE66A72965A067003324A5 /* AppDelegate.swift */ = {isa = PBXFileReference; lastKnownFileType = sourcecode.swift; path = AppDelegate.swift; sourceTree = "<group>"; };
		18DE66B02965A069003324A5 /* Assets.xcassets */ = {isa = PBXFileReference; lastKnownFileType = folder.assetcatalog; path = Assets.xcassets; sourceTree = "<group>"; };
		18DE66B32965A069003324A5 /* Base */ = {isa = PBXFileReference; lastKnownFileType = file.storyboard; name = Base; path = Base.lproj/LaunchScreen.storyboard; sourceTree = "<group>"; };
		18DE66B52965A069003324A5 /* Info.plist */ = {isa = PBXFileReference; lastKnownFileType = text.plist.xml; path = Info.plist; sourceTree = "<group>"; };
		18DE66C52966C940003324A5 /* Ex+UIView.swift */ = {isa = PBXFileReference; fileEncoding = 4; lastKnownFileType = sourcecode.swift; path = "Ex+UIView.swift"; sourceTree = "<group>"; };
		270273CE296C0B6900687A2A /* NotificationViewController.swift */ = {isa = PBXFileReference; lastKnownFileType = sourcecode.swift; path = NotificationViewController.swift; sourceTree = "<group>"; };
		270273CF296C0B6900687A2A /* NotificationViewController.xib */ = {isa = PBXFileReference; lastKnownFileType = file.xib; path = NotificationViewController.xib; sourceTree = "<group>"; };
		2718BF64297183B700DC0A8A /* ChatVC.swift */ = {isa = PBXFileReference; fileEncoding = 4; lastKnownFileType = sourcecode.swift; path = ChatVC.swift; sourceTree = "<group>"; };
		2718BF65297183B700DC0A8A /* EnterTimerVC.swift */ = {isa = PBXFileReference; fileEncoding = 4; lastKnownFileType = sourcecode.swift; path = EnterTimerVC.swift; sourceTree = "<group>"; };
		2718BF66297183B700DC0A8A /* FinishOrderVC.xib */ = {isa = PBXFileReference; fileEncoding = 4; lastKnownFileType = file.xib; path = FinishOrderVC.xib; sourceTree = "<group>"; };
		2718BF67297183B700DC0A8A /* EnterTimerVC.xib */ = {isa = PBXFileReference; fileEncoding = 4; lastKnownFileType = file.xib; path = EnterTimerVC.xib; sourceTree = "<group>"; };
		2718BF68297183B700DC0A8A /* PostVC.xib */ = {isa = PBXFileReference; fileEncoding = 4; lastKnownFileType = file.xib; path = PostVC.xib; sourceTree = "<group>"; };
		2718BF69297183B700DC0A8A /* ArrivedPostVC.swift */ = {isa = PBXFileReference; fileEncoding = 4; lastKnownFileType = sourcecode.swift; path = ArrivedPostVC.swift; sourceTree = "<group>"; };
		2718BF6A297183B700DC0A8A /* FinishOrderVC.swift */ = {isa = PBXFileReference; fileEncoding = 4; lastKnownFileType = sourcecode.swift; path = FinishOrderVC.swift; sourceTree = "<group>"; };
		2718BF6B297183B700DC0A8A /* PostAgreemantVC.swift */ = {isa = PBXFileReference; fileEncoding = 4; lastKnownFileType = sourcecode.swift; path = PostAgreemantVC.swift; sourceTree = "<group>"; };
		2718BF6C297183B700DC0A8A /* PostAgreemantVC.xib */ = {isa = PBXFileReference; fileEncoding = 4; lastKnownFileType = file.xib; path = PostAgreemantVC.xib; sourceTree = "<group>"; };
		2718BF6D297183B700DC0A8A /* ArrivedPostVC.xib */ = {isa = PBXFileReference; fileEncoding = 4; lastKnownFileType = file.xib; path = ArrivedPostVC.xib; sourceTree = "<group>"; };
		2718BF6E297183B700DC0A8A /* ChatVC.xib */ = {isa = PBXFileReference; fileEncoding = 4; lastKnownFileType = file.xib; path = ChatVC.xib; sourceTree = "<group>"; };
		2718BF6F297183B700DC0A8A /* PostVC.swift */ = {isa = PBXFileReference; fileEncoding = 4; lastKnownFileType = sourcecode.swift; path = PostVC.swift; sourceTree = "<group>"; };
		2718BF7C297183D000DC0A8A /* PostInsideTVC.swift */ = {isa = PBXFileReference; fileEncoding = 4; lastKnownFileType = sourcecode.swift; path = PostInsideTVC.swift; sourceTree = "<group>"; };
		2718BF7D297183D000DC0A8A /* ArrivedItemTVC.xib */ = {isa = PBXFileReference; fileEncoding = 4; lastKnownFileType = file.xib; path = ArrivedItemTVC.xib; sourceTree = "<group>"; };
		2718BF7E297183D000DC0A8A /* ChatTVC.xib */ = {isa = PBXFileReference; fileEncoding = 4; lastKnownFileType = file.xib; path = ChatTVC.xib; sourceTree = "<group>"; };
		2718BF7F297183D000DC0A8A /* ArrivedItemTVC.swift */ = {isa = PBXFileReference; fileEncoding = 4; lastKnownFileType = sourcecode.swift; path = ArrivedItemTVC.swift; sourceTree = "<group>"; };
		2718BF80297183D000DC0A8A /* ChatTVC.swift */ = {isa = PBXFileReference; fileEncoding = 4; lastKnownFileType = sourcecode.swift; path = ChatTVC.swift; sourceTree = "<group>"; };
		2718BF81297183D100DC0A8A /* PostInsideTVC.xib */ = {isa = PBXFileReference; fileEncoding = 4; lastKnownFileType = file.xib; path = PostInsideTVC.xib; sourceTree = "<group>"; };
		2718BF89297185C900DC0A8A /* Cache.swift */ = {isa = PBXFileReference; fileEncoding = 4; lastKnownFileType = sourcecode.swift; path = Cache.swift; sourceTree = "<group>"; };
		2718BF8A297185C900DC0A8A /* Keys.swift */ = {isa = PBXFileReference; fileEncoding = 4; lastKnownFileType = sourcecode.swift; path = Keys.swift; sourceTree = "<group>"; };
		2718BF9B297186C700DC0A8A /* AnalysisResponseMonitor.swift */ = {isa = PBXFileReference; fileEncoding = 4; lastKnownFileType = sourcecode.swift; path = AnalysisResponseMonitor.swift; sourceTree = "<group>"; };
		2718BFA3297186C700DC0A8A /* AuthResponse.swift */ = {isa = PBXFileReference; fileEncoding = 4; lastKnownFileType = sourcecode.swift; path = AuthResponse.swift; sourceTree = "<group>"; };
		2718BFA5297186C700DC0A8A /* NetworkDecoder.swift */ = {isa = PBXFileReference; fileEncoding = 4; lastKnownFileType = sourcecode.swift; path = NetworkDecoder.swift; sourceTree = "<group>"; };
		2718BFA6297186C700DC0A8A /* Header.swift */ = {isa = PBXFileReference; fileEncoding = 4; lastKnownFileType = sourcecode.swift; path = Header.swift; sourceTree = "<group>"; };
		2718BFA7297186C700DC0A8A /* NetworkExtensions.swift */ = {isa = PBXFileReference; fileEncoding = 4; lastKnownFileType = sourcecode.swift; path = NetworkExtensions.swift; sourceTree = "<group>"; };
		2718BFA8297186C700DC0A8A /* NetworkLogger.swift */ = {isa = PBXFileReference; fileEncoding = 4; lastKnownFileType = sourcecode.swift; path = NetworkLogger.swift; sourceTree = "<group>"; };
		2718BFA9297186C700DC0A8A /* NetworkError.swift */ = {isa = PBXFileReference; fileEncoding = 4; lastKnownFileType = sourcecode.swift; path = NetworkError.swift; sourceTree = "<group>"; };
		2718BFAB297186C700DC0A8A /* AuthRequest.swift */ = {isa = PBXFileReference; fileEncoding = 4; lastKnownFileType = sourcecode.swift; path = AuthRequest.swift; sourceTree = "<group>"; };
		2718BFB2297186C700DC0A8A /* NetworkFlowDelegate.swift */ = {isa = PBXFileReference; fileEncoding = 4; lastKnownFileType = sourcecode.swift; path = NetworkFlowDelegate.swift; sourceTree = "<group>"; };
		2718BFB3297186C700DC0A8A /* BaseURLRequestConvertible.swift */ = {isa = PBXFileReference; fileEncoding = 4; lastKnownFileType = sourcecode.swift; path = BaseURLRequestConvertible.swift; sourceTree = "<group>"; };
		2718BFB4297186C700DC0A8A /* BaseService.swift */ = {isa = PBXFileReference; fileEncoding = 4; lastKnownFileType = sourcecode.swift; path = BaseService.swift; sourceTree = "<group>"; };
		2718BFB5297186C700DC0A8A /* Domain.swift */ = {isa = PBXFileReference; fileEncoding = 4; lastKnownFileType = sourcecode.swift; path = Domain.swift; sourceTree = "<group>"; };
		2718BFBB297186C700DC0A8A /* AuthService.swift */ = {isa = PBXFileReference; fileEncoding = 4; lastKnownFileType = sourcecode.swift; path = AuthService.swift; sourceTree = "<group>"; };
		27197AE429680B5300B53B25 /* KabinetVC.swift */ = {isa = PBXFileReference; lastKnownFileType = sourcecode.swift; path = KabinetVC.swift; sourceTree = "<group>"; };
		27197AE529680B5300B53B25 /* KabinetVC.xib */ = {isa = PBXFileReference; lastKnownFileType = file.xib; path = KabinetVC.xib; sourceTree = "<group>"; };
		27347F10297028A000D871EC /* TaxiNewsModalVC.swift */ = {isa = PBXFileReference; lastKnownFileType = sourcecode.swift; path = TaxiNewsModalVC.swift; sourceTree = "<group>"; };
		27347F11297028A000D871EC /* TaxiNewsModalVC.xib */ = {isa = PBXFileReference; lastKnownFileType = file.xib; path = TaxiNewsModalVC.xib; sourceTree = "<group>"; };
		27347F14297038E400D871EC /* TaxiOldUserModalVC.swift */ = {isa = PBXFileReference; lastKnownFileType = sourcecode.swift; path = TaxiOldUserModalVC.swift; sourceTree = "<group>"; };
		27347F15297038E400D871EC /* TaxiOldUserModalVC.xib */ = {isa = PBXFileReference; lastKnownFileType = file.xib; path = TaxiOldUserModalVC.xib; sourceTree = "<group>"; };
		27347F1D2970525B00D871EC /* TeamVC.swift */ = {isa = PBXFileReference; lastKnownFileType = sourcecode.swift; path = TeamVC.swift; sourceTree = "<group>"; };
		27347F1E2970525B00D871EC /* TeamVC.xib */ = {isa = PBXFileReference; lastKnownFileType = file.xib; path = TeamVC.xib; sourceTree = "<group>"; };
		2755F9E3297692100021BCB2 /* KuryerVC.swift */ = {isa = PBXFileReference; fileEncoding = 4; lastKnownFileType = sourcecode.swift; path = KuryerVC.swift; sourceTree = "<group>"; };
		27692923297568AF009BF0A5 /* NewsVC.swift */ = {isa = PBXFileReference; fileEncoding = 4; lastKnownFileType = sourcecode.swift; path = NewsVC.swift; sourceTree = "<group>"; };
		27692925297568B8009BF0A5 /* NewsVC.xib */ = {isa = PBXFileReference; fileEncoding = 4; lastKnownFileType = file.xib; path = NewsVC.xib; sourceTree = "<group>"; };
		27692927297568DA009BF0A5 /* NewTVC.swift */ = {isa = PBXFileReference; fileEncoding = 4; lastKnownFileType = sourcecode.swift; path = NewTVC.swift; sourceTree = "<group>"; };
		27692929297568DF009BF0A5 /* NewTVC.xib */ = {isa = PBXFileReference; fileEncoding = 4; lastKnownFileType = file.xib; path = NewTVC.xib; sourceTree = "<group>"; };
		2769292B297568FA009BF0A5 /* AboutNewVC.swift */ = {isa = PBXFileReference; fileEncoding = 4; lastKnownFileType = sourcecode.swift; path = AboutNewVC.swift; sourceTree = "<group>"; };
		2769292D297568FE009BF0A5 /* AboutNewVC.xib */ = {isa = PBXFileReference; fileEncoding = 4; lastKnownFileType = file.xib; path = AboutNewVC.xib; sourceTree = "<group>"; };
		2769292F29756C52009BF0A5 /* AboutAppVC.swift */ = {isa = PBXFileReference; lastKnownFileType = sourcecode.swift; path = AboutAppVC.swift; sourceTree = "<group>"; };
		2769293029756C52009BF0A5 /* AboutAppVC.xib */ = {isa = PBXFileReference; lastKnownFileType = file.xib; path = AboutAppVC.xib; sourceTree = "<group>"; };
		277388CE2977DD4500054CC4 /* TeamRequest.swift */ = {isa = PBXFileReference; lastKnownFileType = sourcecode.swift; path = TeamRequest.swift; sourceTree = "<group>"; };
		277388D02977DD9D00054CC4 /* TeamResponse.swift */ = {isa = PBXFileReference; lastKnownFileType = sourcecode.swift; path = TeamResponse.swift; sourceTree = "<group>"; };
		277388D22977DEA400054CC4 /* TeamRouter.swift */ = {isa = PBXFileReference; lastKnownFileType = sourcecode.swift; path = TeamRouter.swift; sourceTree = "<group>"; };
		277388D42977DFA200054CC4 /* TeamService.swift */ = {isa = PBXFileReference; lastKnownFileType = sourcecode.swift; path = TeamService.swift; sourceTree = "<group>"; };
		277388D6297805D500054CC4 /* OtpPhoneNumberVC.swift */ = {isa = PBXFileReference; lastKnownFileType = sourcecode.swift; path = OtpPhoneNumberVC.swift; sourceTree = "<group>"; };
		277388D7297805D500054CC4 /* OtpPhoneNumberVC.xib */ = {isa = PBXFileReference; lastKnownFileType = file.xib; path = OtpPhoneNumberVC.xib; sourceTree = "<group>"; };
		277388E12978106A00054CC4 /* OtpVC.swift */ = {isa = PBXFileReference; fileEncoding = 4; lastKnownFileType = sourcecode.swift; path = OtpVC.swift; sourceTree = "<group>"; };
		277388E22978106A00054CC4 /* OtpVC.xib */ = {isa = PBXFileReference; fileEncoding = 4; lastKnownFileType = file.xib; path = OtpVC.xib; sourceTree = "<group>"; };
		277388E52978109100054CC4 /* OTPFieldView.swift */ = {isa = PBXFileReference; fileEncoding = 4; lastKnownFileType = sourcecode.swift; path = OTPFieldView.swift; sourceTree = "<group>"; };
		277388E62978109100054CC4 /* OTPTextField.swift */ = {isa = PBXFileReference; fileEncoding = 4; lastKnownFileType = sourcecode.swift; path = OTPTextField.swift; sourceTree = "<group>"; };
		277388E929782A3E00054CC4 /* ResetPasswordVC.swift */ = {isa = PBXFileReference; lastKnownFileType = sourcecode.swift; path = ResetPasswordVC.swift; sourceTree = "<group>"; };
		277388EA29782A3E00054CC4 /* ResetPasswordVC.xib */ = {isa = PBXFileReference; lastKnownFileType = file.xib; path = ResetPasswordVC.xib; sourceTree = "<group>"; };
		277388ED297834D100054CC4 /* KuryerVC.xib */ = {isa = PBXFileReference; fileEncoding = 4; lastKnownFileType = file.xib; name = KuryerVC.xib; path = ../../../../../../Downloads/KuryerVC.xib; sourceTree = "<group>"; };
		2776B0FB2971748A00544B1E /* ListVC.swift */ = {isa = PBXFileReference; lastKnownFileType = sourcecode.swift; path = ListVC.swift; sourceTree = "<group>"; };
		2776B0FC2971748A00544B1E /* ListVC.xib */ = {isa = PBXFileReference; lastKnownFileType = file.xib; path = ListVC.xib; sourceTree = "<group>"; };
		2777854A296EBA7100FC0141 /* KuryerModalVC.swift */ = {isa = PBXFileReference; lastKnownFileType = sourcecode.swift; path = KuryerModalVC.swift; sourceTree = "<group>"; };
		2777854B296EBA7100FC0141 /* KuryerModalVC.xib */ = {isa = PBXFileReference; lastKnownFileType = file.xib; path = KuryerModalVC.xib; sourceTree = "<group>"; };
		2777854F296EC56000FC0141 /* TaxiVC.swift */ = {isa = PBXFileReference; lastKnownFileType = sourcecode.swift; path = TaxiVC.swift; sourceTree = "<group>"; };
		27778550296EC56000FC0141 /* TaxiVC.xib */ = {isa = PBXFileReference; lastKnownFileType = file.xib; path = TaxiVC.xib; sourceTree = "<group>"; };
		27778554296ECBC200FC0141 /* TaxiFilterTVC.swift */ = {isa = PBXFileReference; lastKnownFileType = sourcecode.swift; path = TaxiFilterTVC.swift; sourceTree = "<group>"; };
		27778555296ECBC200FC0141 /* TaxiFilterTVC.xib */ = {isa = PBXFileReference; lastKnownFileType = file.xib; path = TaxiFilterTVC.xib; sourceTree = "<group>"; };
		27778559296ED85000FC0141 /* TaxiHeaderCVC.swift */ = {isa = PBXFileReference; lastKnownFileType = sourcecode.swift; path = TaxiHeaderCVC.swift; sourceTree = "<group>"; };
		2777855A296ED85000FC0141 /* TaxiHeaderCVC.xib */ = {isa = PBXFileReference; lastKnownFileType = file.xib; path = TaxiHeaderCVC.xib; sourceTree = "<group>"; };
		27778561296EEF3C00FC0141 /* TaxiTVC.swift */ = {isa = PBXFileReference; lastKnownFileType = sourcecode.swift; path = TaxiTVC.swift; sourceTree = "<group>"; };
		27778562296EEF3C00FC0141 /* TaxiTVC.xib */ = {isa = PBXFileReference; lastKnownFileType = file.xib; path = TaxiTVC.xib; sourceTree = "<group>"; };
		279BAAAF296825490028B2EC /* RegisterVC.swift */ = {isa = PBXFileReference; lastKnownFileType = sourcecode.swift; path = RegisterVC.swift; sourceTree = "<group>"; };
		279BAAB0296825490028B2EC /* RegisterVC.xib */ = {isa = PBXFileReference; lastKnownFileType = file.xib; path = RegisterVC.xib; sourceTree = "<group>"; };
		27A2670D297148D700294BE7 /* AddTeamVC.swift */ = {isa = PBXFileReference; lastKnownFileType = sourcecode.swift; path = AddTeamVC.swift; sourceTree = "<group>"; };
		27A2670E297148D700294BE7 /* AddTeamVC.xib */ = {isa = PBXFileReference; lastKnownFileType = file.xib; path = AddTeamVC.xib; sourceTree = "<group>"; };
		27A267112971571B00294BE7 /* DeleteTeamVC.swift */ = {isa = PBXFileReference; lastKnownFileType = sourcecode.swift; path = DeleteTeamVC.swift; sourceTree = "<group>"; };
		27A267122971571B00294BE7 /* DeleteTeamVC.xib */ = {isa = PBXFileReference; lastKnownFileType = file.xib; path = DeleteTeamVC.xib; sourceTree = "<group>"; };
		27B7E3542966FD1B00C3A69E /* OnboardingVC.swift */ = {isa = PBXFileReference; lastKnownFileType = sourcecode.swift; path = OnboardingVC.swift; sourceTree = "<group>"; };
		27B7E3552966FD1B00C3A69E /* OnboardingVC.xib */ = {isa = PBXFileReference; lastKnownFileType = file.xib; path = OnboardingVC.xib; sourceTree = "<group>"; };
		27B7E3592966FEF500C3A69E /* OnboardingCVC.swift */ = {isa = PBXFileReference; lastKnownFileType = sourcecode.swift; path = OnboardingCVC.swift; sourceTree = "<group>"; };
		27B7E35A2966FEF500C3A69E /* OnboardingCVC.xib */ = {isa = PBXFileReference; lastKnownFileType = file.xib; path = OnboardingCVC.xib; sourceTree = "<group>"; };
		27B808DB2965C0A300E1357C /* Colors.xcassets */ = {isa = PBXFileReference; lastKnownFileType = folder.assetcatalog; path = Colors.xcassets; sourceTree = "<group>"; };
		27CD00522971896B0088449B /* AuthRouter.swift */ = {isa = PBXFileReference; lastKnownFileType = sourcecode.swift; path = AuthRouter.swift; sourceTree = "<group>"; };
		27CD00542971A2A20088449B /* UserResponse.swift */ = {isa = PBXFileReference; lastKnownFileType = sourcecode.swift; path = UserResponse.swift; sourceTree = "<group>"; };
		27CD00562971A3C40088449B /* UserRouter.swift */ = {isa = PBXFileReference; lastKnownFileType = sourcecode.swift; path = UserRouter.swift; sourceTree = "<group>"; };
		27CD00582971A4E50088449B /* UserService.swift */ = {isa = PBXFileReference; lastKnownFileType = sourcecode.swift; path = UserService.swift; sourceTree = "<group>"; };
		27CD005A2971ADBC0088449B /* UserRequest.swift */ = {isa = PBXFileReference; lastKnownFileType = sourcecode.swift; path = UserRequest.swift; sourceTree = "<group>"; };
		27D9E0A8297577C7002F57A2 /* TaxiResponse.swift */ = {isa = PBXFileReference; lastKnownFileType = sourcecode.swift; path = TaxiResponse.swift; sourceTree = "<group>"; };
		27D9E0AA29757F43002F57A2 /* TaxiRouter.swift */ = {isa = PBXFileReference; lastKnownFileType = sourcecode.swift; path = TaxiRouter.swift; sourceTree = "<group>"; };
		27D9E0AC29757FC0002F57A2 /* TaxiRequest.swift */ = {isa = PBXFileReference; lastKnownFileType = sourcecode.swift; path = TaxiRequest.swift; sourceTree = "<group>"; };
		27D9E0AE29758030002F57A2 /* TaxiService.swift */ = {isa = PBXFileReference; lastKnownFileType = sourcecode.swift; path = TaxiService.swift; sourceTree = "<group>"; };
		27DE0ADA297057BC00900AAD /* TeamCVC.swift */ = {isa = PBXFileReference; lastKnownFileType = sourcecode.swift; path = TeamCVC.swift; sourceTree = "<group>"; };
		27DE0ADB297057BC00900AAD /* TeamCVC.xib */ = {isa = PBXFileReference; lastKnownFileType = file.xib; path = TeamCVC.xib; sourceTree = "<group>"; };
		7515E66C971F51E4D1D05754 /* Pods_Express_Courier.framework */ = {isa = PBXFileReference; explicitFileType = wrapper.framework; includeInIndex = 0; path = Pods_Express_Courier.framework; sourceTree = BUILT_PRODUCTS_DIR; };
		AECA3B6FA7DD6CDF1FF69094 /* Pods-Express Courier.release.xcconfig */ = {isa = PBXFileReference; includeInIndex = 1; lastKnownFileType = text.xcconfig; name = "Pods-Express Courier.release.xcconfig"; path = "Target Support Files/Pods-Express Courier/Pods-Express Courier.release.xcconfig"; sourceTree = "<group>"; };
		AFA739C01BEB9A5F6B80A6C5 /* Pods-Express Courier.debug.xcconfig */ = {isa = PBXFileReference; includeInIndex = 1; lastKnownFileType = text.xcconfig; name = "Pods-Express Courier.debug.xcconfig"; path = "Target Support Files/Pods-Express Courier/Pods-Express Courier.debug.xcconfig"; sourceTree = "<group>"; };
/* End PBXFileReference section */

/* Begin PBXFrameworksBuildPhase section */
		18DE66A12965A067003324A5 /* Frameworks */ = {
			isa = PBXFrameworksBuildPhase;
			buildActionMask = 2147483647;
			files = (
				305AA461FD9762D2FB4069B3 /* Pods_Express_Courier.framework in Frameworks */,
			);
			runOnlyForDeploymentPostprocessing = 0;
		};
/* End PBXFrameworksBuildPhase section */

/* Begin PBXGroup section */
		0FE2E41056C2B8BB4CCEF02D /* Pods */ = {
			isa = PBXGroup;
			children = (
				AFA739C01BEB9A5F6B80A6C5 /* Pods-Express Courier.debug.xcconfig */,
				AECA3B6FA7DD6CDF1FF69094 /* Pods-Express Courier.release.xcconfig */,
			);
			path = Pods;
			sourceTree = "<group>";
		};
		1858EFD629759106005A3492 /* List */ = {
			isa = PBXGroup;
			children = (
				1858EFD729759124005A3492 /* ItemCVC.swift */,
				1858EFD829759124005A3492 /* ItemCVC.xib */,
			);
			path = List;
			sourceTree = "<group>";
		};
		188F45D42972B18C0029FCEC /* Lotties */ = {
			isa = PBXGroup;
			children = (
				188F45D72972B3E00029FCEC /* loader.json */,
				188F45D52972B19C0029FCEC /* loading.json */,
			);
			path = Lotties;
			sourceTree = "<group>";
		};
		188F45D92972B8B90029FCEC /* List */ = {
			isa = PBXGroup;
			children = (
				188F45DA2972B96D0029FCEC /* BranchListTVC.swift */,
				188F45DB2972B96D0029FCEC /* BranchListTVC.xib */,
				1858EFCA29758059005A3492 /* ReportTVC.swift */,
				1858EFCB29758059005A3492 /* ReportTVC.xib */,
				1858EFD229758C9B005A3492 /* SortTVC.swift */,
				1858EFD329758C9B005A3492 /* SortTVC.xib */,
				1858EFE32976ADC5005A3492 /* DisttributionTVC.swift */,
				1858EFE42976ADC5005A3492 /* DisttributionTVC.xib */,
			);
			path = List;
			sourceTree = "<group>";
		};
		188F45E82972D1490029FCEC /* Regions */ = {
			isa = PBXGroup;
			children = (
				188F45EA2972D1550029FCEC /* RegionsVC.swift */,
				188F45E92972D1550029FCEC /* RegionsVC.xib */,
			);
			path = Regions;
			sourceTree = "<group>";
		};
		188F45ED2972D1B20029FCEC /* Regions */ = {
			isa = PBXGroup;
			children = (
				188F45EF2972D1C50029FCEC /* RegionTVC.swift */,
				188F45EE2972D1C50029FCEC /* RegionTVC.xib */,
			);
			path = Regions;
			sourceTree = "<group>";
		};
		18AF68D2296833C000B35B64 /* PostTVC */ = {
			isa = PBXGroup;
			children = (
				2718BF7F297183D000DC0A8A /* ArrivedItemTVC.swift */,
				2718BF7D297183D000DC0A8A /* ArrivedItemTVC.xib */,
				2718BF80297183D000DC0A8A /* ChatTVC.swift */,
				2718BF7E297183D000DC0A8A /* ChatTVC.xib */,
				2718BF7C297183D000DC0A8A /* PostInsideTVC.swift */,
				2718BF81297183D100DC0A8A /* PostInsideTVC.xib */,
			);
			path = PostTVC;
			sourceTree = "<group>";
		};
		18AF68D3296833D400B35B64 /* PostCVC */ = {
			isa = PBXGroup;
			children = (
				18AF68D8296836DE00B35B64 /* HeaderCVC.swift */,
				18AF68DE29684E2D00B35B64 /* PostCVC.swift */,
				18AF68DF29684E2D00B35B64 /* PostCVC.xib */,
				18AF68D7296836DE00B35B64 /* HeaderCVC.xib */,
			);
			path = PostCVC;
			sourceTree = "<group>";
		};
		18AF68D4296833E700B35B64 /* PostVC */ = {
			isa = PBXGroup;
			children = (
				2718BF6F297183B700DC0A8A /* PostVC.swift */,
				2718BF68297183B700DC0A8A /* PostVC.xib */,
				1858EFDD2976926D005A3492 /* SkretchableHeaderView.swift */,
				2718BF69297183B700DC0A8A /* ArrivedPostVC.swift */,
				2718BF6D297183B700DC0A8A /* ArrivedPostVC.xib */,
				2718BF64297183B700DC0A8A /* ChatVC.swift */,
				2718BF6E297183B700DC0A8A /* ChatVC.xib */,
				2718BF65297183B700DC0A8A /* EnterTimerVC.swift */,
				2718BF67297183B700DC0A8A /* EnterTimerVC.xib */,
				2718BF6A297183B700DC0A8A /* FinishOrderVC.swift */,
				2718BF66297183B700DC0A8A /* FinishOrderVC.xib */,
				2718BF6B297183B700DC0A8A /* PostAgreemantVC.swift */,
				2718BF6C297183B700DC0A8A /* PostAgreemantVC.xib */,
				18DA32E6296C0D430066FF9C /* MainTabBarController.swift */,
			);
			path = PostVC;
			sourceTree = "<group>";
		};
		18AF68D52968347000B35B64 /* Extensions */ = {
			isa = PBXGroup;
			children = (
				188F45DE2972BCB50029FCEC /* Ex+Int.swift */,
				18DE66C52966C940003324A5 /* Ex+UIView.swift */,
				18AF68DB29683DD700B35B64 /* Ex+String.swift */,
			);
			path = Extensions;
			sourceTree = "<group>";
		};
		18AF68DD296844D500B35B64 /* TVC */ = {
			isa = PBXGroup;
			children = (
				188F45ED2972D1B20029FCEC /* Regions */,
				188F45D92972B8B90029FCEC /* List */,
				27778553296ECB9800FC0141 /* Taxi */,
				27864518296847FA000FD251 /* MyKabinet */,
				18AF68D2296833C000B35B64 /* PostTVC */,
			);
			path = TVC;
			sourceTree = "<group>";
		};
		18DA32E8296C1EF20066FF9C /* Alert */ = {
			isa = PBXGroup;
			children = (
				188F45D42972B18C0029FCEC /* Lotties */,
				188F45D22972B1730029FCEC /* Loader.swift */,
				18DA32E9296C1F050066FF9C /* Alert.swift */,
				18DA32EA296C1F050066FF9C /* Vibration.swift */,
			);
			path = Alert;
			sourceTree = "<group>";
		};
		18DE669B2965A067003324A5 = {
			isa = PBXGroup;
			children = (
				18DE66A62965A067003324A5 /* Express Courier */,
				18DE66A52965A067003324A5 /* Products */,
				0FE2E41056C2B8BB4CCEF02D /* Pods */,
				6B739F688FC3BEC377E3BA6A /* Frameworks */,
			);
			sourceTree = "<group>";
		};
		18DE66A52965A067003324A5 /* Products */ = {
			isa = PBXGroup;
			children = (
				18DE66A42965A067003324A5 /* Express Courier.app */,
			);
			name = Products;
			sourceTree = "<group>";
		};
		18DE66A62965A067003324A5 /* Express Courier */ = {
			isa = PBXGroup;
			children = (
				2718BF88297185A100DC0A8A /* Cache */,
				18DA32E8296C1EF20066FF9C /* Alert */,
				279BAAAA29681F8B0028B2EC /* AppDelegate */,
				18AF68D52968347000B35B64 /* Extensions */,
				2718BF91297186C700DC0A8A /* Network */,
				27B7E3522966FCD700C3A69E /* CVC */,
				18AF68DD296844D500B35B64 /* TVC */,
				27B7E3502966FCC800C3A69E /* VC */,
				18DE66B02965A069003324A5 /* Assets.xcassets */,
				18DE66B22965A069003324A5 /* LaunchScreen.storyboard */,
				18DE66B52965A069003324A5 /* Info.plist */,
				27B808DB2965C0A300E1357C /* Colors.xcassets */,
			);
			path = "Express Courier";
			sourceTree = "<group>";
		};
		2718BF88297185A100DC0A8A /* Cache */ = {
			isa = PBXGroup;
			children = (
				2718BF89297185C900DC0A8A /* Cache.swift */,
				2718BF8A297185C900DC0A8A /* Keys.swift */,
			);
			path = Cache;
			sourceTree = "<group>";
		};
		2718BF91297186C700DC0A8A /* Network */ = {
			isa = PBXGroup;
			children = (
				2718BFB1297186C700DC0A8A /* Base */,
				2718BF9A297186C700DC0A8A /* Monitor */,
				2718BFA4297186C700DC0A8A /* Support */,
				2718BFAA297186C700DC0A8A /* Request */,
				2718BF9C297186C700DC0A8A /* Response */,
				2718BFB6297186C700DC0A8A /* Services */,
				2718BF92297186C700DC0A8A /* Routers */,
			);
			path = Network;
			sourceTree = "<group>";
		};
		2718BF92297186C700DC0A8A /* Routers */ = {
			isa = PBXGroup;
			children = (
				27CD00522971896B0088449B /* AuthRouter.swift */,
				27CD00562971A3C40088449B /* UserRouter.swift */,
				27D9E0AA29757F43002F57A2 /* TaxiRouter.swift */,
				1858EFEF2976C207005A3492 /* PostRouter.swift */,
				277388D22977DEA400054CC4 /* TeamRouter.swift */,
			);
			path = Routers;
			sourceTree = "<group>";
		};
		2718BF9A297186C700DC0A8A /* Monitor */ = {
			isa = PBXGroup;
			children = (
				2718BF9B297186C700DC0A8A /* AnalysisResponseMonitor.swift */,
			);
			path = Monitor;
			sourceTree = "<group>";
		};
		2718BF9C297186C700DC0A8A /* Response */ = {
			isa = PBXGroup;
			children = (
				2718BFA3297186C700DC0A8A /* AuthResponse.swift */,
				27CD00542971A2A20088449B /* UserResponse.swift */,
				27D9E0A8297577C7002F57A2 /* TaxiResponse.swift */,
				1858EFEB2976C009005A3492 /* PostResponse.swift */,
				277388D02977DD9D00054CC4 /* TeamResponse.swift */,
			);
			path = Response;
			sourceTree = "<group>";
		};
		2718BFA4297186C700DC0A8A /* Support */ = {
			isa = PBXGroup;
			children = (
				2718BFA5297186C700DC0A8A /* NetworkDecoder.swift */,
				2718BFA6297186C700DC0A8A /* Header.swift */,
				2718BFA7297186C700DC0A8A /* NetworkExtensions.swift */,
				2718BFA8297186C700DC0A8A /* NetworkLogger.swift */,
				2718BFA9297186C700DC0A8A /* NetworkError.swift */,
			);
			path = Support;
			sourceTree = "<group>";
		};
		2718BFAA297186C700DC0A8A /* Request */ = {
			isa = PBXGroup;
			children = (
				2718BFAB297186C700DC0A8A /* AuthRequest.swift */,
				27CD005A2971ADBC0088449B /* UserRequest.swift */,
				27D9E0AC29757FC0002F57A2 /* TaxiRequest.swift */,
				1858EFE92976BF6C005A3492 /* PostRequest.swift */,
				277388CE2977DD4500054CC4 /* TeamRequest.swift */,
			);
			path = Request;
			sourceTree = "<group>";
		};
		2718BFB1297186C700DC0A8A /* Base */ = {
			isa = PBXGroup;
			children = (
				2718BFB2297186C700DC0A8A /* NetworkFlowDelegate.swift */,
				2718BFB3297186C700DC0A8A /* BaseURLRequestConvertible.swift */,
				2718BFB4297186C700DC0A8A /* BaseService.swift */,
				2718BFB5297186C700DC0A8A /* Domain.swift */,
			);
			path = Base;
			sourceTree = "<group>";
		};
		2718BFB6297186C700DC0A8A /* Services */ = {
			isa = PBXGroup;
			children = (
				2718BFBB297186C700DC0A8A /* AuthService.swift */,
				27CD00582971A4E50088449B /* UserService.swift */,
				27D9E0AE29758030002F57A2 /* TaxiService.swift */,
				1858EFED2976C1ED005A3492 /* PostService.swift */,
				277388D42977DFA200054CC4 /* TeamService.swift */,
			);
			path = Services;
			sourceTree = "<group>";
		};
		27197AE329680B3D00B53B25 /* Authorization */ = {
			isa = PBXGroup;
			children = (
				277388DC29780FD700054CC4 /* Register */,
				277388DB29780FD000054CC4 /* Login */,
				277388DA29780FB800054CC4 /* ResetPassword */,
			);
			path = Authorization;
			sourceTree = "<group>";
		};
		27347F1C2970523500D871EC /* Team */ = {
			isa = PBXGroup;
			children = (
				27347F1D2970525B00D871EC /* TeamVC.swift */,
				27347F1E2970525B00D871EC /* TeamVC.xib */,
				27A2670D297148D700294BE7 /* AddTeamVC.swift */,
				27A2670E297148D700294BE7 /* AddTeamVC.xib */,
				27A267112971571B00294BE7 /* DeleteTeamVC.swift */,
				27A267122971571B00294BE7 /* DeleteTeamVC.xib */,
			);
			path = Team;
			sourceTree = "<group>";
		};
		2760344529756ECC00E3F28C /* Notifications */ = {
			isa = PBXGroup;
			children = (
				270273CE296C0B6900687A2A /* NotificationViewController.swift */,
				270273CF296C0B6900687A2A /* NotificationViewController.xib */,
			);
			path = Notifications;
			sourceTree = "<group>";
		};
		2760344A29756F2800E3F28C /* Payment */ = {
			isa = PBXGroup;
			children = (
				18DA32BB296BFCBF0066FF9C /* PayAccountVC.swift */,
				18DA32C1296BFCC00066FF9C /* PayAccountVC.xib */,
				18DA32C0296BFCC00066FF9C /* PaymentHistoryVC.swift */,
				18DA32C2296BFCC00066FF9C /* PaymentHistoryVC.xib */,
			);
			path = Payment;
			sourceTree = "<group>";
		};
		2760344B29756F5000E3F28C /* PinKod */ = {
			isa = PBXGroup;
			children = (
				18DA32BC296BFCC00066FF9C /* PinkodVC.swift */,
				18DA32C4296BFCC00066FF9C /* PinkodVC.xib */,
				18DA32C6296BFCC00066FF9C /* SetupPinKodVC.swift */,
				18DA32C5296BFCC00066FF9C /* SetupPinKodVC.xib */,
			);
			path = PinKod;
			sourceTree = "<group>";
		};
		2760344C29756F7400E3F28C /* Settings */ = {
			isa = PBXGroup;
			children = (
				18DA32BD296BFCC00066FF9C /* SettingsVC.swift */,
				18DA32C3296BFCC00066FF9C /* SettingsVC.xib */,
			);
			path = Settings;
			sourceTree = "<group>";
		};
		2760344D29756F8000E3F28C /* AboutApp */ = {
			isa = PBXGroup;
			children = (
				2769292F29756C52009BF0A5 /* AboutAppVC.swift */,
				2769293029756C52009BF0A5 /* AboutAppVC.xib */,
			);
			path = AboutApp;
			sourceTree = "<group>";
		};
		2769293329756DFE009BF0A5 /* News */ = {
			isa = PBXGroup;
			children = (
				2769292B297568FA009BF0A5 /* AboutNewVC.swift */,
				2769292D297568FE009BF0A5 /* AboutNewVC.xib */,
				27692923297568AF009BF0A5 /* NewsVC.swift */,
				27692925297568B8009BF0A5 /* NewsVC.xib */,
			);
			path = News;
			sourceTree = "<group>";
		};
		2769293429756E21009BF0A5 /* MyKabinet */ = {
			isa = PBXGroup;
			children = (
				18DA32C7296BFCC00066FF9C /* MyKabinetVC.swift */,
				18DA32BF296BFCC00066FF9C /* MyKabinetVC.xib */,
			);
			path = MyKabinet;
			sourceTree = "<group>";
		};
		2769293529756E38009BF0A5 /* Kuryer */ = {
			isa = PBXGroup;
			children = (
				2755F9E3297692100021BCB2 /* KuryerVC.swift */,
				277388ED297834D100054CC4 /* KuryerVC.xib */,
				2777854A296EBA7100FC0141 /* KuryerModalVC.swift */,
				2777854B296EBA7100FC0141 /* KuryerModalVC.xib */,
			);
			path = Kuryer;
			sourceTree = "<group>";
		};
		277388DA29780FB800054CC4 /* ResetPassword */ = {
			isa = PBXGroup;
			children = (
				277388E12978106A00054CC4 /* OtpVC.swift */,
				277388E22978106A00054CC4 /* OtpVC.xib */,
				277388D6297805D500054CC4 /* OtpPhoneNumberVC.swift */,
				277388D7297805D500054CC4 /* OtpPhoneNumberVC.xib */,
				277388E52978109100054CC4 /* OTPFieldView.swift */,
				277388E62978109100054CC4 /* OTPTextField.swift */,
				277388E929782A3E00054CC4 /* ResetPasswordVC.swift */,
				277388EA29782A3E00054CC4 /* ResetPasswordVC.xib */,
			);
			path = ResetPassword;
			sourceTree = "<group>";
		};
		277388DB29780FD000054CC4 /* Login */ = {
			isa = PBXGroup;
			children = (
				27197AE429680B5300B53B25 /* KabinetVC.swift */,
				27197AE529680B5300B53B25 /* KabinetVC.xib */,
			);
			path = Login;
			sourceTree = "<group>";
		};
		277388DC29780FD700054CC4 /* Register */ = {
			isa = PBXGroup;
			children = (
				279BAAAF296825490028B2EC /* RegisterVC.swift */,
				279BAAB0296825490028B2EC /* RegisterVC.xib */,
			);
			path = Register;
			sourceTree = "<group>";
		};
		2776B0FA2971742C00544B1E /* List */ = {
			isa = PBXGroup;
			children = (
				188F45E02972C8770029FCEC /* ListBranchVC.swift */,
				188F45E12972C8770029FCEC /* ListBranchVC.xib */,
				2776B0FB2971748A00544B1E /* ListVC.swift */,
				2776B0FC2971748A00544B1E /* ListVC.xib */,
				1858EFC629757FED005A3492 /* ReportVC.swift */,
				1858EFC729757FED005A3492 /* ReportVC.xib */,
				1858EFCE29758B34005A3492 /* SortVC.swift */,
				1858EFCF29758B34005A3492 /* SortVC.xib */,
				1858EFDF2976AD62005A3492 /* DistributionVC.swift */,
				1858EFE02976AD62005A3492 /* DistributionVC.xib */,
			);
			path = List;
			sourceTree = "<group>";
		};
		2777854E296EC52900FC0141 /* Taxi */ = {
			isa = PBXGroup;
			children = (
				2777854F296EC56000FC0141 /* TaxiVC.swift */,
				27778550296EC56000FC0141 /* TaxiVC.xib */,
				27347F10297028A000D871EC /* TaxiNewsModalVC.swift */,
				27347F11297028A000D871EC /* TaxiNewsModalVC.xib */,
				27347F14297038E400D871EC /* TaxiOldUserModalVC.swift */,
				27347F15297038E400D871EC /* TaxiOldUserModalVC.xib */,
			);
			path = Taxi;
			sourceTree = "<group>";
		};
		27778553296ECB9800FC0141 /* Taxi */ = {
			isa = PBXGroup;
			children = (
				27778554296ECBC200FC0141 /* TaxiFilterTVC.swift */,
				27778555296ECBC200FC0141 /* TaxiFilterTVC.xib */,
				27778561296EEF3C00FC0141 /* TaxiTVC.swift */,
				27778562296EEF3C00FC0141 /* TaxiTVC.xib */,
			);
			path = Taxi;
			sourceTree = "<group>";
		};
		27778558296ED82700FC0141 /* Taxi */ = {
			isa = PBXGroup;
			children = (
				27778559296ED85000FC0141 /* TaxiHeaderCVC.swift */,
				2777855A296ED85000FC0141 /* TaxiHeaderCVC.xib */,
			);
			path = Taxi;
			sourceTree = "<group>";
		};
		2786450F29684624000FD251 /* MyKabinet */ = {
			isa = PBXGroup;
			children = (
				2769293429756E21009BF0A5 /* MyKabinet */,
				2760344A29756F2800E3F28C /* Payment */,
				2760344D29756F8000E3F28C /* AboutApp */,
				2760344C29756F7400E3F28C /* Settings */,
				2760344B29756F5000E3F28C /* PinKod */,
				2760344529756ECC00E3F28C /* Notifications */,
				2769293529756E38009BF0A5 /* Kuryer */,
				2769293329756DFE009BF0A5 /* News */,
			);
			path = MyKabinet;
			sourceTree = "<group>";
		};
		27864518296847FA000FD251 /* MyKabinet */ = {
			isa = PBXGroup;
			children = (
				18DA32D8296BFCE10066FF9C /* MyInfoTVC.swift */,
				18DA32D9296BFCE10066FF9C /* MyInfoTVC.xib */,
				18DA32DB296BFCE10066FF9C /* MyCategoryTVC.swift */,
				18DA32D6296BFCE10066FF9C /* MyCategoryTVC.xib */,
				18DA32D5296BFCE00066FF9C /* NotificationTVC.swift */,
				18DA32DC296BFCE10066FF9C /* NotificationTVC.xib */,
				18DA32DA296BFCE10066FF9C /* PaymentTVC.swift */,
				18DA32D7296BFCE10066FF9C /* PaymentTVC.xib */,
				27692927297568DA009BF0A5 /* NewTVC.swift */,
				27692929297568DF009BF0A5 /* NewTVC.xib */,
			);
			path = MyKabinet;
			sourceTree = "<group>";
		};
		279BAAAA29681F8B0028B2EC /* AppDelegate */ = {
			isa = PBXGroup;
			children = (
				18DE66A72965A067003324A5 /* AppDelegate.swift */,
			);
			path = AppDelegate;
			sourceTree = "<group>";
		};
		27B7E3502966FCC800C3A69E /* VC */ = {
			isa = PBXGroup;
			children = (
				188F45E82972D1490029FCEC /* Regions */,
				2776B0FA2971742C00544B1E /* List */,
				27347F1C2970523500D871EC /* Team */,
				2777854E296EC52900FC0141 /* Taxi */,
				2786450F29684624000FD251 /* MyKabinet */,
				18AF68D4296833E700B35B64 /* PostVC */,
				27197AE329680B3D00B53B25 /* Authorization */,
				27B7E3532966FCE700C3A69E /* Onboarding */,
			);
			path = VC;
			sourceTree = "<group>";
		};
		27B7E3522966FCD700C3A69E /* CVC */ = {
			isa = PBXGroup;
			children = (
				1858EFD629759106005A3492 /* List */,
				27DE0AD9297057A200900AAD /* Team */,
				27778558296ED82700FC0141 /* Taxi */,
				18AF68D3296833D400B35B64 /* PostCVC */,
				27B7E3582966FEDD00C3A69E /* Onboarding */,
			);
			path = CVC;
			sourceTree = "<group>";
		};
		27B7E3532966FCE700C3A69E /* Onboarding */ = {
			isa = PBXGroup;
			children = (
				27B7E3542966FD1B00C3A69E /* OnboardingVC.swift */,
				27B7E3552966FD1B00C3A69E /* OnboardingVC.xib */,
			);
			path = Onboarding;
			sourceTree = "<group>";
		};
		27B7E3582966FEDD00C3A69E /* Onboarding */ = {
			isa = PBXGroup;
			children = (
				27B7E3592966FEF500C3A69E /* OnboardingCVC.swift */,
				27B7E35A2966FEF500C3A69E /* OnboardingCVC.xib */,
			);
			path = Onboarding;
			sourceTree = "<group>";
		};
		27DE0AD9297057A200900AAD /* Team */ = {
			isa = PBXGroup;
			children = (
				27DE0ADA297057BC00900AAD /* TeamCVC.swift */,
				27DE0ADB297057BC00900AAD /* TeamCVC.xib */,
			);
			path = Team;
			sourceTree = "<group>";
		};
		6B739F688FC3BEC377E3BA6A /* Frameworks */ = {
			isa = PBXGroup;
			children = (
				7515E66C971F51E4D1D05754 /* Pods_Express_Courier.framework */,
			);
			name = Frameworks;
			sourceTree = "<group>";
		};
/* End PBXGroup section */

/* Begin PBXNativeTarget section */
		18DE66A32965A067003324A5 /* Express Courier */ = {
			isa = PBXNativeTarget;
			buildConfigurationList = 18DE66B82965A069003324A5 /* Build configuration list for PBXNativeTarget "Express Courier" */;
			buildPhases = (
				E684A9B6C76F3B4D18D888D2 /* [CP] Check Pods Manifest.lock */,
				18DE66A02965A067003324A5 /* Sources */,
				18DE66A12965A067003324A5 /* Frameworks */,
				18DE66A22965A067003324A5 /* Resources */,
				FC9756C3989934F0F9AC82E7 /* [CP] Embed Pods Frameworks */,
			);
			buildRules = (
			);
			dependencies = (
			);
			name = "Express Courier";
			productName = "Express Courier";
			productReference = 18DE66A42965A067003324A5 /* Express Courier.app */;
			productType = "com.apple.product-type.application";
		};
/* End PBXNativeTarget section */

/* Begin PBXProject section */
		18DE669C2965A067003324A5 /* Project object */ = {
			isa = PBXProject;
			attributes = {
				BuildIndependentTargetsInParallel = 1;
				LastSwiftUpdateCheck = 1320;
				LastUpgradeCheck = 1320;
				TargetAttributes = {
					18DE66A32965A067003324A5 = {
						CreatedOnToolsVersion = 13.2.1;
					};
				};
			};
			buildConfigurationList = 18DE669F2965A067003324A5 /* Build configuration list for PBXProject "Express Courier" */;
			compatibilityVersion = "Xcode 13.0";
			developmentRegion = en;
			hasScannedForEncodings = 0;
			knownRegions = (
				en,
				Base,
			);
			mainGroup = 18DE669B2965A067003324A5;
			productRefGroup = 18DE66A52965A067003324A5 /* Products */;
			projectDirPath = "";
			projectRoot = "";
			targets = (
				18DE66A32965A067003324A5 /* Express Courier */,
			);
		};
/* End PBXProject section */

/* Begin PBXResourcesBuildPhase section */
		18DE66A22965A067003324A5 /* Resources */ = {
			isa = PBXResourcesBuildPhase;
			buildActionMask = 2147483647;
			files = (
				18DA32E4296BFCE10066FF9C /* NotificationTVC.xib in Resources */,
				2718BF87297183D100DC0A8A /* PostInsideTVC.xib in Resources */,
				188F45D82972B3E10029FCEC /* loader.json in Resources */,
				27347F17297038E400D871EC /* TaxiOldUserModalVC.xib in Resources */,
				188F45E32972C8770029FCEC /* ListBranchVC.xib in Resources */,
				1858EFD529758C9B005A3492 /* SortTVC.xib in Resources */,
				1858EFD129758B34005A3492 /* SortVC.xib in Resources */,
				27B808DC2965C0A300E1357C /* Colors.xcassets in Resources */,
				18DA32CE296BFCC00066FF9C /* PayAccountVC.xib in Resources */,
				2718BF83297183D100DC0A8A /* ArrivedItemTVC.xib in Resources */,
				2777855C296ED85000FC0141 /* TaxiHeaderCVC.xib in Resources */,
				2718BF73297183B700DC0A8A /* EnterTimerVC.xib in Resources */,
				188F45DD2972B96D0029FCEC /* BranchListTVC.xib in Resources */,
				1858EFC929757FED005A3492 /* ReportVC.xib in Resources */,
				1858EFE22976AD63005A3492 /* DistributionVC.xib in Resources */,
				18DE66B42965A069003324A5 /* LaunchScreen.storyboard in Resources */,
				18AF68D9296836DE00B35B64 /* HeaderCVC.xib in Resources */,
				18DA32E1296BFCE10066FF9C /* MyInfoTVC.xib in Resources */,
				18DA32DF296BFCE10066FF9C /* PaymentTVC.xib in Resources */,
				2718BF78297183B700DC0A8A /* PostAgreemantVC.xib in Resources */,
				2769293229756C52009BF0A5 /* AboutAppVC.xib in Resources */,
				279BAAB2296825490028B2EC /* RegisterVC.xib in Resources */,
				27B7E35C2966FEF500C3A69E /* OnboardingCVC.xib in Resources */,
				188F45EB2972D1550029FCEC /* RegionsVC.xib in Resources */,
				18AF68E129684E2D00B35B64 /* PostCVC.xib in Resources */,
				188F45D62972B19C0029FCEC /* loading.json in Resources */,
				18DA32CC296BFCC00066FF9C /* MyKabinetVC.xib in Resources */,
				18DE66B12965A069003324A5 /* Assets.xcassets in Resources */,
				27DE0ADD297057BC00900AAD /* TeamCVC.xib in Resources */,
				18DA32DE296BFCE10066FF9C /* MyCategoryTVC.xib in Resources */,
				27197AE729680B5300B53B25 /* KabinetVC.xib in Resources */,
				2718BF84297183D100DC0A8A /* ChatTVC.xib in Resources */,
				277388EE297834D100054CC4 /* KuryerVC.xib in Resources */,
				2776B0FE2971748A00544B1E /* ListVC.xib in Resources */,
				2769292A297568DF009BF0A5 /* NewTVC.xib in Resources */,
				277388EC29782A3E00054CC4 /* ResetPasswordVC.xib in Resources */,
				277388D9297805D500054CC4 /* OtpPhoneNumberVC.xib in Resources */,
				2718BF72297183B700DC0A8A /* FinishOrderVC.xib in Resources */,
				277388E42978106A00054CC4 /* OtpVC.xib in Resources */,
				1858EFCD29758059005A3492 /* ReportTVC.xib in Resources */,
				27A267142971571B00294BE7 /* DeleteTeamVC.xib in Resources */,
				188F45F02972D1C50029FCEC /* RegionTVC.xib in Resources */,
				27A26710297148D700294BE7 /* AddTeamVC.xib in Resources */,
				27347F13297028A000D871EC /* TaxiNewsModalVC.xib in Resources */,
				18DA32D2296BFCC10066FF9C /* SetupPinKodVC.xib in Resources */,
				2769292E297568FE009BF0A5 /* AboutNewVC.xib in Resources */,
				27347F202970525B00D871EC /* TeamVC.xib in Resources */,
				2718BF7A297183B700DC0A8A /* ChatVC.xib in Resources */,
				1858EFE62976ADC5005A3492 /* DisttributionTVC.xib in Resources */,
				27778564296EEF3C00FC0141 /* TaxiTVC.xib in Resources */,
				27778557296ECBC200FC0141 /* TaxiFilterTVC.xib in Resources */,
				18DA32D1296BFCC00066FF9C /* PinkodVC.xib in Resources */,
				2718BF79297183B700DC0A8A /* ArrivedPostVC.xib in Resources */,
				2777854D296EBA7100FC0141 /* KuryerModalVC.xib in Resources */,
				27692926297568B8009BF0A5 /* NewsVC.xib in Resources */,
				270273D1296C0B6900687A2A /* NotificationViewController.xib in Resources */,
				18DA32CF296BFCC00066FF9C /* PaymentHistoryVC.xib in Resources */,
				2718BF74297183B700DC0A8A /* PostVC.xib in Resources */,
				18DA32D0296BFCC00066FF9C /* SettingsVC.xib in Resources */,
				1858EFDA29759124005A3492 /* ItemCVC.xib in Resources */,
				27778552296EC56000FC0141 /* TaxiVC.xib in Resources */,
				27B7E3572966FD1B00C3A69E /* OnboardingVC.xib in Resources */,
			);
			runOnlyForDeploymentPostprocessing = 0;
		};
/* End PBXResourcesBuildPhase section */

/* Begin PBXShellScriptBuildPhase section */
		E684A9B6C76F3B4D18D888D2 /* [CP] Check Pods Manifest.lock */ = {
			isa = PBXShellScriptBuildPhase;
			buildActionMask = 2147483647;
			files = (
			);
			inputFileListPaths = (
			);
			inputPaths = (
				"${PODS_PODFILE_DIR_PATH}/Podfile.lock",
				"${PODS_ROOT}/Manifest.lock",
			);
			name = "[CP] Check Pods Manifest.lock";
			outputFileListPaths = (
			);
			outputPaths = (
				"$(DERIVED_FILE_DIR)/Pods-Express Courier-checkManifestLockResult.txt",
			);
			runOnlyForDeploymentPostprocessing = 0;
			shellPath = /bin/sh;
			shellScript = "diff \"${PODS_PODFILE_DIR_PATH}/Podfile.lock\" \"${PODS_ROOT}/Manifest.lock\" > /dev/null\nif [ $? != 0 ] ; then\n    # print error to STDERR\n    echo \"error: The sandbox is not in sync with the Podfile.lock. Run 'pod install' or update your CocoaPods installation.\" >&2\n    exit 1\nfi\n# This output is used by Xcode 'outputs' to avoid re-running this script phase.\necho \"SUCCESS\" > \"${SCRIPT_OUTPUT_FILE_0}\"\n";
			showEnvVarsInLog = 0;
		};
		FC9756C3989934F0F9AC82E7 /* [CP] Embed Pods Frameworks */ = {
			isa = PBXShellScriptBuildPhase;
			buildActionMask = 2147483647;
			files = (
			);
			inputFileListPaths = (
				"${PODS_ROOT}/Target Support Files/Pods-Express Courier/Pods-Express Courier-frameworks-${CONFIGURATION}-input-files.xcfilelist",
			);
			name = "[CP] Embed Pods Frameworks";
			outputFileListPaths = (
				"${PODS_ROOT}/Target Support Files/Pods-Express Courier/Pods-Express Courier-frameworks-${CONFIGURATION}-output-files.xcfilelist",
			);
			runOnlyForDeploymentPostprocessing = 0;
			shellPath = /bin/sh;
			shellScript = "\"${PODS_ROOT}/Target Support Files/Pods-Express Courier/Pods-Express Courier-frameworks.sh\"\n";
			showEnvVarsInLog = 0;
		};
/* End PBXShellScriptBuildPhase section */

/* Begin PBXSourcesBuildPhase section */
		18DE66A02965A067003324A5 /* Sources */ = {
			isa = PBXSourcesBuildPhase;
			buildActionMask = 2147483647;
			files = (
				1858EFE52976ADC5005A3492 /* DisttributionTVC.swift in Sources */,
				2777855B296ED85000FC0141 /* TaxiHeaderCVC.swift in Sources */,
				1858EFC829757FED005A3492 /* ReportVC.swift in Sources */,
				2718BF8C297185C900DC0A8A /* Keys.swift in Sources */,
				27CD005B2971ADBC0088449B /* UserRequest.swift in Sources */,
				2718BFCC297186C700DC0A8A /* AuthResponse.swift in Sources */,
				18DA32EC296C1F060066FF9C /* Vibration.swift in Sources */,
				1858EFEC2976C009005A3492 /* PostResponse.swift in Sources */,
				18DA32E0296BFCE10066FF9C /* MyInfoTVC.swift in Sources */,
				1858EFD929759124005A3492 /* ItemCVC.swift in Sources */,
				18DA32DD296BFCE10066FF9C /* NotificationTVC.swift in Sources */,
				27CD00592971A4E50088449B /* UserService.swift in Sources */,
				27CD00532971896B0088449B /* AuthRouter.swift in Sources */,
				277388E72978109100054CC4 /* OTPFieldView.swift in Sources */,
				18DA32CA296BFCC00066FF9C /* SettingsVC.swift in Sources */,
				2718BFDB297186C700DC0A8A /* Domain.swift in Sources */,
				188F45F12972D1C50029FCEC /* RegionTVC.swift in Sources */,
				2718BFCF297186C700DC0A8A /* NetworkExtensions.swift in Sources */,
				27692928297568DA009BF0A5 /* NewTVC.swift in Sources */,
				27CD00572971A3C40088449B /* UserRouter.swift in Sources */,
				18AF68DC29683DD700B35B64 /* Ex+String.swift in Sources */,
				2718BF77297183B700DC0A8A /* PostAgreemantVC.swift in Sources */,
				18DA32E2296BFCE10066FF9C /* PaymentTVC.swift in Sources */,
				2718BFCD297186C700DC0A8A /* NetworkDecoder.swift in Sources */,
				27D9E0AB29757F43002F57A2 /* TaxiRouter.swift in Sources */,
				2718BFD1297186C700DC0A8A /* NetworkError.swift in Sources */,
				1858EFEE2976C1ED005A3492 /* PostService.swift in Sources */,
				2776B0FD2971748A00544B1E /* ListVC.swift in Sources */,
				2718BF7B297183B700DC0A8A /* PostVC.swift in Sources */,
				279BAAB1296825490028B2EC /* RegisterVC.swift in Sources */,
				18DA32D3296BFCC10066FF9C /* SetupPinKodVC.swift in Sources */,
				2718BF82297183D100DC0A8A /* PostInsideTVC.swift in Sources */,
				27DE0ADC297057BC00900AAD /* TeamCVC.swift in Sources */,
				1858EFDE2976926D005A3492 /* SkretchableHeaderView.swift in Sources */,
				18DA32EB296C1F060066FF9C /* Alert.swift in Sources */,
				27B7E35B2966FEF500C3A69E /* OnboardingCVC.swift in Sources */,
				2718BFD8297186C700DC0A8A /* NetworkFlowDelegate.swift in Sources */,
				27347F1F2970525B00D871EC /* TeamVC.swift in Sources */,
				188F45D32972B1730029FCEC /* Loader.swift in Sources */,
				27D9E0AD29757FC0002F57A2 /* TaxiRequest.swift in Sources */,
				27D9E0AF29758030002F57A2 /* TaxiService.swift in Sources */,
				277388CF2977DD4500054CC4 /* TeamRequest.swift in Sources */,
				2718BFDA297186C700DC0A8A /* BaseService.swift in Sources */,
				27347F16297038E400D871EC /* TaxiOldUserModalVC.swift in Sources */,
				2718BFD9297186C700DC0A8A /* BaseURLRequestConvertible.swift in Sources */,
				27A267132971571B00294BE7 /* DeleteTeamVC.swift in Sources */,
				2718BF8B297185C900DC0A8A /* Cache.swift in Sources */,
				1858EFF02976C207005A3492 /* PostRouter.swift in Sources */,
				18DA32CD296BFCC00066FF9C /* PaymentHistoryVC.swift in Sources */,
				277388E82978109100054CC4 /* OTPTextField.swift in Sources */,
				2718BF86297183D100DC0A8A /* ChatTVC.swift in Sources */,
				277388EB29782A3E00054CC4 /* ResetPasswordVC.swift in Sources */,
				2718BF76297183B700DC0A8A /* FinishOrderVC.swift in Sources */,
				1858EFD029758B34005A3492 /* SortVC.swift in Sources */,
				18DA32D4296BFCC10066FF9C /* MyKabinetVC.swift in Sources */,
				27347F12297028A000D871EC /* TaxiNewsModalVC.swift in Sources */,
				188F45E22972C8770029FCEC /* ListBranchVC.swift in Sources */,
				18DA32C8296BFCC00066FF9C /* PayAccountVC.swift in Sources */,
				277388D32977DEA400054CC4 /* TeamRouter.swift in Sources */,
				2769292C297568FA009BF0A5 /* AboutNewVC.swift in Sources */,
				188F45DC2972B96D0029FCEC /* BranchListTVC.swift in Sources */,
				188F45DF2972BCB50029FCEC /* Ex+Int.swift in Sources */,
				2718BF71297183B700DC0A8A /* EnterTimerVC.swift in Sources */,
				1858EFCC29758059005A3492 /* ReportTVC.swift in Sources */,
				2718BFCE297186C700DC0A8A /* Header.swift in Sources */,
				277388D52977DFA200054CC4 /* TeamService.swift in Sources */,
				2755F9E4297692100021BCB2 /* KuryerVC.swift in Sources */,
				2718BF75297183B700DC0A8A /* ArrivedPostVC.swift in Sources */,
				2718BFD0297186C700DC0A8A /* NetworkLogger.swift in Sources */,
				2718BFC5297186C700DC0A8A /* AnalysisResponseMonitor.swift in Sources */,
				2718BFE0297186C700DC0A8A /* AuthService.swift in Sources */,
				1858EFEA2976BF6C005A3492 /* PostRequest.swift in Sources */,
				18DA32C9296BFCC00066FF9C /* PinkodVC.swift in Sources */,
				2718BF70297183B700DC0A8A /* ChatVC.swift in Sources */,
				27B7E3562966FD1B00C3A69E /* OnboardingVC.swift in Sources */,
				27778551296EC56000FC0141 /* TaxiVC.swift in Sources */,
				18DE66A82965A067003324A5 /* AppDelegate.swift in Sources */,
				27778556296ECBC200FC0141 /* TaxiFilterTVC.swift in Sources */,
				1858EFD429758C9B005A3492 /* SortTVC.swift in Sources */,
				277388D12977DD9D00054CC4 /* TeamResponse.swift in Sources */,
				18DA32E7296C0D430066FF9C /* MainTabBarController.swift in Sources */,
				277388E32978106A00054CC4 /* OtpVC.swift in Sources */,
				18DE66C62966C940003324A5 /* Ex+UIView.swift in Sources */,
				18AF68DA296836DE00B35B64 /* HeaderCVC.swift in Sources */,
				27CD00552971A2A20088449B /* UserResponse.swift in Sources */,
				1858EFE12976AD63005A3492 /* DistributionVC.swift in Sources */,
				188F45EC2972D1550029FCEC /* RegionsVC.swift in Sources */,
				270273D0296C0B6900687A2A /* NotificationViewController.swift in Sources */,
				2718BF85297183D100DC0A8A /* ArrivedItemTVC.swift in Sources */,
				27778563296EEF3C00FC0141 /* TaxiTVC.swift in Sources */,
				18AF68E029684E2D00B35B64 /* PostCVC.swift in Sources */,
				18DA32E3296BFCE10066FF9C /* MyCategoryTVC.swift in Sources */,
				27D9E0A9297577C7002F57A2 /* TaxiResponse.swift in Sources */,
				2769293129756C52009BF0A5 /* AboutAppVC.swift in Sources */,
				2777854C296EBA7100FC0141 /* KuryerModalVC.swift in Sources */,
				2718BFD2297186C700DC0A8A /* AuthRequest.swift in Sources */,
				27197AE629680B5300B53B25 /* KabinetVC.swift in Sources */,
				27A2670F297148D700294BE7 /* AddTeamVC.swift in Sources */,
				27692924297568AF009BF0A5 /* NewsVC.swift in Sources */,
				277388D8297805D500054CC4 /* OtpPhoneNumberVC.swift in Sources */,
			);
			runOnlyForDeploymentPostprocessing = 0;
		};
/* End PBXSourcesBuildPhase section */

/* Begin PBXVariantGroup section */
		18DE66B22965A069003324A5 /* LaunchScreen.storyboard */ = {
			isa = PBXVariantGroup;
			children = (
				18DE66B32965A069003324A5 /* Base */,
			);
			name = LaunchScreen.storyboard;
			sourceTree = "<group>";
		};
/* End PBXVariantGroup section */

/* Begin XCBuildConfiguration section */
		18DE66B62965A069003324A5 /* Debug */ = {
			isa = XCBuildConfiguration;
			buildSettings = {
				ALWAYS_SEARCH_USER_PATHS = NO;
				CLANG_ANALYZER_NONNULL = YES;
				CLANG_ANALYZER_NUMBER_OBJECT_CONVERSION = YES_AGGRESSIVE;
				CLANG_CXX_LANGUAGE_STANDARD = "gnu++17";
				CLANG_CXX_LIBRARY = "libc++";
				CLANG_ENABLE_MODULES = YES;
				CLANG_ENABLE_OBJC_ARC = YES;
				CLANG_ENABLE_OBJC_WEAK = YES;
				CLANG_WARN_BLOCK_CAPTURE_AUTORELEASING = YES;
				CLANG_WARN_BOOL_CONVERSION = YES;
				CLANG_WARN_COMMA = YES;
				CLANG_WARN_CONSTANT_CONVERSION = YES;
				CLANG_WARN_DEPRECATED_OBJC_IMPLEMENTATIONS = YES;
				CLANG_WARN_DIRECT_OBJC_ISA_USAGE = YES_ERROR;
				CLANG_WARN_DOCUMENTATION_COMMENTS = YES;
				CLANG_WARN_EMPTY_BODY = YES;
				CLANG_WARN_ENUM_CONVERSION = YES;
				CLANG_WARN_INFINITE_RECURSION = YES;
				CLANG_WARN_INT_CONVERSION = YES;
				CLANG_WARN_NON_LITERAL_NULL_CONVERSION = YES;
				CLANG_WARN_OBJC_IMPLICIT_RETAIN_SELF = YES;
				CLANG_WARN_OBJC_LITERAL_CONVERSION = YES;
				CLANG_WARN_OBJC_ROOT_CLASS = YES_ERROR;
				CLANG_WARN_QUOTED_INCLUDE_IN_FRAMEWORK_HEADER = YES;
				CLANG_WARN_RANGE_LOOP_ANALYSIS = YES;
				CLANG_WARN_STRICT_PROTOTYPES = YES;
				CLANG_WARN_SUSPICIOUS_MOVE = YES;
				CLANG_WARN_UNGUARDED_AVAILABILITY = YES_AGGRESSIVE;
				CLANG_WARN_UNREACHABLE_CODE = YES;
				CLANG_WARN__DUPLICATE_METHOD_MATCH = YES;
				COPY_PHASE_STRIP = NO;
				DEBUG_INFORMATION_FORMAT = dwarf;
				ENABLE_STRICT_OBJC_MSGSEND = YES;
				ENABLE_TESTABILITY = YES;
				GCC_C_LANGUAGE_STANDARD = gnu11;
				GCC_DYNAMIC_NO_PIC = NO;
				GCC_NO_COMMON_BLOCKS = YES;
				GCC_OPTIMIZATION_LEVEL = 0;
				GCC_PREPROCESSOR_DEFINITIONS = (
					"DEBUG=1",
					"$(inherited)",
				);
				GCC_WARN_64_TO_32_BIT_CONVERSION = YES;
				GCC_WARN_ABOUT_RETURN_TYPE = YES_ERROR;
				GCC_WARN_UNDECLARED_SELECTOR = YES;
				GCC_WARN_UNINITIALIZED_AUTOS = YES_AGGRESSIVE;
				GCC_WARN_UNUSED_FUNCTION = YES;
				GCC_WARN_UNUSED_VARIABLE = YES;
				IPHONEOS_DEPLOYMENT_TARGET = 15.2;
				MTL_ENABLE_DEBUG_INFO = INCLUDE_SOURCE;
				MTL_FAST_MATH = YES;
				ONLY_ACTIVE_ARCH = YES;
				SDKROOT = iphoneos;
				SWIFT_ACTIVE_COMPILATION_CONDITIONS = DEBUG;
				SWIFT_OPTIMIZATION_LEVEL = "-Onone";
			};
			name = Debug;
		};
		18DE66B72965A069003324A5 /* Release */ = {
			isa = XCBuildConfiguration;
			buildSettings = {
				ALWAYS_SEARCH_USER_PATHS = NO;
				CLANG_ANALYZER_NONNULL = YES;
				CLANG_ANALYZER_NUMBER_OBJECT_CONVERSION = YES_AGGRESSIVE;
				CLANG_CXX_LANGUAGE_STANDARD = "gnu++17";
				CLANG_CXX_LIBRARY = "libc++";
				CLANG_ENABLE_MODULES = YES;
				CLANG_ENABLE_OBJC_ARC = YES;
				CLANG_ENABLE_OBJC_WEAK = YES;
				CLANG_WARN_BLOCK_CAPTURE_AUTORELEASING = YES;
				CLANG_WARN_BOOL_CONVERSION = YES;
				CLANG_WARN_COMMA = YES;
				CLANG_WARN_CONSTANT_CONVERSION = YES;
				CLANG_WARN_DEPRECATED_OBJC_IMPLEMENTATIONS = YES;
				CLANG_WARN_DIRECT_OBJC_ISA_USAGE = YES_ERROR;
				CLANG_WARN_DOCUMENTATION_COMMENTS = YES;
				CLANG_WARN_EMPTY_BODY = YES;
				CLANG_WARN_ENUM_CONVERSION = YES;
				CLANG_WARN_INFINITE_RECURSION = YES;
				CLANG_WARN_INT_CONVERSION = YES;
				CLANG_WARN_NON_LITERAL_NULL_CONVERSION = YES;
				CLANG_WARN_OBJC_IMPLICIT_RETAIN_SELF = YES;
				CLANG_WARN_OBJC_LITERAL_CONVERSION = YES;
				CLANG_WARN_OBJC_ROOT_CLASS = YES_ERROR;
				CLANG_WARN_QUOTED_INCLUDE_IN_FRAMEWORK_HEADER = YES;
				CLANG_WARN_RANGE_LOOP_ANALYSIS = YES;
				CLANG_WARN_STRICT_PROTOTYPES = YES;
				CLANG_WARN_SUSPICIOUS_MOVE = YES;
				CLANG_WARN_UNGUARDED_AVAILABILITY = YES_AGGRESSIVE;
				CLANG_WARN_UNREACHABLE_CODE = YES;
				CLANG_WARN__DUPLICATE_METHOD_MATCH = YES;
				COPY_PHASE_STRIP = NO;
				DEBUG_INFORMATION_FORMAT = "dwarf-with-dsym";
				ENABLE_NS_ASSERTIONS = NO;
				ENABLE_STRICT_OBJC_MSGSEND = YES;
				GCC_C_LANGUAGE_STANDARD = gnu11;
				GCC_NO_COMMON_BLOCKS = YES;
				GCC_WARN_64_TO_32_BIT_CONVERSION = YES;
				GCC_WARN_ABOUT_RETURN_TYPE = YES_ERROR;
				GCC_WARN_UNDECLARED_SELECTOR = YES;
				GCC_WARN_UNINITIALIZED_AUTOS = YES_AGGRESSIVE;
				GCC_WARN_UNUSED_FUNCTION = YES;
				GCC_WARN_UNUSED_VARIABLE = YES;
				IPHONEOS_DEPLOYMENT_TARGET = 15.2;
				MTL_ENABLE_DEBUG_INFO = NO;
				MTL_FAST_MATH = YES;
				SDKROOT = iphoneos;
				SWIFT_COMPILATION_MODE = wholemodule;
				SWIFT_OPTIMIZATION_LEVEL = "-O";
				VALIDATE_PRODUCT = YES;
			};
			name = Release;
		};
		18DE66B92965A069003324A5 /* Debug */ = {
			isa = XCBuildConfiguration;
			baseConfigurationReference = AFA739C01BEB9A5F6B80A6C5 /* Pods-Express Courier.debug.xcconfig */;
			buildSettings = {
				ASSETCATALOG_COMPILER_APPICON_NAME = AppIcon;
				ASSETCATALOG_COMPILER_GLOBAL_ACCENT_COLOR_NAME = AccentColor;
				CODE_SIGN_STYLE = Automatic;
				CURRENT_PROJECT_VERSION = 1;
				DEVELOPMENT_TEAM = P4Q44BG5PV;
				GENERATE_INFOPLIST_FILE = YES;
				INFOPLIST_FILE = "Express Courier/Info.plist";
				INFOPLIST_KEY_NSCameraUsageDescription = "We needed camer or photo library image";
				INFOPLIST_KEY_UIApplicationSupportsIndirectInputEvents = YES;
				INFOPLIST_KEY_UILaunchStoryboardName = LaunchScreen;
				INFOPLIST_KEY_UISupportedInterfaceOrientations_iPad = "UIInterfaceOrientationPortrait UIInterfaceOrientationPortraitUpsideDown UIInterfaceOrientationLandscapeLeft UIInterfaceOrientationLandscapeRight";
				INFOPLIST_KEY_UISupportedInterfaceOrientations_iPhone = "UIInterfaceOrientationPortrait UIInterfaceOrientationLandscapeLeft UIInterfaceOrientationLandscapeRight";
				IPHONEOS_DEPLOYMENT_TARGET = 13.0;
				LD_RUNPATH_SEARCH_PATHS = (
					"$(inherited)",
					"@executable_path/Frameworks",
				);
				MARKETING_VERSION = 1.0.0;
				PRODUCT_BUNDLE_IDENTIFIER = "Nurillo.Express-Courier";
				PRODUCT_NAME = "$(TARGET_NAME)";
				SWIFT_EMIT_LOC_STRINGS = YES;
				SWIFT_VERSION = 5.0;
				TARGETED_DEVICE_FAMILY = 1;
			};
			name = Debug;
		};
		18DE66BA2965A069003324A5 /* Release */ = {
			isa = XCBuildConfiguration;
			baseConfigurationReference = AECA3B6FA7DD6CDF1FF69094 /* Pods-Express Courier.release.xcconfig */;
			buildSettings = {
				ASSETCATALOG_COMPILER_APPICON_NAME = AppIcon;
				ASSETCATALOG_COMPILER_GLOBAL_ACCENT_COLOR_NAME = AccentColor;
				CODE_SIGN_STYLE = Automatic;
				CURRENT_PROJECT_VERSION = 1;
				DEVELOPMENT_TEAM = P4Q44BG5PV;
				GENERATE_INFOPLIST_FILE = YES;
				INFOPLIST_FILE = "Express Courier/Info.plist";
				INFOPLIST_KEY_NSCameraUsageDescription = "We needed camer or photo library image";
				INFOPLIST_KEY_UIApplicationSupportsIndirectInputEvents = YES;
				INFOPLIST_KEY_UILaunchStoryboardName = LaunchScreen;
				INFOPLIST_KEY_UISupportedInterfaceOrientations_iPad = "UIInterfaceOrientationPortrait UIInterfaceOrientationPortraitUpsideDown UIInterfaceOrientationLandscapeLeft UIInterfaceOrientationLandscapeRight";
				INFOPLIST_KEY_UISupportedInterfaceOrientations_iPhone = "UIInterfaceOrientationPortrait UIInterfaceOrientationLandscapeLeft UIInterfaceOrientationLandscapeRight";
				IPHONEOS_DEPLOYMENT_TARGET = 13.0;
				LD_RUNPATH_SEARCH_PATHS = (
					"$(inherited)",
					"@executable_path/Frameworks",
				);
				MARKETING_VERSION = 1.0.0;
				PRODUCT_BUNDLE_IDENTIFIER = "Nurillo.Express-Courier";
				PRODUCT_NAME = "$(TARGET_NAME)";
				SWIFT_EMIT_LOC_STRINGS = YES;
				SWIFT_VERSION = 5.0;
				TARGETED_DEVICE_FAMILY = 1;
			};
			name = Release;
		};
/* End XCBuildConfiguration section */

/* Begin XCConfigurationList section */
		18DE669F2965A067003324A5 /* Build configuration list for PBXProject "Express Courier" */ = {
			isa = XCConfigurationList;
			buildConfigurations = (
				18DE66B62965A069003324A5 /* Debug */,
				18DE66B72965A069003324A5 /* Release */,
			);
			defaultConfigurationIsVisible = 0;
			defaultConfigurationName = Release;
		};
		18DE66B82965A069003324A5 /* Build configuration list for PBXNativeTarget "Express Courier" */ = {
			isa = XCConfigurationList;
			buildConfigurations = (
				18DE66B92965A069003324A5 /* Debug */,
				18DE66BA2965A069003324A5 /* Release */,
			);
			defaultConfigurationIsVisible = 0;
			defaultConfigurationName = Release;
		};
/* End XCConfigurationList section */
	};
	rootObject = 18DE669C2965A067003324A5 /* Project object */;
}
